// !$*UTF8*$!
{
	archiveVersion = 1;
	classes = {
	};
	objectVersion = 56;
	objects = {

/* Begin PBXBuildFile section */
		6169AE562A6F9E7F00F84AE5 /* HomeViewModel.swift in Sources */ = {isa = PBXBuildFile; fileRef = 6169AE552A6F9E7F00F84AE5 /* HomeViewModel.swift */; };
		6177F6B12A91CBBB007CB220 /* Networking.docc in Sources */ = {isa = PBXBuildFile; fileRef = 6177F6B02A91CBBB007CB220 /* Networking.docc */; };
		6177F6BF2A91CBBB007CB220 /* Networking.h in Headers */ = {isa = PBXBuildFile; fileRef = 6177F6AF2A91CBBB007CB220 /* Networking.h */; settings = {ATTRIBUTES = (Public, ); }; };
		6177F6D12A91CBFB007CB220 /* CombineMoya in Frameworks */ = {isa = PBXBuildFile; productRef = 6177F6D02A91CBFB007CB220 /* CombineMoya */; };
		6177F6D32A91CBFB007CB220 /* Moya in Frameworks */ = {isa = PBXBuildFile; productRef = 6177F6D22A91CBFB007CB220 /* Moya */; };
		6177F6D42A91CCAF007CB220 /* NetworkConstants.swift in Sources */ = {isa = PBXBuildFile; fileRef = 6169AC282A6E435E00F84AE5 /* NetworkConstants.swift */; };
		6177F6D52A91CCAF007CB220 /* RemoteDataSourceType.swift in Sources */ = {isa = PBXBuildFile; fileRef = 6169AC2A2A6E437600F84AE5 /* RemoteDataSourceType.swift */; };
		6177F6D62A91CCD1007CB220 /* HealthApiInterface.swift in Sources */ = {isa = PBXBuildFile; fileRef = 6169AC2C2A6E440E00F84AE5 /* HealthApiInterface.swift */; };
		6177F6D72A91CCD9007CB220 /* MoyaApiInterfaceType.swift in Sources */ = {isa = PBXBuildFile; fileRef = 6169AE4D2A6E558F00F84AE5 /* MoyaApiInterfaceType.swift */; };
		6177F6D82A91CD73007CB220 /* ProductApiInterface.swift in Sources */ = {isa = PBXBuildFile; fileRef = 6169AE532A6F8EDE00F84AE5 /* ProductApiInterface.swift */; };
		6177F6D92A91CD7F007CB220 /* MoyaNetworkService.swift in Sources */ = {isa = PBXBuildFile; fileRef = 6169AC2F2A6E45AA00F84AE5 /* MoyaNetworkService.swift */; };
		6177F6DA2A91CD84007CB220 /* MoyaNetworkFacade.swift in Sources */ = {isa = PBXBuildFile; fileRef = 61F5F1D82A77DA2600ACE03B /* MoyaNetworkFacade.swift */; };
		6177F6DB2A91CDE3007CB220 /* ProductInterface_MoyaNetworkServiceTests.swift in Sources */ = {isa = PBXBuildFile; fileRef = 61F5F1D62A777B7700ACE03B /* ProductInterface_MoyaNetworkServiceTests.swift */; };
		6177F6DC2A91CDE7007CB220 /* HealthApiInterface_MoyaNetworkServiceTests.swift in Sources */ = {isa = PBXBuildFile; fileRef = 61F5EFB52A70CB3300ACE03B /* HealthApiInterface_MoyaNetworkServiceTests.swift */; };
		61A5CAFB2A827CD10035950B /* ProductCoreDataService.swift in Sources */ = {isa = PBXBuildFile; fileRef = 614E94432A80EAC30024A9AE /* ProductCoreDataService.swift */; };
		61A5CAFC2A827CD50035950B /* ProductCoreDataMapper.swift in Sources */ = {isa = PBXBuildFile; fileRef = 61784D922A81FEC700E0B96D /* ProductCoreDataMapper.swift */; };
		61A5CAFD2A827CD80035950B /* CoreDataController.swift in Sources */ = {isa = PBXBuildFile; fileRef = 61C54E3D2A13A2B700EF39C3 /* CoreDataController.swift */; };
		61A5CAFE2A827CE40035950B /* ProductCoreDataServiceTests.swift in Sources */ = {isa = PBXBuildFile; fileRef = 614E94452A80EBB50024A9AE /* ProductCoreDataServiceTests.swift */; };
		61A95C182A77EB18005BB895 /* ProductRepository.swift in Sources */ = {isa = PBXBuildFile; fileRef = 61A95C172A77EB18005BB895 /* ProductRepository.swift */; };
		61A95C1B2A77F00B005BB895 /* ProductModelMapper.swift in Sources */ = {isa = PBXBuildFile; fileRef = 61A95C1A2A77F00B005BB895 /* ProductModelMapper.swift */; };
		61A95C1E2A77F05A005BB895 /* Product.swift in Sources */ = {isa = PBXBuildFile; fileRef = 61A95C1D2A77F05A005BB895 /* Product.swift */; };
		61A95C222A77F94C005BB895 /* ProductRepositoryTests.swift in Sources */ = {isa = PBXBuildFile; fileRef = 61A95C212A77F94C005BB895 /* ProductRepositoryTests.swift */; };
		61B185592A971EE90072F119 /* NotificationManager.swift in Sources */ = {isa = PBXBuildFile; fileRef = 61B185582A971EE90072F119 /* NotificationManager.swift */; };
		61C54E352A13A2B700EF39C3 /* MainApp.swift in Sources */ = {isa = PBXBuildFile; fileRef = 61C54E342A13A2B700EF39C3 /* MainApp.swift */; };
		61C54E372A13A2B700EF39C3 /* HomeView.swift in Sources */ = {isa = PBXBuildFile; fileRef = 61C54E362A13A2B700EF39C3 /* HomeView.swift */; };
		61C54E392A13A2B700EF39C3 /* Assets.xcassets in Resources */ = {isa = PBXBuildFile; fileRef = 61C54E382A13A2B700EF39C3 /* Assets.xcassets */; };
		61C54E3C2A13A2B700EF39C3 /* Preview Assets.xcassets in Resources */ = {isa = PBXBuildFile; fileRef = 61C54E3B2A13A2B700EF39C3 /* Preview Assets.xcassets */; };
		61C931592A78225A00EA7BD8 /* HomeCoordinator.swift in Sources */ = {isa = PBXBuildFile; fileRef = 61C931582A78225A00EA7BD8 /* HomeCoordinator.swift */; };
		61C9315B2A78226300EA7BD8 /* HomeCoordinatorType.swift in Sources */ = {isa = PBXBuildFile; fileRef = 61C9315A2A78226300EA7BD8 /* HomeCoordinatorType.swift */; };
		61C9326B2A7825DD00EA7BD8 /* StartUpCoordinator.swift in Sources */ = {isa = PBXBuildFile; fileRef = 61C9326A2A7825DD00EA7BD8 /* StartUpCoordinator.swift */; };
		61E930EF2A827BE5000D99AC /* Persistence.docc in Sources */ = {isa = PBXBuildFile; fileRef = 61E930EE2A827BE5000D99AC /* Persistence.docc */; };
		61E930FD2A827BE5000D99AC /* Persistence.h in Headers */ = {isa = PBXBuildFile; fileRef = 61E930ED2A827BE5000D99AC /* Persistence.h */; settings = {ATTRIBUTES = (Public, ); }; };
		61E931082A827C55000D99AC /* CoreData.xcdatamodeld in Sources */ = {isa = PBXBuildFile; fileRef = 61C54E3F2A13A2B700EF39C3 /* CoreData.xcdatamodeld */; };
/* End PBXBuildFile section */

/* Begin PBXContainerItemProxy section */
		6177F6B82A91CBBB007CB220 /* PBXContainerItemProxy */ = {
			isa = PBXContainerItemProxy;
			containerPortal = 61C54E292A13A2B700EF39C3 /* Project object */;
			proxyType = 1;
			remoteGlobalIDString = 6177F6AC2A91CBBB007CB220;
			remoteInfo = Networking;
		};
		6177F6BA2A91CBBB007CB220 /* PBXContainerItemProxy */ = {
			isa = PBXContainerItemProxy;
			containerPortal = 61C54E292A13A2B700EF39C3 /* Project object */;
			proxyType = 1;
			remoteGlobalIDString = 61C54E302A13A2B700EF39C3;
			remoteInfo = SCSH_3C_iOS;
		};
		6177F6C02A91CBBB007CB220 /* PBXContainerItemProxy */ = {
			isa = PBXContainerItemProxy;
			containerPortal = 61C54E292A13A2B700EF39C3 /* Project object */;
			proxyType = 1;
			remoteGlobalIDString = 6177F6AC2A91CBBB007CB220;
			remoteInfo = Networking;
		};
		61C54E482A13A2B800EF39C3 /* PBXContainerItemProxy */ = {
			isa = PBXContainerItemProxy;
			containerPortal = 61C54E292A13A2B700EF39C3 /* Project object */;
			proxyType = 1;
			remoteGlobalIDString = 61C54E302A13A2B700EF39C3;
			remoteInfo = SCSH_3C_iOS;
		};
		61E930F62A827BE5000D99AC /* PBXContainerItemProxy */ = {
			isa = PBXContainerItemProxy;
			containerPortal = 61C54E292A13A2B700EF39C3 /* Project object */;
			proxyType = 1;
			remoteGlobalIDString = 61E930EA2A827BE5000D99AC;
			remoteInfo = Persistence;
		};
		61E930F82A827BE5000D99AC /* PBXContainerItemProxy */ = {
			isa = PBXContainerItemProxy;
			containerPortal = 61C54E292A13A2B700EF39C3 /* Project object */;
			proxyType = 1;
			remoteGlobalIDString = 61C54E302A13A2B700EF39C3;
			remoteInfo = SCSH_3C_iOS;
		};
		61E930FE2A827BE5000D99AC /* PBXContainerItemProxy */ = {
			isa = PBXContainerItemProxy;
			containerPortal = 61C54E292A13A2B700EF39C3 /* Project object */;
			proxyType = 1;
			remoteGlobalIDString = 61E930EA2A827BE5000D99AC;
			remoteInfo = Persistence;
		};
/* End PBXContainerItemProxy section */

/* Begin PBXCopyFilesBuildPhase section */
		61784D602A81EE2500E0B96D /* Embed Frameworks */ = {
			isa = PBXCopyFilesBuildPhase;
			buildActionMask = 2147483647;
			dstPath = "";
			dstSubfolderSpec = 10;
			files = (
			);
			name = "Embed Frameworks";
			runOnlyForDeploymentPostprocessing = 0;
		};
/* End PBXCopyFilesBuildPhase section */

/* Begin PBXFileReference section */
		614E94432A80EAC30024A9AE /* ProductCoreDataService.swift */ = {isa = PBXFileReference; lastKnownFileType = sourcecode.swift; path = ProductCoreDataService.swift; sourceTree = "<group>"; };
		614E94452A80EBB50024A9AE /* ProductCoreDataServiceTests.swift */ = {isa = PBXFileReference; lastKnownFileType = sourcecode.swift; path = ProductCoreDataServiceTests.swift; sourceTree = "<group>"; };
		6169AC282A6E435E00F84AE5 /* NetworkConstants.swift */ = {isa = PBXFileReference; lastKnownFileType = sourcecode.swift; path = NetworkConstants.swift; sourceTree = "<group>"; };
		6169AC2A2A6E437600F84AE5 /* RemoteDataSourceType.swift */ = {isa = PBXFileReference; lastKnownFileType = sourcecode.swift; path = RemoteDataSourceType.swift; sourceTree = "<group>"; };
		6169AC2C2A6E440E00F84AE5 /* HealthApiInterface.swift */ = {isa = PBXFileReference; lastKnownFileType = sourcecode.swift; path = HealthApiInterface.swift; sourceTree = "<group>"; };
		6169AC2F2A6E45AA00F84AE5 /* MoyaNetworkService.swift */ = {isa = PBXFileReference; lastKnownFileType = sourcecode.swift; path = MoyaNetworkService.swift; sourceTree = "<group>"; };
		6169AE4D2A6E558F00F84AE5 /* MoyaApiInterfaceType.swift */ = {isa = PBXFileReference; lastKnownFileType = sourcecode.swift; path = MoyaApiInterfaceType.swift; sourceTree = "<group>"; };
		6169AE532A6F8EDE00F84AE5 /* ProductApiInterface.swift */ = {isa = PBXFileReference; lastKnownFileType = sourcecode.swift; path = ProductApiInterface.swift; sourceTree = "<group>"; };
		6169AE552A6F9E7F00F84AE5 /* HomeViewModel.swift */ = {isa = PBXFileReference; lastKnownFileType = sourcecode.swift; path = HomeViewModel.swift; sourceTree = "<group>"; };
		6177F6AF2A91CBBB007CB220 /* Networking.h */ = {isa = PBXFileReference; lastKnownFileType = sourcecode.c.h; path = Networking.h; sourceTree = "<group>"; };
		6177F6B02A91CBBB007CB220 /* Networking.docc */ = {isa = PBXFileReference; lastKnownFileType = folder.documentationcatalog; path = Networking.docc; sourceTree = "<group>"; };
		61784D922A81FEC700E0B96D /* ProductCoreDataMapper.swift */ = {isa = PBXFileReference; lastKnownFileType = sourcecode.swift; path = ProductCoreDataMapper.swift; sourceTree = "<group>"; };
		61A95C172A77EB18005BB895 /* ProductRepository.swift */ = {isa = PBXFileReference; lastKnownFileType = sourcecode.swift; path = ProductRepository.swift; sourceTree = "<group>"; };
		61A95C1A2A77F00B005BB895 /* ProductModelMapper.swift */ = {isa = PBXFileReference; lastKnownFileType = sourcecode.swift; path = ProductModelMapper.swift; sourceTree = "<group>"; };
		61A95C1D2A77F05A005BB895 /* Product.swift */ = {isa = PBXFileReference; lastKnownFileType = sourcecode.swift; path = Product.swift; sourceTree = "<group>"; };
		61A95C212A77F94C005BB895 /* ProductRepositoryTests.swift */ = {isa = PBXFileReference; lastKnownFileType = sourcecode.swift; path = ProductRepositoryTests.swift; sourceTree = "<group>"; };
		61B182282A91D3280072F119 /* SCSH_3C_iOS.app */ = {isa = PBXFileReference; explicitFileType = wrapper.application; includeInIndex = 0; name = SCSH_3C_iOS.app; path = "/Users/vince/Work/iOS/SCSH_3C_iOS/SCSH_3C_iOS/build/Debug-iphoneos/SCSH_3C_iOS.app"; sourceTree = "<absolute>"; };
		61B182292A91D3280072F119 /* Persistence.framework */ = {isa = PBXFileReference; explicitFileType = wrapper.framework; includeInIndex = 0; name = Persistence.framework; path = "/Users/vince/Work/iOS/SCSH_3C_iOS/SCSH_3C_iOS/build/Debug-iphoneos/Persistence.framework"; sourceTree = "<absolute>"; };
		61B1822A2A91D3280072F119 /* Networking.framework */ = {isa = PBXFileReference; explicitFileType = wrapper.framework; includeInIndex = 0; name = Networking.framework; path = "/Users/vince/Work/iOS/SCSH_3C_iOS/SCSH_3C_iOS/build/Debug-iphoneos/Networking.framework"; sourceTree = "<absolute>"; };
		61B1822B2A91D3280072F119 /* SCSH_3C_iOSTests.xctest */ = {isa = PBXFileReference; explicitFileType = wrapper.cfbundle; includeInIndex = 0; name = SCSH_3C_iOSTests.xctest; path = "/Users/vince/Work/iOS/SCSH_3C_iOS/SCSH_3C_iOS/build/Debug-iphoneos/SCSH_3C_iOSTests.xctest"; sourceTree = "<absolute>"; };
		61B1822C2A91D3280072F119 /* PersistenceTests.xctest */ = {isa = PBXFileReference; explicitFileType = wrapper.cfbundle; includeInIndex = 0; name = PersistenceTests.xctest; path = "/Users/vince/Work/iOS/SCSH_3C_iOS/SCSH_3C_iOS/build/Debug-iphoneos/PersistenceTests.xctest"; sourceTree = "<absolute>"; };
		61B1822D2A91D3280072F119 /* NetworkingTests.xctest */ = {isa = PBXFileReference; explicitFileType = wrapper.cfbundle; includeInIndex = 0; name = NetworkingTests.xctest; path = "/Users/vince/Work/iOS/SCSH_3C_iOS/SCSH_3C_iOS/build/Debug-iphoneos/NetworkingTests.xctest"; sourceTree = "<absolute>"; };
		61B185582A971EE90072F119 /* NotificationManager.swift */ = {isa = PBXFileReference; lastKnownFileType = sourcecode.swift; path = NotificationManager.swift; sourceTree = "<group>"; };
		61C54E342A13A2B700EF39C3 /* MainApp.swift */ = {isa = PBXFileReference; lastKnownFileType = sourcecode.swift; path = MainApp.swift; sourceTree = "<group>"; };
		61C54E362A13A2B700EF39C3 /* HomeView.swift */ = {isa = PBXFileReference; lastKnownFileType = sourcecode.swift; path = HomeView.swift; sourceTree = "<group>"; };
		61C54E382A13A2B700EF39C3 /* Assets.xcassets */ = {isa = PBXFileReference; lastKnownFileType = folder.assetcatalog; path = Assets.xcassets; sourceTree = "<group>"; };
		61C54E3B2A13A2B700EF39C3 /* Preview Assets.xcassets */ = {isa = PBXFileReference; lastKnownFileType = folder.assetcatalog; path = "Preview Assets.xcassets"; sourceTree = "<group>"; };
		61C54E3D2A13A2B700EF39C3 /* CoreDataController.swift */ = {isa = PBXFileReference; lastKnownFileType = sourcecode.swift; path = CoreDataController.swift; sourceTree = "<group>"; };
		61C54E402A13A2B700EF39C3 /* SCSH_3C_iOS.xcdatamodel */ = {isa = PBXFileReference; lastKnownFileType = wrapper.xcdatamodel; path = SCSH_3C_iOS.xcdatamodel; sourceTree = "<group>"; };
		61C54E422A13A2B700EF39C3 /* Info.plist */ = {isa = PBXFileReference; lastKnownFileType = text.plist.xml; path = Info.plist; sourceTree = "<group>"; };
		61C931582A78225A00EA7BD8 /* HomeCoordinator.swift */ = {isa = PBXFileReference; lastKnownFileType = sourcecode.swift; path = HomeCoordinator.swift; sourceTree = "<group>"; };
		61C9315A2A78226300EA7BD8 /* HomeCoordinatorType.swift */ = {isa = PBXFileReference; lastKnownFileType = sourcecode.swift; path = HomeCoordinatorType.swift; sourceTree = "<group>"; };
		61C9326A2A7825DD00EA7BD8 /* StartUpCoordinator.swift */ = {isa = PBXFileReference; lastKnownFileType = sourcecode.swift; path = StartUpCoordinator.swift; sourceTree = "<group>"; };
		61E930ED2A827BE5000D99AC /* Persistence.h */ = {isa = PBXFileReference; lastKnownFileType = sourcecode.c.h; path = Persistence.h; sourceTree = "<group>"; };
		61E930EE2A827BE5000D99AC /* Persistence.docc */ = {isa = PBXFileReference; lastKnownFileType = folder.documentationcatalog; path = Persistence.docc; sourceTree = "<group>"; };
		61F5EFB52A70CB3300ACE03B /* HealthApiInterface_MoyaNetworkServiceTests.swift */ = {isa = PBXFileReference; lastKnownFileType = sourcecode.swift; path = HealthApiInterface_MoyaNetworkServiceTests.swift; sourceTree = "<group>"; };
		61F5F1D62A777B7700ACE03B /* ProductInterface_MoyaNetworkServiceTests.swift */ = {isa = PBXFileReference; lastKnownFileType = sourcecode.swift; path = ProductInterface_MoyaNetworkServiceTests.swift; sourceTree = "<group>"; };
		61F5F1D82A77DA2600ACE03B /* MoyaNetworkFacade.swift */ = {isa = PBXFileReference; lastKnownFileType = sourcecode.swift; path = MoyaNetworkFacade.swift; sourceTree = "<group>"; };
/* End PBXFileReference section */

/* Begin PBXFrameworksBuildPhase section */
		6177F6AA2A91CBBB007CB220 /* Frameworks */ = {
			isa = PBXFrameworksBuildPhase;
			buildActionMask = 2147483647;
			files = (
				6177F6D32A91CBFB007CB220 /* Moya in Frameworks */,
				6177F6D12A91CBFB007CB220 /* CombineMoya in Frameworks */,
			);
			runOnlyForDeploymentPostprocessing = 0;
		};
		6177F6B32A91CBBB007CB220 /* Frameworks */ = {
			isa = PBXFrameworksBuildPhase;
			buildActionMask = 2147483647;
			files = (
			);
			runOnlyForDeploymentPostprocessing = 0;
		};
		61C54E2E2A13A2B700EF39C3 /* Frameworks */ = {
			isa = PBXFrameworksBuildPhase;
			buildActionMask = 2147483647;
			files = (
			);
			runOnlyForDeploymentPostprocessing = 0;
		};
		61C54E442A13A2B800EF39C3 /* Frameworks */ = {
			isa = PBXFrameworksBuildPhase;
			buildActionMask = 2147483647;
			files = (
			);
			runOnlyForDeploymentPostprocessing = 0;
		};
		61E930E82A827BE5000D99AC /* Frameworks */ = {
			isa = PBXFrameworksBuildPhase;
			buildActionMask = 2147483647;
			files = (
			);
			runOnlyForDeploymentPostprocessing = 0;
		};
		61E930F12A827BE5000D99AC /* Frameworks */ = {
			isa = PBXFrameworksBuildPhase;
			buildActionMask = 2147483647;
			files = (
			);
			runOnlyForDeploymentPostprocessing = 0;
		};
/* End PBXFrameworksBuildPhase section */

/* Begin PBXGroup section */
		6169AC222A6E3E3A00F84AE5 /* Utility */ = {
			isa = PBXGroup;
			children = (
			);
			path = Utility;
			sourceTree = "<group>";
		};
		6169AC232A6E3E4200F84AE5 /* Modules */ = {
			isa = PBXGroup;
			children = (
				61C931572A7821EE00EA7BD8 /* Home */,
				61C54E342A13A2B700EF39C3 /* MainApp.swift */,
			);
			path = Modules;
			sourceTree = "<group>";
		};
		6169AC242A6E3E4700F84AE5 /* Resources */ = {
			isa = PBXGroup;
			children = (
				61C54E422A13A2B700EF39C3 /* Info.plist */,
				61C54E382A13A2B700EF39C3 /* Assets.xcassets */,
			);
			path = Resources;
			sourceTree = "<group>";
		};
		6169AC252A6E3E5400F84AE5 /* Repository */ = {
			isa = PBXGroup;
			children = (
				61A95C192A77EFF1005BB895 /* Mapper */,
				61A95C1C2A77F04C005BB895 /* Model */,
				61A95C172A77EB18005BB895 /* ProductRepository.swift */,
			);
			path = Repository;
			sourceTree = "<group>";
		};
		6169AC262A6E3E6300F84AE5 /* Coordinator */ = {
			isa = PBXGroup;
			children = (
				61C931582A78225A00EA7BD8 /* HomeCoordinator.swift */,
				61C9326A2A7825DD00EA7BD8 /* StartUpCoordinator.swift */,
			);
			path = Coordinator;
			sourceTree = "<group>";
		};
		6169AC272A6E429400F84AE5 /* Moya */ = {
			isa = PBXGroup;
			children = (
				6169AC2E2A6E444D00F84AE5 /* MoyaApiInterface */,
				6169AC2F2A6E45AA00F84AE5 /* MoyaNetworkService.swift */,
				61F5F1D82A77DA2600ACE03B /* MoyaNetworkFacade.swift */,
			);
			path = Moya;
			sourceTree = "<group>";
		};
		6169AC2E2A6E444D00F84AE5 /* MoyaApiInterface */ = {
			isa = PBXGroup;
			children = (
				6169AE4F2A6E55C800F84AE5 /* Health */,
				6169AE4D2A6E558F00F84AE5 /* MoyaApiInterfaceType.swift */,
				6169AE522A6F8ECD00F84AE5 /* Product */,
			);
			path = MoyaApiInterface;
			sourceTree = "<group>";
		};
		6169AE4F2A6E55C800F84AE5 /* Health */ = {
			isa = PBXGroup;
			children = (
				6169AC2C2A6E440E00F84AE5 /* HealthApiInterface.swift */,
			);
			path = Health;
			sourceTree = "<group>";
		};
		6169AE522A6F8ECD00F84AE5 /* Product */ = {
			isa = PBXGroup;
			children = (
				6169AE532A6F8EDE00F84AE5 /* ProductApiInterface.swift */,
			);
			path = Product;
			sourceTree = "<group>";
		};
		6177F6AE2A91CBBB007CB220 /* Networking */ = {
			isa = PBXGroup;
			children = (
				6169AC282A6E435E00F84AE5 /* NetworkConstants.swift */,
				6169AC2A2A6E437600F84AE5 /* RemoteDataSourceType.swift */,
				6169AC272A6E429400F84AE5 /* Moya */,
				6177F6AF2A91CBBB007CB220 /* Networking.h */,
				6177F6B02A91CBBB007CB220 /* Networking.docc */,
			);
			path = Networking;
			sourceTree = "<group>";
		};
		6177F6BC2A91CBBB007CB220 /* NetworkingTests */ = {
			isa = PBXGroup;
			children = (
				61F5F0C52A77554100ACE03B /* Moya */,
			);
			path = NetworkingTests;
			sourceTree = "<group>";
		};
		61784D3F2A81EBCB00E0B96D /* Product */ = {
			isa = PBXGroup;
			children = (
				614E94432A80EAC30024A9AE /* ProductCoreDataService.swift */,
				61784D922A81FEC700E0B96D /* ProductCoreDataMapper.swift */,
			);
			path = Product;
			sourceTree = "<group>";
		};
		61784D8F2A81F86E00E0B96D /* CoreData */ = {
			isa = PBXGroup;
			children = (
				61784D3F2A81EBCB00E0B96D /* Product */,
				61C54E3D2A13A2B700EF39C3 /* CoreDataController.swift */,
				61C54E3F2A13A2B700EF39C3 /* CoreData.xcdatamodeld */,
			);
			path = CoreData;
			sourceTree = "<group>";
		};
		61784D902A81F87A00E0B96D /* CoreData */ = {
			isa = PBXGroup;
			children = (
				61784D912A81F90900E0B96D /* Product */,
			);
			path = CoreData;
			sourceTree = "<group>";
		};
		61784D912A81F90900E0B96D /* Product */ = {
			isa = PBXGroup;
			children = (
				614E94452A80EBB50024A9AE /* ProductCoreDataServiceTests.swift */,
			);
			path = Product;
			sourceTree = "<group>";
		};
		61A95C192A77EFF1005BB895 /* Mapper */ = {
			isa = PBXGroup;
			children = (
				61A95C1A2A77F00B005BB895 /* ProductModelMapper.swift */,
			);
			path = Mapper;
			sourceTree = "<group>";
		};
		61A95C1C2A77F04C005BB895 /* Model */ = {
			isa = PBXGroup;
			children = (
				61A95C1D2A77F05A005BB895 /* Product.swift */,
			);
			path = Model;
			sourceTree = "<group>";
		};
		61A95C1F2A77F904005BB895 /* Repository */ = {
			isa = PBXGroup;
			children = (
				61A95C212A77F94C005BB895 /* ProductRepositoryTests.swift */,
			);
			path = Repository;
			sourceTree = "<group>";
		};
		61B1855A2A98B5520072F119 /* Ecosystem */ = {
			isa = PBXGroup;
			children = (
				61B1855B2A98B5700072F119 /* Notification */,
			);
			path = Ecosystem;
			sourceTree = "<group>";
		};
		61B1855B2A98B5700072F119 /* Notification */ = {
			isa = PBXGroup;
			children = (
				61B185582A971EE90072F119 /* NotificationManager.swift */,
			);
			path = Notification;
			sourceTree = "<group>";
		};
		61C54E282A13A2B700EF39C3 = {
			isa = PBXGroup;
			children = (
				61C54E332A13A2B700EF39C3 /* SCSH_3C_iOS */,
				61C54E4A2A13A2B800EF39C3 /* SCSH_3C_iOSTests */,
				61E930EC2A827BE5000D99AC /* Persistence */,
				61E930FA2A827BE5000D99AC /* PersistenceTests */,
				6177F6AE2A91CBBB007CB220 /* Networking */,
				6177F6BC2A91CBBB007CB220 /* NetworkingTests */,
			);
			sourceTree = "<group>";
		};
		61C54E332A13A2B700EF39C3 /* SCSH_3C_iOS */ = {
			isa = PBXGroup;
			children = (
				6169AC262A6E3E6300F84AE5 /* Coordinator */,
				61B1855A2A98B5520072F119 /* Ecosystem */,
				6169AC232A6E3E4200F84AE5 /* Modules */,
				61C54E3A2A13A2B700EF39C3 /* Preview Content */,
				6169AC252A6E3E5400F84AE5 /* Repository */,
				6169AC242A6E3E4700F84AE5 /* Resources */,
				6169AC222A6E3E3A00F84AE5 /* Utility */,
			);
			path = SCSH_3C_iOS;
			sourceTree = "<group>";
		};
		61C54E3A2A13A2B700EF39C3 /* Preview Content */ = {
			isa = PBXGroup;
			children = (
				61C54E3B2A13A2B700EF39C3 /* Preview Assets.xcassets */,
			);
			path = "Preview Content";
			sourceTree = "<group>";
		};
		61C54E4A2A13A2B800EF39C3 /* SCSH_3C_iOSTests */ = {
			isa = PBXGroup;
			children = (
				61A95C1F2A77F904005BB895 /* Repository */,
			);
			path = SCSH_3C_iOSTests;
			sourceTree = "<group>";
		};
		61C931572A7821EE00EA7BD8 /* Home */ = {
			isa = PBXGroup;
			children = (
				61C54E362A13A2B700EF39C3 /* HomeView.swift */,
				6169AE552A6F9E7F00F84AE5 /* HomeViewModel.swift */,
				61C9315A2A78226300EA7BD8 /* HomeCoordinatorType.swift */,
			);
			path = Home;
			sourceTree = "<group>";
		};
		61E930EC2A827BE5000D99AC /* Persistence */ = {
			isa = PBXGroup;
			children = (
				61784D8F2A81F86E00E0B96D /* CoreData */,
				61E930ED2A827BE5000D99AC /* Persistence.h */,
				61E930EE2A827BE5000D99AC /* Persistence.docc */,
			);
			path = Persistence;
			sourceTree = "<group>";
		};
		61E930FA2A827BE5000D99AC /* PersistenceTests */ = {
			isa = PBXGroup;
			children = (
				61784D902A81F87A00E0B96D /* CoreData */,
			);
			path = PersistenceTests;
			sourceTree = "<group>";
		};
		61F5F0C52A77554100ACE03B /* Moya */ = {
			isa = PBXGroup;
			children = (
				61F5F0C62A77720E00ACE03B /* Health */,
				61F5F1D52A777B5E00ACE03B /* Product */,
			);
			path = Moya;
			sourceTree = "<group>";
		};
		61F5F0C62A77720E00ACE03B /* Health */ = {
			isa = PBXGroup;
			children = (
				61F5EFB52A70CB3300ACE03B /* HealthApiInterface_MoyaNetworkServiceTests.swift */,
			);
			path = Health;
			sourceTree = "<group>";
		};
		61F5F1D52A777B5E00ACE03B /* Product */ = {
			isa = PBXGroup;
			children = (
				61F5F1D62A777B7700ACE03B /* ProductInterface_MoyaNetworkServiceTests.swift */,
			);
			path = Product;
			sourceTree = "<group>";
		};
/* End PBXGroup section */

/* Begin PBXHeadersBuildPhase section */
		6177F6A82A91CBBB007CB220 /* Headers */ = {
			isa = PBXHeadersBuildPhase;
			buildActionMask = 2147483647;
			files = (
				6177F6BF2A91CBBB007CB220 /* Networking.h in Headers */,
			);
			runOnlyForDeploymentPostprocessing = 0;
		};
		61E930E62A827BE5000D99AC /* Headers */ = {
			isa = PBXHeadersBuildPhase;
			buildActionMask = 2147483647;
			files = (
				61E930FD2A827BE5000D99AC /* Persistence.h in Headers */,
			);
			runOnlyForDeploymentPostprocessing = 0;
		};
/* End PBXHeadersBuildPhase section */

/* Begin PBXNativeTarget section */
		6177F6AC2A91CBBB007CB220 /* Networking */ = {
			isa = PBXNativeTarget;
			buildConfigurationList = 6177F6C42A91CBBB007CB220 /* Build configuration list for PBXNativeTarget "Networking" */;
			buildPhases = (
				6177F6A82A91CBBB007CB220 /* Headers */,
				6177F6A92A91CBBB007CB220 /* Sources */,
				6177F6AA2A91CBBB007CB220 /* Frameworks */,
				6177F6AB2A91CBBB007CB220 /* Resources */,
			);
			buildRules = (
			);
			dependencies = (
			);
			name = Networking;
			packageProductDependencies = (
				6177F6D02A91CBFB007CB220 /* CombineMoya */,
				6177F6D22A91CBFB007CB220 /* Moya */,
			);
			productName = Networking;
			productReference = 61B1822A2A91D3280072F119 /* Networking.framework */;
			productType = "com.apple.product-type.framework";
		};
		6177F6B52A91CBBB007CB220 /* NetworkingTests */ = {
			isa = PBXNativeTarget;
			buildConfigurationList = 6177F6C72A91CBBB007CB220 /* Build configuration list for PBXNativeTarget "NetworkingTests" */;
			buildPhases = (
				6177F6B22A91CBBB007CB220 /* Sources */,
				6177F6B32A91CBBB007CB220 /* Frameworks */,
				6177F6B42A91CBBB007CB220 /* Resources */,
			);
			buildRules = (
			);
			dependencies = (
				6177F6B92A91CBBB007CB220 /* PBXTargetDependency */,
				6177F6BB2A91CBBB007CB220 /* PBXTargetDependency */,
			);
			name = NetworkingTests;
			productName = NetworkingTests;
			productReference = 61B1822D2A91D3280072F119 /* NetworkingTests.xctest */;
			productType = "com.apple.product-type.bundle.unit-test";
		};
		61C54E302A13A2B700EF39C3 /* SCSH_3C_iOS */ = {
			isa = PBXNativeTarget;
			buildConfigurationList = 61C54E5B2A13A2B800EF39C3 /* Build configuration list for PBXNativeTarget "SCSH_3C_iOS" */;
			buildPhases = (
				61C54E2D2A13A2B700EF39C3 /* Sources */,
				61C54E2E2A13A2B700EF39C3 /* Frameworks */,
				61C54E2F2A13A2B700EF39C3 /* Resources */,
				61784D602A81EE2500E0B96D /* Embed Frameworks */,
			);
			buildRules = (
			);
			dependencies = (
				61E930FF2A827BE5000D99AC /* PBXTargetDependency */,
				6177F6C12A91CBBB007CB220 /* PBXTargetDependency */,
			);
			name = SCSH_3C_iOS;
			packageProductDependencies = (
			);
			productName = SCSH_3C_iOS;
			productReference = 61B182282A91D3280072F119 /* SCSH_3C_iOS.app */;
			productType = "com.apple.product-type.application";
		};
		61C54E462A13A2B800EF39C3 /* SCSH_3C_iOSTests */ = {
			isa = PBXNativeTarget;
			buildConfigurationList = 61C54E5E2A13A2B800EF39C3 /* Build configuration list for PBXNativeTarget "SCSH_3C_iOSTests" */;
			buildPhases = (
				61C54E432A13A2B800EF39C3 /* Sources */,
				61C54E442A13A2B800EF39C3 /* Frameworks */,
				61C54E452A13A2B800EF39C3 /* Resources */,
			);
			buildRules = (
			);
			dependencies = (
				61C54E492A13A2B800EF39C3 /* PBXTargetDependency */,
			);
			name = SCSH_3C_iOSTests;
			productName = SCSH_3C_iOSTests;
			productReference = 61B1822B2A91D3280072F119 /* SCSH_3C_iOSTests.xctest */;
			productType = "com.apple.product-type.bundle.unit-test";
		};
		61E930EA2A827BE5000D99AC /* Persistence */ = {
			isa = PBXNativeTarget;
			buildConfigurationList = 61E931062A827BE5000D99AC /* Build configuration list for PBXNativeTarget "Persistence" */;
			buildPhases = (
				61E930E62A827BE5000D99AC /* Headers */,
				61E930E72A827BE5000D99AC /* Sources */,
				61E930E82A827BE5000D99AC /* Frameworks */,
				61E930E92A827BE5000D99AC /* Resources */,
			);
			buildRules = (
			);
			dependencies = (
			);
			name = Persistence;
			productName = Persistence;
			productReference = 61B182292A91D3280072F119 /* Persistence.framework */;
			productType = "com.apple.product-type.framework";
		};
		61E930F32A827BE5000D99AC /* PersistenceTests */ = {
			isa = PBXNativeTarget;
			buildConfigurationList = 61E931072A827BE5000D99AC /* Build configuration list for PBXNativeTarget "PersistenceTests" */;
			buildPhases = (
				61E930F02A827BE5000D99AC /* Sources */,
				61E930F12A827BE5000D99AC /* Frameworks */,
				61E930F22A827BE5000D99AC /* Resources */,
			);
			buildRules = (
			);
			dependencies = (
				61E930F72A827BE5000D99AC /* PBXTargetDependency */,
				61E930F92A827BE5000D99AC /* PBXTargetDependency */,
			);
			name = PersistenceTests;
			productName = PersistenceTests;
			productReference = 61B1822C2A91D3280072F119 /* PersistenceTests.xctest */;
			productType = "com.apple.product-type.bundle.unit-test";
		};
/* End PBXNativeTarget section */

/* Begin PBXProject section */
		61C54E292A13A2B700EF39C3 /* Project object */ = {
			isa = PBXProject;
			attributes = {
				BuildIndependentTargetsInParallel = 1;
				LastSwiftUpdateCheck = 1420;
				LastUpgradeCheck = 1420;
				TargetAttributes = {
					6177F6AC2A91CBBB007CB220 = {
						CreatedOnToolsVersion = 14.2;
					};
					6177F6B52A91CBBB007CB220 = {
						CreatedOnToolsVersion = 14.2;
						TestTargetID = 61C54E302A13A2B700EF39C3;
					};
					61C54E302A13A2B700EF39C3 = {
						CreatedOnToolsVersion = 14.2;
					};
					61C54E462A13A2B800EF39C3 = {
						CreatedOnToolsVersion = 14.2;
						LastSwiftMigration = 1420;
						TestTargetID = 61C54E302A13A2B700EF39C3;
					};
					61E930EA2A827BE5000D99AC = {
						CreatedOnToolsVersion = 14.2;
					};
					61E930F32A827BE5000D99AC = {
						CreatedOnToolsVersion = 14.2;
						TestTargetID = 61C54E302A13A2B700EF39C3;
					};
				};
			};
			buildConfigurationList = 61C54E2C2A13A2B700EF39C3 /* Build configuration list for PBXProject "SCSH_3C_iOS" */;
			compatibilityVersion = "Xcode 14.0";
			developmentRegion = en;
			hasScannedForEncodings = 0;
			knownRegions = (
				en,
				Base,
			);
			mainGroup = 61C54E282A13A2B700EF39C3;
			packageReferences = (
				61A0D9182A1BA4BA00C18629 /* XCRemoteSwiftPackageReference "Moya" */,
			);
			productRefGroup = 61C54E282A13A2B700EF39C3;
			projectDirPath = "";
			projectRoot = "";
			targets = (
				61C54E302A13A2B700EF39C3 /* SCSH_3C_iOS */,
				61C54E462A13A2B800EF39C3 /* SCSH_3C_iOSTests */,
				61E930EA2A827BE5000D99AC /* Persistence */,
				61E930F32A827BE5000D99AC /* PersistenceTests */,
				6177F6AC2A91CBBB007CB220 /* Networking */,
				6177F6B52A91CBBB007CB220 /* NetworkingTests */,
			);
		};
/* End PBXProject section */

/* Begin PBXResourcesBuildPhase section */
		6177F6AB2A91CBBB007CB220 /* Resources */ = {
			isa = PBXResourcesBuildPhase;
			buildActionMask = 2147483647;
			files = (
			);
			runOnlyForDeploymentPostprocessing = 0;
		};
		6177F6B42A91CBBB007CB220 /* Resources */ = {
			isa = PBXResourcesBuildPhase;
			buildActionMask = 2147483647;
			files = (
			);
			runOnlyForDeploymentPostprocessing = 0;
		};
		61C54E2F2A13A2B700EF39C3 /* Resources */ = {
			isa = PBXResourcesBuildPhase;
			buildActionMask = 2147483647;
			files = (
				61C54E3C2A13A2B700EF39C3 /* Preview Assets.xcassets in Resources */,
				61C54E392A13A2B700EF39C3 /* Assets.xcassets in Resources */,
			);
			runOnlyForDeploymentPostprocessing = 0;
		};
		61C54E452A13A2B800EF39C3 /* Resources */ = {
			isa = PBXResourcesBuildPhase;
			buildActionMask = 2147483647;
			files = (
			);
			runOnlyForDeploymentPostprocessing = 0;
		};
		61E930E92A827BE5000D99AC /* Resources */ = {
			isa = PBXResourcesBuildPhase;
			buildActionMask = 2147483647;
			files = (
			);
			runOnlyForDeploymentPostprocessing = 0;
		};
		61E930F22A827BE5000D99AC /* Resources */ = {
			isa = PBXResourcesBuildPhase;
			buildActionMask = 2147483647;
			files = (
			);
			runOnlyForDeploymentPostprocessing = 0;
		};
/* End PBXResourcesBuildPhase section */

/* Begin PBXSourcesBuildPhase section */
		6177F6A92A91CBBB007CB220 /* Sources */ = {
			isa = PBXSourcesBuildPhase;
			buildActionMask = 2147483647;
			files = (
				6177F6D72A91CCD9007CB220 /* MoyaApiInterfaceType.swift in Sources */,
				6177F6D62A91CCD1007CB220 /* HealthApiInterface.swift in Sources */,
				6177F6D92A91CD7F007CB220 /* MoyaNetworkService.swift in Sources */,
				6177F6D52A91CCAF007CB220 /* RemoteDataSourceType.swift in Sources */,
				6177F6D42A91CCAF007CB220 /* NetworkConstants.swift in Sources */,
				6177F6D82A91CD73007CB220 /* ProductApiInterface.swift in Sources */,
				6177F6DA2A91CD84007CB220 /* MoyaNetworkFacade.swift in Sources */,
				6177F6B12A91CBBB007CB220 /* Networking.docc in Sources */,
			);
			runOnlyForDeploymentPostprocessing = 0;
		};
		6177F6B22A91CBBB007CB220 /* Sources */ = {
			isa = PBXSourcesBuildPhase;
			buildActionMask = 2147483647;
			files = (
				6177F6DB2A91CDE3007CB220 /* ProductInterface_MoyaNetworkServiceTests.swift in Sources */,
				6177F6DC2A91CDE7007CB220 /* HealthApiInterface_MoyaNetworkServiceTests.swift in Sources */,
			);
			runOnlyForDeploymentPostprocessing = 0;
		};
		61C54E2D2A13A2B700EF39C3 /* Sources */ = {
			isa = PBXSourcesBuildPhase;
			buildActionMask = 2147483647;
			files = (
				61C9326B2A7825DD00EA7BD8 /* StartUpCoordinator.swift in Sources */,
				61A95C1E2A77F05A005BB895 /* Product.swift in Sources */,
				6169AE562A6F9E7F00F84AE5 /* HomeViewModel.swift in Sources */,
				61A95C1B2A77F00B005BB895 /* ProductModelMapper.swift in Sources */,
				61A95C182A77EB18005BB895 /* ProductRepository.swift in Sources */,
				61C931592A78225A00EA7BD8 /* HomeCoordinator.swift in Sources */,
				61C54E372A13A2B700EF39C3 /* HomeView.swift in Sources */,
				61C9315B2A78226300EA7BD8 /* HomeCoordinatorType.swift in Sources */,
				61B185592A971EE90072F119 /* NotificationManager.swift in Sources */,
				61C54E352A13A2B700EF39C3 /* MainApp.swift in Sources */,
			);
			runOnlyForDeploymentPostprocessing = 0;
		};
		61C54E432A13A2B800EF39C3 /* Sources */ = {
			isa = PBXSourcesBuildPhase;
			buildActionMask = 2147483647;
			files = (
				61A95C222A77F94C005BB895 /* ProductRepositoryTests.swift in Sources */,
			);
			runOnlyForDeploymentPostprocessing = 0;
		};
		61E930E72A827BE5000D99AC /* Sources */ = {
			isa = PBXSourcesBuildPhase;
			buildActionMask = 2147483647;
			files = (
				61A5CAFB2A827CD10035950B /* ProductCoreDataService.swift in Sources */,
				61E931082A827C55000D99AC /* CoreData.xcdatamodeld in Sources */,
				61A5CAFD2A827CD80035950B /* CoreDataController.swift in Sources */,
				61E930EF2A827BE5000D99AC /* Persistence.docc in Sources */,
				61A5CAFC2A827CD50035950B /* ProductCoreDataMapper.swift in Sources */,
			);
			runOnlyForDeploymentPostprocessing = 0;
		};
		61E930F02A827BE5000D99AC /* Sources */ = {
			isa = PBXSourcesBuildPhase;
			buildActionMask = 2147483647;
			files = (
				61A5CAFE2A827CE40035950B /* ProductCoreDataServiceTests.swift in Sources */,
			);
			runOnlyForDeploymentPostprocessing = 0;
		};
/* End PBXSourcesBuildPhase section */

/* Begin PBXTargetDependency section */
		6177F6B92A91CBBB007CB220 /* PBXTargetDependency */ = {
			isa = PBXTargetDependency;
			target = 6177F6AC2A91CBBB007CB220 /* Networking */;
			targetProxy = 6177F6B82A91CBBB007CB220 /* PBXContainerItemProxy */;
		};
		6177F6BB2A91CBBB007CB220 /* PBXTargetDependency */ = {
			isa = PBXTargetDependency;
			target = 61C54E302A13A2B700EF39C3 /* SCSH_3C_iOS */;
			targetProxy = 6177F6BA2A91CBBB007CB220 /* PBXContainerItemProxy */;
		};
		6177F6C12A91CBBB007CB220 /* PBXTargetDependency */ = {
			isa = PBXTargetDependency;
			target = 6177F6AC2A91CBBB007CB220 /* Networking */;
			targetProxy = 6177F6C02A91CBBB007CB220 /* PBXContainerItemProxy */;
		};
		61C54E492A13A2B800EF39C3 /* PBXTargetDependency */ = {
			isa = PBXTargetDependency;
			target = 61C54E302A13A2B700EF39C3 /* SCSH_3C_iOS */;
			targetProxy = 61C54E482A13A2B800EF39C3 /* PBXContainerItemProxy */;
		};
		61E930F72A827BE5000D99AC /* PBXTargetDependency */ = {
			isa = PBXTargetDependency;
			target = 61E930EA2A827BE5000D99AC /* Persistence */;
			targetProxy = 61E930F62A827BE5000D99AC /* PBXContainerItemProxy */;
		};
		61E930F92A827BE5000D99AC /* PBXTargetDependency */ = {
			isa = PBXTargetDependency;
			target = 61C54E302A13A2B700EF39C3 /* SCSH_3C_iOS */;
			targetProxy = 61E930F82A827BE5000D99AC /* PBXContainerItemProxy */;
		};
		61E930FF2A827BE5000D99AC /* PBXTargetDependency */ = {
			isa = PBXTargetDependency;
			target = 61E930EA2A827BE5000D99AC /* Persistence */;
			targetProxy = 61E930FE2A827BE5000D99AC /* PBXContainerItemProxy */;
		};
/* End PBXTargetDependency section */

/* Begin XCBuildConfiguration section */
		6177F6C52A91CBBB007CB220 /* Debug */ = {
			isa = XCBuildConfiguration;
			buildSettings = {
				CODE_SIGN_STYLE = Automatic;
				CURRENT_PROJECT_VERSION = 1;
				DEFINES_MODULE = YES;
				DEVELOPMENT_TEAM = 25Q4Y7QB9R;
				DYLIB_COMPATIBILITY_VERSION = 1;
				DYLIB_CURRENT_VERSION = 1;
				DYLIB_INSTALL_NAME_BASE = "@rpath";
				GENERATE_INFOPLIST_FILE = YES;
				INFOPLIST_KEY_NSHumanReadableCopyright = "";
				INSTALL_PATH = "$(LOCAL_LIBRARY_DIR)/Frameworks";
				LD_RUNPATH_SEARCH_PATHS = (
					"$(inherited)",
					"@executable_path/Frameworks",
					"@loader_path/Frameworks",
				);
				MARKETING_VERSION = 1.0;
				PRODUCT_BUNDLE_IDENTIFIER = vince.Networking;
				PRODUCT_NAME = "$(TARGET_NAME:c99extidentifier)";
				SKIP_INSTALL = YES;
				SWIFT_EMIT_LOC_STRINGS = YES;
				SWIFT_VERSION = 5.0;
				TARGETED_DEVICE_FAMILY = "1,2";
				VERSIONING_SYSTEM = "apple-generic";
				VERSION_INFO_PREFIX = "";
			};
			name = Debug;
		};
		6177F6C62A91CBBB007CB220 /* Release */ = {
			isa = XCBuildConfiguration;
			buildSettings = {
				CODE_SIGN_STYLE = Automatic;
				CURRENT_PROJECT_VERSION = 1;
				DEFINES_MODULE = YES;
				DEVELOPMENT_TEAM = 25Q4Y7QB9R;
				DYLIB_COMPATIBILITY_VERSION = 1;
				DYLIB_CURRENT_VERSION = 1;
				DYLIB_INSTALL_NAME_BASE = "@rpath";
				GENERATE_INFOPLIST_FILE = YES;
				INFOPLIST_KEY_NSHumanReadableCopyright = "";
				INSTALL_PATH = "$(LOCAL_LIBRARY_DIR)/Frameworks";
				LD_RUNPATH_SEARCH_PATHS = (
					"$(inherited)",
					"@executable_path/Frameworks",
					"@loader_path/Frameworks",
				);
				MARKETING_VERSION = 1.0;
				PRODUCT_BUNDLE_IDENTIFIER = vince.Networking;
				PRODUCT_NAME = "$(TARGET_NAME:c99extidentifier)";
				SKIP_INSTALL = YES;
				SWIFT_EMIT_LOC_STRINGS = YES;
				SWIFT_VERSION = 5.0;
				TARGETED_DEVICE_FAMILY = "1,2";
				VERSIONING_SYSTEM = "apple-generic";
				VERSION_INFO_PREFIX = "";
			};
			name = Release;
		};
		6177F6C82A91CBBB007CB220 /* Debug */ = {
			isa = XCBuildConfiguration;
			buildSettings = {
				ALWAYS_EMBED_SWIFT_STANDARD_LIBRARIES = YES;
				CODE_SIGN_STYLE = Automatic;
				CURRENT_PROJECT_VERSION = 1;
				DEVELOPMENT_TEAM = 25Q4Y7QB9R;
				GENERATE_INFOPLIST_FILE = YES;
				MARKETING_VERSION = 1.0;
				PRODUCT_BUNDLE_IDENTIFIER = vince.NetworkingTests;
				PRODUCT_NAME = "$(TARGET_NAME)";
				SWIFT_EMIT_LOC_STRINGS = NO;
				SWIFT_VERSION = 5.0;
				TARGETED_DEVICE_FAMILY = "1,2";
				TEST_HOST = "$(BUILT_PRODUCTS_DIR)/SCSH_3C_iOS.app/$(BUNDLE_EXECUTABLE_FOLDER_PATH)/SCSH_3C_iOS";
			};
			name = Debug;
		};
		6177F6C92A91CBBB007CB220 /* Release */ = {
			isa = XCBuildConfiguration;
			buildSettings = {
				ALWAYS_EMBED_SWIFT_STANDARD_LIBRARIES = YES;
				CODE_SIGN_STYLE = Automatic;
				CURRENT_PROJECT_VERSION = 1;
				DEVELOPMENT_TEAM = 25Q4Y7QB9R;
				GENERATE_INFOPLIST_FILE = YES;
				MARKETING_VERSION = 1.0;
				PRODUCT_BUNDLE_IDENTIFIER = vince.NetworkingTests;
				PRODUCT_NAME = "$(TARGET_NAME)";
				SWIFT_EMIT_LOC_STRINGS = NO;
				SWIFT_VERSION = 5.0;
				TARGETED_DEVICE_FAMILY = "1,2";
				TEST_HOST = "$(BUILT_PRODUCTS_DIR)/SCSH_3C_iOS.app/$(BUNDLE_EXECUTABLE_FOLDER_PATH)/SCSH_3C_iOS";
			};
			name = Release;
		};
		61C54E592A13A2B800EF39C3 /* Debug */ = {
			isa = XCBuildConfiguration;
			buildSettings = {
				ALWAYS_SEARCH_USER_PATHS = NO;
				CLANG_ANALYZER_NONNULL = YES;
				CLANG_ANALYZER_NUMBER_OBJECT_CONVERSION = YES_AGGRESSIVE;
				CLANG_CXX_LANGUAGE_STANDARD = "gnu++20";
				CLANG_ENABLE_MODULES = YES;
				CLANG_ENABLE_OBJC_ARC = YES;
				CLANG_ENABLE_OBJC_WEAK = YES;
				CLANG_WARN_BLOCK_CAPTURE_AUTORELEASING = YES;
				CLANG_WARN_BOOL_CONVERSION = YES;
				CLANG_WARN_COMMA = YES;
				CLANG_WARN_CONSTANT_CONVERSION = YES;
				CLANG_WARN_DEPRECATED_OBJC_IMPLEMENTATIONS = YES;
				CLANG_WARN_DIRECT_OBJC_ISA_USAGE = YES_ERROR;
				CLANG_WARN_DOCUMENTATION_COMMENTS = YES;
				CLANG_WARN_EMPTY_BODY = YES;
				CLANG_WARN_ENUM_CONVERSION = YES;
				CLANG_WARN_INFINITE_RECURSION = YES;
				CLANG_WARN_INT_CONVERSION = YES;
				CLANG_WARN_NON_LITERAL_NULL_CONVERSION = YES;
				CLANG_WARN_OBJC_IMPLICIT_RETAIN_SELF = YES;
				CLANG_WARN_OBJC_LITERAL_CONVERSION = YES;
				CLANG_WARN_OBJC_ROOT_CLASS = YES_ERROR;
				CLANG_WARN_QUOTED_INCLUDE_IN_FRAMEWORK_HEADER = YES;
				CLANG_WARN_RANGE_LOOP_ANALYSIS = YES;
				CLANG_WARN_STRICT_PROTOTYPES = YES;
				CLANG_WARN_SUSPICIOUS_MOVE = YES;
				CLANG_WARN_UNGUARDED_AVAILABILITY = YES_AGGRESSIVE;
				CLANG_WARN_UNREACHABLE_CODE = YES;
				CLANG_WARN__DUPLICATE_METHOD_MATCH = YES;
				COPY_PHASE_STRIP = NO;
				DEBUG_INFORMATION_FORMAT = dwarf;
				ENABLE_STRICT_OBJC_MSGSEND = YES;
				ENABLE_TESTABILITY = YES;
				GCC_C_LANGUAGE_STANDARD = gnu11;
				GCC_DYNAMIC_NO_PIC = NO;
				GCC_NO_COMMON_BLOCKS = YES;
				GCC_OPTIMIZATION_LEVEL = 0;
				GCC_PREPROCESSOR_DEFINITIONS = (
					"DEBUG=1",
					"$(inherited)",
				);
				GCC_WARN_64_TO_32_BIT_CONVERSION = YES;
				GCC_WARN_ABOUT_RETURN_TYPE = YES_ERROR;
				GCC_WARN_UNDECLARED_SELECTOR = YES;
				GCC_WARN_UNINITIALIZED_AUTOS = YES_AGGRESSIVE;
				GCC_WARN_UNUSED_FUNCTION = YES;
				GCC_WARN_UNUSED_VARIABLE = YES;
				IPHONEOS_DEPLOYMENT_TARGET = 16.2;
				MTL_ENABLE_DEBUG_INFO = INCLUDE_SOURCE;
				MTL_FAST_MATH = YES;
				ONLY_ACTIVE_ARCH = YES;
				SDKROOT = iphoneos;
				SWIFT_ACTIVE_COMPILATION_CONDITIONS = DEBUG;
				SWIFT_OPTIMIZATION_LEVEL = "-Onone";
			};
			name = Debug;
		};
		61C54E5A2A13A2B800EF39C3 /* Release */ = {
			isa = XCBuildConfiguration;
			buildSettings = {
				ALWAYS_SEARCH_USER_PATHS = NO;
				CLANG_ANALYZER_NONNULL = YES;
				CLANG_ANALYZER_NUMBER_OBJECT_CONVERSION = YES_AGGRESSIVE;
				CLANG_CXX_LANGUAGE_STANDARD = "gnu++20";
				CLANG_ENABLE_MODULES = YES;
				CLANG_ENABLE_OBJC_ARC = YES;
				CLANG_ENABLE_OBJC_WEAK = YES;
				CLANG_WARN_BLOCK_CAPTURE_AUTORELEASING = YES;
				CLANG_WARN_BOOL_CONVERSION = YES;
				CLANG_WARN_COMMA = YES;
				CLANG_WARN_CONSTANT_CONVERSION = YES;
				CLANG_WARN_DEPRECATED_OBJC_IMPLEMENTATIONS = YES;
				CLANG_WARN_DIRECT_OBJC_ISA_USAGE = YES_ERROR;
				CLANG_WARN_DOCUMENTATION_COMMENTS = YES;
				CLANG_WARN_EMPTY_BODY = YES;
				CLANG_WARN_ENUM_CONVERSION = YES;
				CLANG_WARN_INFINITE_RECURSION = YES;
				CLANG_WARN_INT_CONVERSION = YES;
				CLANG_WARN_NON_LITERAL_NULL_CONVERSION = YES;
				CLANG_WARN_OBJC_IMPLICIT_RETAIN_SELF = YES;
				CLANG_WARN_OBJC_LITERAL_CONVERSION = YES;
				CLANG_WARN_OBJC_ROOT_CLASS = YES_ERROR;
				CLANG_WARN_QUOTED_INCLUDE_IN_FRAMEWORK_HEADER = YES;
				CLANG_WARN_RANGE_LOOP_ANALYSIS = YES;
				CLANG_WARN_STRICT_PROTOTYPES = YES;
				CLANG_WARN_SUSPICIOUS_MOVE = YES;
				CLANG_WARN_UNGUARDED_AVAILABILITY = YES_AGGRESSIVE;
				CLANG_WARN_UNREACHABLE_CODE = YES;
				CLANG_WARN__DUPLICATE_METHOD_MATCH = YES;
				COPY_PHASE_STRIP = NO;
				DEBUG_INFORMATION_FORMAT = "dwarf-with-dsym";
				ENABLE_NS_ASSERTIONS = NO;
				ENABLE_STRICT_OBJC_MSGSEND = YES;
				GCC_C_LANGUAGE_STANDARD = gnu11;
				GCC_NO_COMMON_BLOCKS = YES;
				GCC_WARN_64_TO_32_BIT_CONVERSION = YES;
				GCC_WARN_ABOUT_RETURN_TYPE = YES_ERROR;
				GCC_WARN_UNDECLARED_SELECTOR = YES;
				GCC_WARN_UNINITIALIZED_AUTOS = YES_AGGRESSIVE;
				GCC_WARN_UNUSED_FUNCTION = YES;
				GCC_WARN_UNUSED_VARIABLE = YES;
				IPHONEOS_DEPLOYMENT_TARGET = 16.2;
				MTL_ENABLE_DEBUG_INFO = NO;
				MTL_FAST_MATH = YES;
				SDKROOT = iphoneos;
				SWIFT_COMPILATION_MODE = wholemodule;
				SWIFT_OPTIMIZATION_LEVEL = "-O";
				VALIDATE_PRODUCT = YES;
			};
			name = Release;
		};
		61C54E5C2A13A2B800EF39C3 /* Debug */ = {
			isa = XCBuildConfiguration;
			buildSettings = {
				ALWAYS_EMBED_SWIFT_STANDARD_LIBRARIES = YES;
				ASSETCATALOG_COMPILER_APPICON_NAME = AppIcon;
				ASSETCATALOG_COMPILER_GLOBAL_ACCENT_COLOR_NAME = AccentColor;
				CODE_SIGN_STYLE = Automatic;
				CURRENT_PROJECT_VERSION = 1;
				DEVELOPMENT_ASSET_PATHS = "\"SCSH_3C_iOS/Preview Content\"";
				DEVELOPMENT_TEAM = 25Q4Y7QB9R;
				ENABLE_PREVIEWS = YES;
				GENERATE_INFOPLIST_FILE = YES;
				INFOPLIST_KEY_UIApplicationSceneManifest_Generation = YES;
				INFOPLIST_KEY_UIApplicationSupportsIndirectInputEvents = YES;
				INFOPLIST_KEY_UILaunchScreen_Generation = YES;
				INFOPLIST_KEY_UISupportedInterfaceOrientations_iPad = "UIInterfaceOrientationPortrait UIInterfaceOrientationPortraitUpsideDown UIInterfaceOrientationLandscapeLeft UIInterfaceOrientationLandscapeRight";
				INFOPLIST_KEY_UISupportedInterfaceOrientations_iPhone = "UIInterfaceOrientationPortrait UIInterfaceOrientationLandscapeLeft UIInterfaceOrientationLandscapeRight";
				LD_RUNPATH_SEARCH_PATHS = (
					"$(inherited)",
					"@executable_path/Frameworks",
				);
				MARKETING_VERSION = 1.0;
				PRODUCT_BUNDLE_IDENTIFIER = "vince.SCSH-3C-iOS";
				PRODUCT_NAME = "$(TARGET_NAME)";
				SWIFT_EMIT_LOC_STRINGS = YES;
				SWIFT_VERSION = 5.0;
				TARGETED_DEVICE_FAMILY = "1,2";
			};
			name = Debug;
		};
		61C54E5D2A13A2B800EF39C3 /* Release */ = {
			isa = XCBuildConfiguration;
			buildSettings = {
				ALWAYS_EMBED_SWIFT_STANDARD_LIBRARIES = YES;
				ASSETCATALOG_COMPILER_APPICON_NAME = AppIcon;
				ASSETCATALOG_COMPILER_GLOBAL_ACCENT_COLOR_NAME = AccentColor;
				CODE_SIGN_STYLE = Automatic;
				CURRENT_PROJECT_VERSION = 1;
				DEVELOPMENT_ASSET_PATHS = "\"SCSH_3C_iOS/Preview Content\"";
				DEVELOPMENT_TEAM = 25Q4Y7QB9R;
				ENABLE_PREVIEWS = YES;
				GENERATE_INFOPLIST_FILE = YES;
				INFOPLIST_KEY_UIApplicationSceneManifest_Generation = YES;
				INFOPLIST_KEY_UIApplicationSupportsIndirectInputEvents = YES;
				INFOPLIST_KEY_UILaunchScreen_Generation = YES;
				INFOPLIST_KEY_UISupportedInterfaceOrientations_iPad = "UIInterfaceOrientationPortrait UIInterfaceOrientationPortraitUpsideDown UIInterfaceOrientationLandscapeLeft UIInterfaceOrientationLandscapeRight";
				INFOPLIST_KEY_UISupportedInterfaceOrientations_iPhone = "UIInterfaceOrientationPortrait UIInterfaceOrientationLandscapeLeft UIInterfaceOrientationLandscapeRight";
				LD_RUNPATH_SEARCH_PATHS = (
					"$(inherited)",
					"@executable_path/Frameworks",
				);
				MARKETING_VERSION = 1.0;
				PRODUCT_BUNDLE_IDENTIFIER = "vince.SCSH-3C-iOS";
				PRODUCT_NAME = "$(TARGET_NAME)";
				SWIFT_EMIT_LOC_STRINGS = YES;
				SWIFT_VERSION = 5.0;
				TARGETED_DEVICE_FAMILY = "1,2";
			};
			name = Release;
		};
		61C54E5F2A13A2B800EF39C3 /* Debug */ = {
			isa = XCBuildConfiguration;
			buildSettings = {
				ALWAYS_EMBED_SWIFT_STANDARD_LIBRARIES = YES;
				BUNDLE_LOADER = "$(TEST_HOST)";
				CLANG_ENABLE_MODULES = YES;
				CODE_SIGN_STYLE = Automatic;
				CURRENT_PROJECT_VERSION = 1;
				DEVELOPMENT_TEAM = GX7LBJ8752;
				GENERATE_INFOPLIST_FILE = YES;
				IPHONEOS_DEPLOYMENT_TARGET = 16.2;
				LD_RUNPATH_SEARCH_PATHS = (
					"$(inherited)",
					"@executable_path/Frameworks",
					"@loader_path/Frameworks",
				);
				MARKETING_VERSION = 1.0;
				PRODUCT_BUNDLE_IDENTIFIER = "vince.SCSH-3C-iOSTests";
				PRODUCT_NAME = "$(TARGET_NAME)";
				SWIFT_EMIT_LOC_STRINGS = NO;
				SWIFT_OPTIMIZATION_LEVEL = "-Onone";
				SWIFT_VERSION = 5.0;
				TARGETED_DEVICE_FAMILY = "1,2";
				TEST_HOST = "$(BUILT_PRODUCTS_DIR)/SCSH_3C_iOS.app/$(BUNDLE_EXECUTABLE_FOLDER_PATH)/SCSH_3C_iOS";
			};
			name = Debug;
		};
		61C54E602A13A2B800EF39C3 /* Release */ = {
			isa = XCBuildConfiguration;
			buildSettings = {
				ALWAYS_EMBED_SWIFT_STANDARD_LIBRARIES = YES;
				BUNDLE_LOADER = "$(TEST_HOST)";
				CLANG_ENABLE_MODULES = YES;
				CODE_SIGN_STYLE = Automatic;
				CURRENT_PROJECT_VERSION = 1;
				DEVELOPMENT_TEAM = GX7LBJ8752;
				GENERATE_INFOPLIST_FILE = YES;
				IPHONEOS_DEPLOYMENT_TARGET = 16.2;
				LD_RUNPATH_SEARCH_PATHS = (
					"$(inherited)",
					"@executable_path/Frameworks",
					"@loader_path/Frameworks",
				);
				MARKETING_VERSION = 1.0;
				PRODUCT_BUNDLE_IDENTIFIER = "vince.SCSH-3C-iOSTests";
				PRODUCT_NAME = "$(TARGET_NAME)";
				SWIFT_EMIT_LOC_STRINGS = NO;
				SWIFT_VERSION = 5.0;
				TARGETED_DEVICE_FAMILY = "1,2";
				TEST_HOST = "$(BUILT_PRODUCTS_DIR)/SCSH_3C_iOS.app/$(BUNDLE_EXECUTABLE_FOLDER_PATH)/SCSH_3C_iOS";
			};
			name = Release;
		};
		61E931022A827BE5000D99AC /* Debug */ = {
			isa = XCBuildConfiguration;
			buildSettings = {
				CODE_SIGN_STYLE = Automatic;
				CURRENT_PROJECT_VERSION = 1;
				DEFINES_MODULE = YES;
				DEVELOPMENT_TEAM = 25Q4Y7QB9R;
				DYLIB_COMPATIBILITY_VERSION = 1;
				DYLIB_CURRENT_VERSION = 1;
				DYLIB_INSTALL_NAME_BASE = "@rpath";
				GENERATE_INFOPLIST_FILE = YES;
				INFOPLIST_KEY_NSHumanReadableCopyright = "";
				INSTALL_PATH = "$(LOCAL_LIBRARY_DIR)/Frameworks";
				LD_RUNPATH_SEARCH_PATHS = (
					"$(inherited)",
					"@executable_path/Frameworks",
					"@loader_path/Frameworks",
				);
				MARKETING_VERSION = 1.0;
				PRODUCT_BUNDLE_IDENTIFIER = vince.Persistence;
				PRODUCT_NAME = "$(TARGET_NAME:c99extidentifier)";
				SKIP_INSTALL = YES;
				SWIFT_EMIT_LOC_STRINGS = YES;
				SWIFT_VERSION = 5.0;
				TARGETED_DEVICE_FAMILY = "1,2";
				VERSIONING_SYSTEM = "apple-generic";
				VERSION_INFO_PREFIX = "";
			};
			name = Debug;
		};
		61E931032A827BE5000D99AC /* Release */ = {
			isa = XCBuildConfiguration;
			buildSettings = {
				CODE_SIGN_STYLE = Automatic;
				CURRENT_PROJECT_VERSION = 1;
				DEFINES_MODULE = YES;
				DEVELOPMENT_TEAM = 25Q4Y7QB9R;
				DYLIB_COMPATIBILITY_VERSION = 1;
				DYLIB_CURRENT_VERSION = 1;
				DYLIB_INSTALL_NAME_BASE = "@rpath";
				GENERATE_INFOPLIST_FILE = YES;
				INFOPLIST_KEY_NSHumanReadableCopyright = "";
				INSTALL_PATH = "$(LOCAL_LIBRARY_DIR)/Frameworks";
				LD_RUNPATH_SEARCH_PATHS = (
					"$(inherited)",
					"@executable_path/Frameworks",
					"@loader_path/Frameworks",
				);
				MARKETING_VERSION = 1.0;
				PRODUCT_BUNDLE_IDENTIFIER = vince.Persistence;
				PRODUCT_NAME = "$(TARGET_NAME:c99extidentifier)";
				SKIP_INSTALL = YES;
				SWIFT_EMIT_LOC_STRINGS = YES;
				SWIFT_VERSION = 5.0;
				TARGETED_DEVICE_FAMILY = "1,2";
				VERSIONING_SYSTEM = "apple-generic";
				VERSION_INFO_PREFIX = "";
			};
			name = Release;
		};
		61E931042A827BE5000D99AC /* Debug */ = {
			isa = XCBuildConfiguration;
			buildSettings = {
				ALWAYS_EMBED_SWIFT_STANDARD_LIBRARIES = YES;
				CODE_SIGN_STYLE = Automatic;
				CURRENT_PROJECT_VERSION = 1;
				DEVELOPMENT_TEAM = 25Q4Y7QB9R;
				GENERATE_INFOPLIST_FILE = YES;
				MARKETING_VERSION = 1.0;
				PRODUCT_BUNDLE_IDENTIFIER = vince.PersistenceTests;
				PRODUCT_NAME = "$(TARGET_NAME)";
				SWIFT_EMIT_LOC_STRINGS = NO;
				SWIFT_VERSION = 5.0;
				TARGETED_DEVICE_FAMILY = "1,2";
				TEST_HOST = "$(BUILT_PRODUCTS_DIR)/SCSH_3C_iOS.app/$(BUNDLE_EXECUTABLE_FOLDER_PATH)/SCSH_3C_iOS";
			};
			name = Debug;
		};
		61E931052A827BE5000D99AC /* Release */ = {
			isa = XCBuildConfiguration;
			buildSettings = {
				ALWAYS_EMBED_SWIFT_STANDARD_LIBRARIES = YES;
				CODE_SIGN_STYLE = Automatic;
				CURRENT_PROJECT_VERSION = 1;
				DEVELOPMENT_TEAM = 25Q4Y7QB9R;
				GENERATE_INFOPLIST_FILE = YES;
				MARKETING_VERSION = 1.0;
				PRODUCT_BUNDLE_IDENTIFIER = vince.PersistenceTests;
				PRODUCT_NAME = "$(TARGET_NAME)";
				SWIFT_EMIT_LOC_STRINGS = NO;
				SWIFT_VERSION = 5.0;
				TARGETED_DEVICE_FAMILY = "1,2";
				TEST_HOST = "$(BUILT_PRODUCTS_DIR)/SCSH_3C_iOS.app/$(BUNDLE_EXECUTABLE_FOLDER_PATH)/SCSH_3C_iOS";
			};
			name = Release;
		};
/* End XCBuildConfiguration section */

/* Begin XCConfigurationList section */
		6177F6C42A91CBBB007CB220 /* Build configuration list for PBXNativeTarget "Networking" */ = {
			isa = XCConfigurationList;
			buildConfigurations = (
				6177F6C52A91CBBB007CB220 /* Debug */,
				6177F6C62A91CBBB007CB220 /* Release */,
			);
			defaultConfigurationIsVisible = 0;
			defaultConfigurationName = Release;
		};
		6177F6C72A91CBBB007CB220 /* Build configuration list for PBXNativeTarget "NetworkingTests" */ = {
			isa = XCConfigurationList;
			buildConfigurations = (
				6177F6C82A91CBBB007CB220 /* Debug */,
				6177F6C92A91CBBB007CB220 /* Release */,
			);
			defaultConfigurationIsVisible = 0;
			defaultConfigurationName = Release;
		};
		61C54E2C2A13A2B700EF39C3 /* Build configuration list for PBXProject "SCSH_3C_iOS" */ = {
			isa = XCConfigurationList;
			buildConfigurations = (
				61C54E592A13A2B800EF39C3 /* Debug */,
				61C54E5A2A13A2B800EF39C3 /* Release */,
			);
			defaultConfigurationIsVisible = 0;
			defaultConfigurationName = Release;
		};
		61C54E5B2A13A2B800EF39C3 /* Build configuration list for PBXNativeTarget "SCSH_3C_iOS" */ = {
			isa = XCConfigurationList;
			buildConfigurations = (
				61C54E5C2A13A2B800EF39C3 /* Debug */,
				61C54E5D2A13A2B800EF39C3 /* Release */,
			);
			defaultConfigurationIsVisible = 0;
			defaultConfigurationName = Release;
		};
		61C54E5E2A13A2B800EF39C3 /* Build configuration list for PBXNativeTarget "SCSH_3C_iOSTests" */ = {
			isa = XCConfigurationList;
			buildConfigurations = (
				61C54E5F2A13A2B800EF39C3 /* Debug */,
				61C54E602A13A2B800EF39C3 /* Release */,
			);
			defaultConfigurationIsVisible = 0;
			defaultConfigurationName = Release;
		};
		61E931062A827BE5000D99AC /* Build configuration list for PBXNativeTarget "Persistence" */ = {
			isa = XCConfigurationList;
			buildConfigurations = (
				61E931022A827BE5000D99AC /* Debug */,
				61E931032A827BE5000D99AC /* Release */,
			);
			defaultConfigurationIsVisible = 0;
			defaultConfigurationName = Release;
		};
		61E931072A827BE5000D99AC /* Build configuration list for PBXNativeTarget "PersistenceTests" */ = {
			isa = XCConfigurationList;
			buildConfigurations = (
				61E931042A827BE5000D99AC /* Debug */,
				61E931052A827BE5000D99AC /* Release */,
			);
			defaultConfigurationIsVisible = 0;
			defaultConfigurationName = Release;
		};
/* End XCConfigurationList section */

/* Begin XCRemoteSwiftPackageReference section */
		61A0D9182A1BA4BA00C18629 /* XCRemoteSwiftPackageReference "Moya" */ = {
			isa = XCRemoteSwiftPackageReference;
			repositoryURL = "https://github.com/Moya/Moya";
			requirement = {
				branch = master;
				kind = branch;
			};
		};
/* End XCRemoteSwiftPackageReference section */

/* Begin XCSwiftPackageProductDependency section */
		6177F6D02A91CBFB007CB220 /* CombineMoya */ = {
			isa = XCSwiftPackageProductDependency;
			package = 61A0D9182A1BA4BA00C18629 /* XCRemoteSwiftPackageReference "Moya" */;
			productName = CombineMoya;
		};
		6177F6D22A91CBFB007CB220 /* Moya */ = {
			isa = XCSwiftPackageProductDependency;
			package = 61A0D9182A1BA4BA00C18629 /* XCRemoteSwiftPackageReference "Moya" */;
			productName = Moya;
		};
/* End XCSwiftPackageProductDependency section */

/* Begin XCVersionGroup section */
		61C54E3F2A13A2B700EF39C3 /* CoreData.xcdatamodeld */ = {
			isa = XCVersionGroup;
			children = (
				61C54E402A13A2B700EF39C3 /* SCSH_3C_iOS.xcdatamodel */,
			);
			currentVersion = 61C54E402A13A2B700EF39C3 /* SCSH_3C_iOS.xcdatamodel */;
			path = CoreData.xcdatamodeld;
			sourceTree = "<group>";
			versionGroupType = wrapper.xcdatamodel;
		};
/* End XCVersionGroup section */
	};
	rootObject = 61C54E292A13A2B700EF39C3 /* Project object */;
}
