// !$*UTF8*$!
{
	archiveVersion = 1;
	classes = {
	};
	objectVersion = 56;
	objects = {

/* Begin PBXBuildFile section */
		610901A52AE529F000FFE532 /* BoardRepository.swift in Sources */ = {isa = PBXBuildFile; fileRef = 610901A42AE529F000FFE532 /* BoardRepository.swift */; };
		610901A72AE5378A00FFE532 /* BoardCollectionViewCell.swift in Sources */ = {isa = PBXBuildFile; fileRef = 610901A62AE5378A00FFE532 /* BoardCollectionViewCell.swift */; };
		610901A92AE5381B00FFE532 /* ExploreBoard.swift in Sources */ = {isa = PBXBuildFile; fileRef = 610901A82AE5381B00FFE532 /* ExploreBoard.swift */; };
		610901AC2AE8AFCE00FFE532 /* Kingfisher in Frameworks */ = {isa = PBXBuildFile; productRef = 610901AB2AE8AFCE00FFE532 /* Kingfisher */; };
		6109FF792AE2619F00FFE532 /* CoordinatorType.swift in Sources */ = {isa = PBXBuildFile; fileRef = 6109FF782AE2619F00FFE532 /* CoordinatorType.swift */; };
		6109FF7B2AE264C300FFE532 /* CoordinatorFacade.swift in Sources */ = {isa = PBXBuildFile; fileRef = 6109FF7A2AE264C300FFE532 /* CoordinatorFacade.swift */; };
		6109FF7D2AE264F000FFE532 /* Route.swift in Sources */ = {isa = PBXBuildFile; fileRef = 6109FF7C2AE264F000FFE532 /* Route.swift */; };
		6109FF802AE2942D00FFE532 /* ExploreCoordinatorType.swift in Sources */ = {isa = PBXBuildFile; fileRef = 6109FF7F2AE2942D00FFE532 /* ExploreCoordinatorType.swift */; };
		6109FF822AE2945E00FFE532 /* ExploreCoordinator.swift in Sources */ = {isa = PBXBuildFile; fileRef = 6109FF812AE2945E00FFE532 /* ExploreCoordinator.swift */; };
		6113505C2ADBBE1D00F65943 /* Networking.framework in Frameworks */ = {isa = PBXBuildFile; fileRef = 6190D7F32AB1DEDB00276557 /* Networking.framework */; };
		6113505D2ADBBE1D00F65943 /* Networking.framework in Embed Frameworks */ = {isa = PBXBuildFile; fileRef = 6190D7F32AB1DEDB00276557 /* Networking.framework */; settings = {ATTRIBUTES = (CodeSignOnCopy, RemoveHeadersOnCopy, ); }; };
		611350602ADBBE1D00F65943 /* Persistence.framework in Frameworks */ = {isa = PBXBuildFile; fileRef = 6190D7F22AB1DEDB00276557 /* Persistence.framework */; };
		611350612ADBBE1D00F65943 /* Persistence.framework in Embed Frameworks */ = {isa = PBXBuildFile; fileRef = 6190D7F22AB1DEDB00276557 /* Persistence.framework */; settings = {ATTRIBUTES = (CodeSignOnCopy, RemoveHeadersOnCopy, ); }; };
		611350652ADC520100F65943 /* HomeViewControllerAdapter.swift in Sources */ = {isa = PBXBuildFile; fileRef = 611350642ADC520100F65943 /* HomeViewControllerAdapter.swift */; };
		612B00DE2B0213ED00CB0C06 /* UIImage+Extension.swift in Sources */ = {isa = PBXBuildFile; fileRef = 612B00DD2B0213ED00CB0C06 /* UIImage+Extension.swift */; };
		612B00E02B02198A00CB0C06 /* DistributorCollectionViewCell.swift in Sources */ = {isa = PBXBuildFile; fileRef = 612B00DF2B02198A00CB0C06 /* DistributorCollectionViewCell.swift */; };
		612B00E22B0226AA00CB0C06 /* Distributor.swift in Sources */ = {isa = PBXBuildFile; fileRef = 612B00E12B0226AA00CB0C06 /* Distributor.swift */; };
		612B00E42B02278C00CB0C06 /* DistributorRepository.swift in Sources */ = {isa = PBXBuildFile; fileRef = 612B00E32B02278C00CB0C06 /* DistributorRepository.swift */; };
		612B00E62B025BC100CB0C06 /* DistributorSectionHeaderView.swift in Sources */ = {isa = PBXBuildFile; fileRef = 612B00E52B025BC100CB0C06 /* DistributorSectionHeaderView.swift */; };
		612B00E82B02772700CB0C06 /* CardBorderedView.swift in Sources */ = {isa = PBXBuildFile; fileRef = 612B00E72B02772700CB0C06 /* CardBorderedView.swift */; };
		612E6F492AE8E69E0038DCD7 /* ThemeRepository.swift in Sources */ = {isa = PBXBuildFile; fileRef = 612E6F482AE8E69E0038DCD7 /* ThemeRepository.swift */; };
		612E6F4B2AE8E6CF0038DCD7 /* Theme.swift in Sources */ = {isa = PBXBuildFile; fileRef = 612E6F4A2AE8E6CF0038DCD7 /* Theme.swift */; };
		615F95802ADA96510093166B /* MainView.swift in Sources */ = {isa = PBXBuildFile; fileRef = 615F957F2ADA96510093166B /* MainView.swift */; };
		615F95852ADAA4680093166B /* HomeHeaderView.swift in Sources */ = {isa = PBXBuildFile; fileRef = 615F95842ADAA4680093166B /* HomeHeaderView.swift */; };
		6169AE562A6F9E7F00F84AE5 /* HomeViewModel.swift in Sources */ = {isa = PBXBuildFile; fileRef = 6169AE552A6F9E7F00F84AE5 /* HomeViewModel.swift */; };
		6177F6B12A91CBBB007CB220 /* Networking.docc in Sources */ = {isa = PBXBuildFile; fileRef = 6177F6B02A91CBBB007CB220 /* Networking.docc */; };
		6177F6BF2A91CBBB007CB220 /* Networking.h in Headers */ = {isa = PBXBuildFile; fileRef = 6177F6AF2A91CBBB007CB220 /* Networking.h */; settings = {ATTRIBUTES = (Public, ); }; };
		6177F6D12A91CBFB007CB220 /* CombineMoya in Frameworks */ = {isa = PBXBuildFile; productRef = 6177F6D02A91CBFB007CB220 /* CombineMoya */; };
		6177F6D32A91CBFB007CB220 /* Moya in Frameworks */ = {isa = PBXBuildFile; productRef = 6177F6D22A91CBFB007CB220 /* Moya */; };
		6177F6D42A91CCAF007CB220 /* NetworkConstants.swift in Sources */ = {isa = PBXBuildFile; fileRef = 6169AC282A6E435E00F84AE5 /* NetworkConstants.swift */; };
		6177F6D52A91CCAF007CB220 /* RemoteDataSourceType.swift in Sources */ = {isa = PBXBuildFile; fileRef = 6169AC2A2A6E437600F84AE5 /* RemoteDataSourceType.swift */; };
		6177F6D62A91CCD1007CB220 /* HealthApiInterface.swift in Sources */ = {isa = PBXBuildFile; fileRef = 6169AC2C2A6E440E00F84AE5 /* HealthApiInterface.swift */; };
		6177F6D72A91CCD9007CB220 /* MoyaApiInterfaceType.swift in Sources */ = {isa = PBXBuildFile; fileRef = 6169AE4D2A6E558F00F84AE5 /* MoyaApiInterfaceType.swift */; };
		6177F6D82A91CD73007CB220 /* ProductApiInterface.swift in Sources */ = {isa = PBXBuildFile; fileRef = 6169AE532A6F8EDE00F84AE5 /* ProductApiInterface.swift */; };
		6177F6D92A91CD7F007CB220 /* MoyaNetworkService.swift in Sources */ = {isa = PBXBuildFile; fileRef = 6169AC2F2A6E45AA00F84AE5 /* MoyaNetworkService.swift */; };
		6177F6DA2A91CD84007CB220 /* MoyaNetworkFacade.swift in Sources */ = {isa = PBXBuildFile; fileRef = 61F5F1D82A77DA2600ACE03B /* MoyaNetworkFacade.swift */; };
		6177F6DB2A91CDE3007CB220 /* ProductInterface_MoyaNetworkServiceTests.swift in Sources */ = {isa = PBXBuildFile; fileRef = 61F5F1D62A777B7700ACE03B /* ProductInterface_MoyaNetworkServiceTests.swift */; };
		6177F6DC2A91CDE7007CB220 /* HealthApiInterface_MoyaNetworkServiceTests.swift in Sources */ = {isa = PBXBuildFile; fileRef = 61F5EFB52A70CB3300ACE03B /* HealthApiInterface_MoyaNetworkServiceTests.swift */; };
		6190D9062AB6EF2A00276557 /* NotificationFactory.swift in Sources */ = {isa = PBXBuildFile; fileRef = 6190D9052AB6EF2A00276557 /* NotificationFactory.swift */; };
		6190D90A2AB6FBAE00276557 /* NotificationManagerTests.swift in Sources */ = {isa = PBXBuildFile; fileRef = 6190D9092AB6FBAE00276557 /* NotificationManagerTests.swift */; };
		6190D90C2AB83F3B00276557 /* NotificationCenterProxyType.swift in Sources */ = {isa = PBXBuildFile; fileRef = 6190D90B2AB83F3B00276557 /* NotificationCenterProxyType.swift */; };
		61A5CAFB2A827CD10035950B /* ProductCoreDataService.swift in Sources */ = {isa = PBXBuildFile; fileRef = 614E94432A80EAC30024A9AE /* ProductCoreDataService.swift */; };
		61A5CAFC2A827CD50035950B /* ProductCoreDataMapper.swift in Sources */ = {isa = PBXBuildFile; fileRef = 61784D922A81FEC700E0B96D /* ProductCoreDataMapper.swift */; };
		61A5CAFD2A827CD80035950B /* CoreDataController.swift in Sources */ = {isa = PBXBuildFile; fileRef = 61C54E3D2A13A2B700EF39C3 /* CoreDataController.swift */; };
		61A5CAFE2A827CE40035950B /* ProductCoreDataServiceTests.swift in Sources */ = {isa = PBXBuildFile; fileRef = 614E94452A80EBB50024A9AE /* ProductCoreDataServiceTests.swift */; };
		61A95C182A77EB18005BB895 /* ProductRepository.swift in Sources */ = {isa = PBXBuildFile; fileRef = 61A95C172A77EB18005BB895 /* ProductRepository.swift */; };
		61A95C1B2A77F00B005BB895 /* ProductModelMapper.swift in Sources */ = {isa = PBXBuildFile; fileRef = 61A95C1A2A77F00B005BB895 /* ProductModelMapper.swift */; };
		61A95C1E2A77F05A005BB895 /* Product.swift in Sources */ = {isa = PBXBuildFile; fileRef = 61A95C1D2A77F05A005BB895 /* Product.swift */; };
		61A95C222A77F94C005BB895 /* ProductRepositoryTests.swift in Sources */ = {isa = PBXBuildFile; fileRef = 61A95C212A77F94C005BB895 /* ProductRepositoryTests.swift */; };
		61B185592A971EE90072F119 /* NotificationManager.swift in Sources */ = {isa = PBXBuildFile; fileRef = 61B185582A971EE90072F119 /* NotificationManager.swift */; };
		61C54E352A13A2B700EF39C3 /* MainApp.swift in Sources */ = {isa = PBXBuildFile; fileRef = 61C54E342A13A2B700EF39C3 /* MainApp.swift */; };
		61C54E372A13A2B700EF39C3 /* HomeView.swift in Sources */ = {isa = PBXBuildFile; fileRef = 61C54E362A13A2B700EF39C3 /* HomeView.swift */; };
		61C54E392A13A2B700EF39C3 /* Assets.xcassets in Resources */ = {isa = PBXBuildFile; fileRef = 61C54E382A13A2B700EF39C3 /* Assets.xcassets */; };
		61C54E3C2A13A2B700EF39C3 /* Preview Assets.xcassets in Resources */ = {isa = PBXBuildFile; fileRef = 61C54E3B2A13A2B700EF39C3 /* Preview Assets.xcassets */; };
		61C931592A78225A00EA7BD8 /* HomeCoordinator.swift in Sources */ = {isa = PBXBuildFile; fileRef = 61C931582A78225A00EA7BD8 /* HomeCoordinator.swift */; };
		61C9315B2A78226300EA7BD8 /* HomeCoordinatorType.swift in Sources */ = {isa = PBXBuildFile; fileRef = 61C9315A2A78226300EA7BD8 /* HomeCoordinatorType.swift */; };
		61C9326B2A7825DD00EA7BD8 /* StartUpCoordinator.swift in Sources */ = {isa = PBXBuildFile; fileRef = 61C9326A2A7825DD00EA7BD8 /* StartUpCoordinator.swift */; };
		61DC01372AC9AB9D00F4E3EF /* LoginApiInterface.swift in Sources */ = {isa = PBXBuildFile; fileRef = 61DC01362AC9AB9D00F4E3EF /* LoginApiInterface.swift */; };
		61DC013A2AC9D3CE00F4E3EF /* LoginApiInterface_MoyaNetworkServiceTests.swift in Sources */ = {isa = PBXBuildFile; fileRef = 61DC01392AC9D3CE00F4E3EF /* LoginApiInterface_MoyaNetworkServiceTests.swift */; };
		61DC013C2AC9DA2B00F4E3EF /* TokenApiInterface.swift in Sources */ = {isa = PBXBuildFile; fileRef = 61DC013B2AC9DA2B00F4E3EF /* TokenApiInterface.swift */; };
		61DC013E2AC9DF0D00F4E3EF /* TokenApiInterface_MoyaNetworkServiceTests.swift in Sources */ = {isa = PBXBuildFile; fileRef = 61DC013D2AC9DF0D00F4E3EF /* TokenApiInterface_MoyaNetworkServiceTests.swift */; };
		61DC01402ACF618F00F4E3EF /* HomeViewController.swift in Sources */ = {isa = PBXBuildFile; fileRef = 61DC013F2ACF618F00F4E3EF /* HomeViewController.swift */; };
		61DC035F2AD269E900F4E3EF /* HeaderCollectionViewCell.swift in Sources */ = {isa = PBXBuildFile; fileRef = 61DC035E2AD269E900F4E3EF /* HeaderCollectionViewCell.swift */; };
		61DC03652AD3C22600F4E3EF /* BodyCollectionViewCell.swift in Sources */ = {isa = PBXBuildFile; fileRef = 61DC03642AD3C22600F4E3EF /* BodyCollectionViewCell.swift */; };
		61DC04772AD3CEE700F4E3EF /* ExploreViewController.swift in Sources */ = {isa = PBXBuildFile; fileRef = 61DC04762AD3CEE700F4E3EF /* ExploreViewController.swift */; };
		61DC04792AD3F27400F4E3EF /* ExploreViewModel.swift in Sources */ = {isa = PBXBuildFile; fileRef = 61DC04782AD3F27400F4E3EF /* ExploreViewModel.swift */; };
		61DC047B2AD405DE00F4E3EF /* BoardSectionCollectionViewCell.swift in Sources */ = {isa = PBXBuildFile; fileRef = 61DC047A2AD405DE00F4E3EF /* BoardSectionCollectionViewCell.swift */; };
		61DC047D2AD4082B00F4E3EF /* RecentSectionCollectionViewCell.swift in Sources */ = {isa = PBXBuildFile; fileRef = 61DC047C2AD4082B00F4E3EF /* RecentSectionCollectionViewCell.swift */; };
		61DC047F2AD4086A00F4E3EF /* DistributorSectionCollectionViewCell.swift in Sources */ = {isa = PBXBuildFile; fileRef = 61DC047E2AD4086A00F4E3EF /* DistributorSectionCollectionViewCell.swift */; };
		61DC04812AD408CE00F4E3EF /* PopularSectionCollectionViewCell.swift in Sources */ = {isa = PBXBuildFile; fileRef = 61DC04802AD408CE00F4E3EF /* PopularSectionCollectionViewCell.swift */; };
		61DC04852AD40F7800F4E3EF /* ExploreSectionCollectionViewCell.swift in Sources */ = {isa = PBXBuildFile; fileRef = 61DC04842AD40F7800F4E3EF /* ExploreSectionCollectionViewCell.swift */; };
		61DC05952AD7C63A00F4E3EF /* RoundedButton.swift in Sources */ = {isa = PBXBuildFile; fileRef = 61DC05942AD7C63A00F4E3EF /* RoundedButton.swift */; };
		61E930EF2A827BE5000D99AC /* Persistence.docc in Sources */ = {isa = PBXBuildFile; fileRef = 61E930EE2A827BE5000D99AC /* Persistence.docc */; };
		61E930FD2A827BE5000D99AC /* Persistence.h in Headers */ = {isa = PBXBuildFile; fileRef = 61E930ED2A827BE5000D99AC /* Persistence.h */; settings = {ATTRIBUTES = (Public, ); }; };
		61E931082A827C55000D99AC /* CoreData.xcdatamodeld in Sources */ = {isa = PBXBuildFile; fileRef = 61C54E3F2A13A2B700EF39C3 /* CoreData.xcdatamodeld */; };
/* End PBXBuildFile section */

/* Begin PBXContainerItemProxy section */
		6113505E2ADBBE1D00F65943 /* PBXContainerItemProxy */ = {
			isa = PBXContainerItemProxy;
			containerPortal = 61C54E292A13A2B700EF39C3 /* Project object */;
			proxyType = 1;
			remoteGlobalIDString = 6177F6AC2A91CBBB007CB220;
			remoteInfo = Networking;
		};
		611350622ADBBE1D00F65943 /* PBXContainerItemProxy */ = {
			isa = PBXContainerItemProxy;
			containerPortal = 61C54E292A13A2B700EF39C3 /* Project object */;
			proxyType = 1;
			remoteGlobalIDString = 61E930EA2A827BE5000D99AC;
			remoteInfo = Persistence;
		};
		6177F6B82A91CBBB007CB220 /* PBXContainerItemProxy */ = {
			isa = PBXContainerItemProxy;
			containerPortal = 61C54E292A13A2B700EF39C3 /* Project object */;
			proxyType = 1;
			remoteGlobalIDString = 6177F6AC2A91CBBB007CB220;
			remoteInfo = Networking;
		};
		6177F6BA2A91CBBB007CB220 /* PBXContainerItemProxy */ = {
			isa = PBXContainerItemProxy;
			containerPortal = 61C54E292A13A2B700EF39C3 /* Project object */;
			proxyType = 1;
			remoteGlobalIDString = 61C54E302A13A2B700EF39C3;
			remoteInfo = SCSH_3C_iOS;
		};
		61C54E482A13A2B800EF39C3 /* PBXContainerItemProxy */ = {
			isa = PBXContainerItemProxy;
			containerPortal = 61C54E292A13A2B700EF39C3 /* Project object */;
			proxyType = 1;
			remoteGlobalIDString = 61C54E302A13A2B700EF39C3;
			remoteInfo = SCSH_3C_iOS;
		};
		61E930F62A827BE5000D99AC /* PBXContainerItemProxy */ = {
			isa = PBXContainerItemProxy;
			containerPortal = 61C54E292A13A2B700EF39C3 /* Project object */;
			proxyType = 1;
			remoteGlobalIDString = 61E930EA2A827BE5000D99AC;
			remoteInfo = Persistence;
		};
		61E930F82A827BE5000D99AC /* PBXContainerItemProxy */ = {
			isa = PBXContainerItemProxy;
			containerPortal = 61C54E292A13A2B700EF39C3 /* Project object */;
			proxyType = 1;
			remoteGlobalIDString = 61C54E302A13A2B700EF39C3;
			remoteInfo = SCSH_3C_iOS;
		};
/* End PBXContainerItemProxy section */

/* Begin PBXCopyFilesBuildPhase section */
		61784D602A81EE2500E0B96D /* Embed Frameworks */ = {
			isa = PBXCopyFilesBuildPhase;
			buildActionMask = 2147483647;
			dstPath = "";
			dstSubfolderSpec = 10;
			files = (
				611350612ADBBE1D00F65943 /* Persistence.framework in Embed Frameworks */,
				6113505D2ADBBE1D00F65943 /* Networking.framework in Embed Frameworks */,
			);
			name = "Embed Frameworks";
			runOnlyForDeploymentPostprocessing = 0;
		};
/* End PBXCopyFilesBuildPhase section */

/* Begin PBXFileReference section */
		610901A42AE529F000FFE532 /* BoardRepository.swift */ = {isa = PBXFileReference; lastKnownFileType = sourcecode.swift; path = BoardRepository.swift; sourceTree = "<group>"; };
		610901A62AE5378A00FFE532 /* BoardCollectionViewCell.swift */ = {isa = PBXFileReference; lastKnownFileType = sourcecode.swift; path = BoardCollectionViewCell.swift; sourceTree = "<group>"; };
		610901A82AE5381B00FFE532 /* ExploreBoard.swift */ = {isa = PBXFileReference; lastKnownFileType = sourcecode.swift; path = ExploreBoard.swift; sourceTree = "<group>"; };
		6109FF782AE2619F00FFE532 /* CoordinatorType.swift */ = {isa = PBXFileReference; lastKnownFileType = sourcecode.swift; path = CoordinatorType.swift; sourceTree = "<group>"; };
		6109FF7A2AE264C300FFE532 /* CoordinatorFacade.swift */ = {isa = PBXFileReference; lastKnownFileType = sourcecode.swift; path = CoordinatorFacade.swift; sourceTree = "<group>"; };
		6109FF7C2AE264F000FFE532 /* Route.swift */ = {isa = PBXFileReference; lastKnownFileType = sourcecode.swift; path = Route.swift; sourceTree = "<group>"; };
		6109FF7F2AE2942D00FFE532 /* ExploreCoordinatorType.swift */ = {isa = PBXFileReference; lastKnownFileType = sourcecode.swift; path = ExploreCoordinatorType.swift; sourceTree = "<group>"; };
		6109FF812AE2945E00FFE532 /* ExploreCoordinator.swift */ = {isa = PBXFileReference; lastKnownFileType = sourcecode.swift; path = ExploreCoordinator.swift; sourceTree = "<group>"; };
		611350642ADC520100F65943 /* HomeViewControllerAdapter.swift */ = {isa = PBXFileReference; lastKnownFileType = sourcecode.swift; path = HomeViewControllerAdapter.swift; sourceTree = "<group>"; };
		612B00DD2B0213ED00CB0C06 /* UIImage+Extension.swift */ = {isa = PBXFileReference; lastKnownFileType = sourcecode.swift; path = "UIImage+Extension.swift"; sourceTree = "<group>"; };
		612B00DF2B02198A00CB0C06 /* DistributorCollectionViewCell.swift */ = {isa = PBXFileReference; lastKnownFileType = sourcecode.swift; path = DistributorCollectionViewCell.swift; sourceTree = "<group>"; };
		612B00E12B0226AA00CB0C06 /* Distributor.swift */ = {isa = PBXFileReference; lastKnownFileType = sourcecode.swift; path = Distributor.swift; sourceTree = "<group>"; };
		612B00E32B02278C00CB0C06 /* DistributorRepository.swift */ = {isa = PBXFileReference; lastKnownFileType = sourcecode.swift; path = DistributorRepository.swift; sourceTree = "<group>"; };
		612B00E52B025BC100CB0C06 /* DistributorSectionHeaderView.swift */ = {isa = PBXFileReference; lastKnownFileType = sourcecode.swift; path = DistributorSectionHeaderView.swift; sourceTree = "<group>"; };
		612B00E72B02772700CB0C06 /* CardBorderedView.swift */ = {isa = PBXFileReference; lastKnownFileType = sourcecode.swift; path = CardBorderedView.swift; sourceTree = "<group>"; };
		612E6F482AE8E69E0038DCD7 /* ThemeRepository.swift */ = {isa = PBXFileReference; lastKnownFileType = sourcecode.swift; path = ThemeRepository.swift; sourceTree = "<group>"; };
		612E6F4A2AE8E6CF0038DCD7 /* Theme.swift */ = {isa = PBXFileReference; lastKnownFileType = sourcecode.swift; path = Theme.swift; sourceTree = "<group>"; };
		614E94432A80EAC30024A9AE /* ProductCoreDataService.swift */ = {isa = PBXFileReference; lastKnownFileType = sourcecode.swift; path = ProductCoreDataService.swift; sourceTree = "<group>"; };
		614E94452A80EBB50024A9AE /* ProductCoreDataServiceTests.swift */ = {isa = PBXFileReference; lastKnownFileType = sourcecode.swift; path = ProductCoreDataServiceTests.swift; sourceTree = "<group>"; };
		615F957F2ADA96510093166B /* MainView.swift */ = {isa = PBXFileReference; lastKnownFileType = sourcecode.swift; path = MainView.swift; sourceTree = "<group>"; };
		615F95842ADAA4680093166B /* HomeHeaderView.swift */ = {isa = PBXFileReference; lastKnownFileType = sourcecode.swift; path = HomeHeaderView.swift; sourceTree = "<group>"; };
		6169AC282A6E435E00F84AE5 /* NetworkConstants.swift */ = {isa = PBXFileReference; lastKnownFileType = sourcecode.swift; path = NetworkConstants.swift; sourceTree = "<group>"; };
		6169AC2A2A6E437600F84AE5 /* RemoteDataSourceType.swift */ = {isa = PBXFileReference; lastKnownFileType = sourcecode.swift; path = RemoteDataSourceType.swift; sourceTree = "<group>"; };
		6169AC2C2A6E440E00F84AE5 /* HealthApiInterface.swift */ = {isa = PBXFileReference; lastKnownFileType = sourcecode.swift; path = HealthApiInterface.swift; sourceTree = "<group>"; };
		6169AC2F2A6E45AA00F84AE5 /* MoyaNetworkService.swift */ = {isa = PBXFileReference; lastKnownFileType = sourcecode.swift; path = MoyaNetworkService.swift; sourceTree = "<group>"; };
		6169AE4D2A6E558F00F84AE5 /* MoyaApiInterfaceType.swift */ = {isa = PBXFileReference; lastKnownFileType = sourcecode.swift; path = MoyaApiInterfaceType.swift; sourceTree = "<group>"; };
		6169AE532A6F8EDE00F84AE5 /* ProductApiInterface.swift */ = {isa = PBXFileReference; lastKnownFileType = sourcecode.swift; path = ProductApiInterface.swift; sourceTree = "<group>"; };
		6169AE552A6F9E7F00F84AE5 /* HomeViewModel.swift */ = {isa = PBXFileReference; lastKnownFileType = sourcecode.swift; path = HomeViewModel.swift; sourceTree = "<group>"; };
		6177F6AF2A91CBBB007CB220 /* Networking.h */ = {isa = PBXFileReference; lastKnownFileType = sourcecode.c.h; path = Networking.h; sourceTree = "<group>"; };
		6177F6B02A91CBBB007CB220 /* Networking.docc */ = {isa = PBXFileReference; lastKnownFileType = folder.documentationcatalog; path = Networking.docc; sourceTree = "<group>"; };
		61784D922A81FEC700E0B96D /* ProductCoreDataMapper.swift */ = {isa = PBXFileReference; lastKnownFileType = sourcecode.swift; path = ProductCoreDataMapper.swift; sourceTree = "<group>"; };
		6190D7F12AB1DEDB00276557 /* SCSH_3C_iOS.app */ = {isa = PBXFileReference; explicitFileType = wrapper.application; includeInIndex = 0; path = SCSH_3C_iOS.app; sourceTree = BUILT_PRODUCTS_DIR; };
		6190D7F22AB1DEDB00276557 /* Persistence.framework */ = {isa = PBXFileReference; explicitFileType = wrapper.framework; includeInIndex = 0; path = Persistence.framework; sourceTree = BUILT_PRODUCTS_DIR; };
		6190D7F32AB1DEDB00276557 /* Networking.framework */ = {isa = PBXFileReference; explicitFileType = wrapper.framework; includeInIndex = 0; path = Networking.framework; sourceTree = BUILT_PRODUCTS_DIR; };
		6190D7F42AB1DEDB00276557 /* SCSH_3C_iOSTests.xctest */ = {isa = PBXFileReference; explicitFileType = wrapper.cfbundle; includeInIndex = 0; path = SCSH_3C_iOSTests.xctest; sourceTree = BUILT_PRODUCTS_DIR; };
		6190D7F52AB1DEDB00276557 /* PersistenceTests.xctest */ = {isa = PBXFileReference; explicitFileType = wrapper.cfbundle; includeInIndex = 0; path = PersistenceTests.xctest; sourceTree = BUILT_PRODUCTS_DIR; };
		6190D7F62AB1DEDB00276557 /* NetworkingTests.xctest */ = {isa = PBXFileReference; explicitFileType = wrapper.cfbundle; includeInIndex = 0; path = NetworkingTests.xctest; sourceTree = BUILT_PRODUCTS_DIR; };
		6190D9052AB6EF2A00276557 /* NotificationFactory.swift */ = {isa = PBXFileReference; lastKnownFileType = sourcecode.swift; path = NotificationFactory.swift; sourceTree = "<group>"; };
		6190D9092AB6FBAE00276557 /* NotificationManagerTests.swift */ = {isa = PBXFileReference; lastKnownFileType = sourcecode.swift; path = NotificationManagerTests.swift; sourceTree = "<group>"; };
		6190D90B2AB83F3B00276557 /* NotificationCenterProxyType.swift */ = {isa = PBXFileReference; lastKnownFileType = sourcecode.swift; path = NotificationCenterProxyType.swift; sourceTree = "<group>"; };
		61A95C172A77EB18005BB895 /* ProductRepository.swift */ = {isa = PBXFileReference; lastKnownFileType = sourcecode.swift; path = ProductRepository.swift; sourceTree = "<group>"; };
		61A95C1A2A77F00B005BB895 /* ProductModelMapper.swift */ = {isa = PBXFileReference; lastKnownFileType = sourcecode.swift; path = ProductModelMapper.swift; sourceTree = "<group>"; };
		61A95C1D2A77F05A005BB895 /* Product.swift */ = {isa = PBXFileReference; lastKnownFileType = sourcecode.swift; path = Product.swift; sourceTree = "<group>"; };
		61A95C212A77F94C005BB895 /* ProductRepositoryTests.swift */ = {isa = PBXFileReference; lastKnownFileType = sourcecode.swift; path = ProductRepositoryTests.swift; sourceTree = "<group>"; };
		61B185582A971EE90072F119 /* NotificationManager.swift */ = {isa = PBXFileReference; lastKnownFileType = sourcecode.swift; path = NotificationManager.swift; sourceTree = "<group>"; };
		61C54E342A13A2B700EF39C3 /* MainApp.swift */ = {isa = PBXFileReference; lastKnownFileType = sourcecode.swift; path = MainApp.swift; sourceTree = "<group>"; };
		61C54E362A13A2B700EF39C3 /* HomeView.swift */ = {isa = PBXFileReference; lastKnownFileType = sourcecode.swift; path = HomeView.swift; sourceTree = "<group>"; };
		61C54E382A13A2B700EF39C3 /* Assets.xcassets */ = {isa = PBXFileReference; lastKnownFileType = folder.assetcatalog; path = Assets.xcassets; sourceTree = "<group>"; };
		61C54E3B2A13A2B700EF39C3 /* Preview Assets.xcassets */ = {isa = PBXFileReference; lastKnownFileType = folder.assetcatalog; path = "Preview Assets.xcassets"; sourceTree = "<group>"; };
		61C54E3D2A13A2B700EF39C3 /* CoreDataController.swift */ = {isa = PBXFileReference; lastKnownFileType = sourcecode.swift; path = CoreDataController.swift; sourceTree = "<group>"; };
		61C54E402A13A2B700EF39C3 /* SCSH_3C_iOS.xcdatamodel */ = {isa = PBXFileReference; lastKnownFileType = wrapper.xcdatamodel; path = SCSH_3C_iOS.xcdatamodel; sourceTree = "<group>"; };
		61C54E422A13A2B700EF39C3 /* Info.plist */ = {isa = PBXFileReference; lastKnownFileType = text.plist.xml; path = Info.plist; sourceTree = "<group>"; };
		61C931582A78225A00EA7BD8 /* HomeCoordinator.swift */ = {isa = PBXFileReference; lastKnownFileType = sourcecode.swift; path = HomeCoordinator.swift; sourceTree = "<group>"; };
		61C9315A2A78226300EA7BD8 /* HomeCoordinatorType.swift */ = {isa = PBXFileReference; lastKnownFileType = sourcecode.swift; path = HomeCoordinatorType.swift; sourceTree = "<group>"; };
		61C9326A2A7825DD00EA7BD8 /* StartUpCoordinator.swift */ = {isa = PBXFileReference; lastKnownFileType = sourcecode.swift; path = StartUpCoordinator.swift; sourceTree = "<group>"; };
		61DC01362AC9AB9D00F4E3EF /* LoginApiInterface.swift */ = {isa = PBXFileReference; lastKnownFileType = sourcecode.swift; path = LoginApiInterface.swift; sourceTree = "<group>"; };
		61DC01392AC9D3CE00F4E3EF /* LoginApiInterface_MoyaNetworkServiceTests.swift */ = {isa = PBXFileReference; lastKnownFileType = sourcecode.swift; path = LoginApiInterface_MoyaNetworkServiceTests.swift; sourceTree = "<group>"; };
		61DC013B2AC9DA2B00F4E3EF /* TokenApiInterface.swift */ = {isa = PBXFileReference; lastKnownFileType = sourcecode.swift; path = TokenApiInterface.swift; sourceTree = "<group>"; };
		61DC013D2AC9DF0D00F4E3EF /* TokenApiInterface_MoyaNetworkServiceTests.swift */ = {isa = PBXFileReference; lastKnownFileType = sourcecode.swift; path = TokenApiInterface_MoyaNetworkServiceTests.swift; sourceTree = "<group>"; };
		61DC013F2ACF618F00F4E3EF /* HomeViewController.swift */ = {isa = PBXFileReference; lastKnownFileType = sourcecode.swift; path = HomeViewController.swift; sourceTree = "<group>"; };
		61DC035E2AD269E900F4E3EF /* HeaderCollectionViewCell.swift */ = {isa = PBXFileReference; lastKnownFileType = sourcecode.swift; path = HeaderCollectionViewCell.swift; sourceTree = "<group>"; };
		61DC03642AD3C22600F4E3EF /* BodyCollectionViewCell.swift */ = {isa = PBXFileReference; lastKnownFileType = sourcecode.swift; path = BodyCollectionViewCell.swift; sourceTree = "<group>"; };
		61DC04762AD3CEE700F4E3EF /* ExploreViewController.swift */ = {isa = PBXFileReference; lastKnownFileType = sourcecode.swift; path = ExploreViewController.swift; sourceTree = "<group>"; };
		61DC04782AD3F27400F4E3EF /* ExploreViewModel.swift */ = {isa = PBXFileReference; lastKnownFileType = sourcecode.swift; path = ExploreViewModel.swift; sourceTree = "<group>"; };
		61DC047A2AD405DE00F4E3EF /* BoardSectionCollectionViewCell.swift */ = {isa = PBXFileReference; lastKnownFileType = sourcecode.swift; path = BoardSectionCollectionViewCell.swift; sourceTree = "<group>"; };
		61DC047C2AD4082B00F4E3EF /* RecentSectionCollectionViewCell.swift */ = {isa = PBXFileReference; lastKnownFileType = sourcecode.swift; path = RecentSectionCollectionViewCell.swift; sourceTree = "<group>"; };
		61DC047E2AD4086A00F4E3EF /* DistributorSectionCollectionViewCell.swift */ = {isa = PBXFileReference; lastKnownFileType = sourcecode.swift; path = DistributorSectionCollectionViewCell.swift; sourceTree = "<group>"; };
		61DC04802AD408CE00F4E3EF /* PopularSectionCollectionViewCell.swift */ = {isa = PBXFileReference; lastKnownFileType = sourcecode.swift; path = PopularSectionCollectionViewCell.swift; sourceTree = "<group>"; };
		61DC04842AD40F7800F4E3EF /* ExploreSectionCollectionViewCell.swift */ = {isa = PBXFileReference; lastKnownFileType = sourcecode.swift; path = ExploreSectionCollectionViewCell.swift; sourceTree = "<group>"; };
		61DC05942AD7C63A00F4E3EF /* RoundedButton.swift */ = {isa = PBXFileReference; lastKnownFileType = sourcecode.swift; name = RoundedButton.swift; path = SCSH_3C_iOS/Utility/UI/RoundedButton.swift; sourceTree = SOURCE_ROOT; };
		61E930ED2A827BE5000D99AC /* Persistence.h */ = {isa = PBXFileReference; lastKnownFileType = sourcecode.c.h; path = Persistence.h; sourceTree = "<group>"; };
		61E930EE2A827BE5000D99AC /* Persistence.docc */ = {isa = PBXFileReference; lastKnownFileType = folder.documentationcatalog; path = Persistence.docc; sourceTree = "<group>"; };
		61F5EFB52A70CB3300ACE03B /* HealthApiInterface_MoyaNetworkServiceTests.swift */ = {isa = PBXFileReference; lastKnownFileType = sourcecode.swift; path = HealthApiInterface_MoyaNetworkServiceTests.swift; sourceTree = "<group>"; };
		61F5F1D62A777B7700ACE03B /* ProductInterface_MoyaNetworkServiceTests.swift */ = {isa = PBXFileReference; lastKnownFileType = sourcecode.swift; path = ProductInterface_MoyaNetworkServiceTests.swift; sourceTree = "<group>"; };
		61F5F1D82A77DA2600ACE03B /* MoyaNetworkFacade.swift */ = {isa = PBXFileReference; lastKnownFileType = sourcecode.swift; path = MoyaNetworkFacade.swift; sourceTree = "<group>"; };
/* End PBXFileReference section */

/* Begin PBXFrameworksBuildPhase section */
		6177F6AA2A91CBBB007CB220 /* Frameworks */ = {
			isa = PBXFrameworksBuildPhase;
			buildActionMask = 2147483647;
			files = (
				6177F6D32A91CBFB007CB220 /* Moya in Frameworks */,
				6177F6D12A91CBFB007CB220 /* CombineMoya in Frameworks */,
			);
			runOnlyForDeploymentPostprocessing = 0;
		};
		6177F6B32A91CBBB007CB220 /* Frameworks */ = {
			isa = PBXFrameworksBuildPhase;
			buildActionMask = 2147483647;
			files = (
			);
			runOnlyForDeploymentPostprocessing = 0;
		};
		61C54E2E2A13A2B700EF39C3 /* Frameworks */ = {
			isa = PBXFrameworksBuildPhase;
			buildActionMask = 2147483647;
			files = (
				610901AC2AE8AFCE00FFE532 /* Kingfisher in Frameworks */,
				611350602ADBBE1D00F65943 /* Persistence.framework in Frameworks */,
				6113505C2ADBBE1D00F65943 /* Networking.framework in Frameworks */,
			);
			runOnlyForDeploymentPostprocessing = 0;
		};
		61C54E442A13A2B800EF39C3 /* Frameworks */ = {
			isa = PBXFrameworksBuildPhase;
			buildActionMask = 2147483647;
			files = (
			);
			runOnlyForDeploymentPostprocessing = 0;
		};
		61E930E82A827BE5000D99AC /* Frameworks */ = {
			isa = PBXFrameworksBuildPhase;
			buildActionMask = 2147483647;
			files = (
			);
			runOnlyForDeploymentPostprocessing = 0;
		};
		61E930F12A827BE5000D99AC /* Frameworks */ = {
			isa = PBXFrameworksBuildPhase;
			buildActionMask = 2147483647;
			files = (
			);
			runOnlyForDeploymentPostprocessing = 0;
		};
/* End PBXFrameworksBuildPhase section */

/* Begin PBXGroup section */
		610901A12AE522AD00FFE532 /* ViewObject */ = {
			isa = PBXGroup;
			children = (
			);
			path = ViewObject;
			sourceTree = "<group>";
		};
		6109FF7E2AE2661D00FFE532 /* Entity */ = {
			isa = PBXGroup;
			children = (
				6109FF7C2AE264F000FFE532 /* Route.swift */,
			);
			path = Entity;
			sourceTree = "<group>";
		};
		6113505B2ADBBE1D00F65943 /* Frameworks */ = {
			isa = PBXGroup;
			children = (
			);
			name = Frameworks;
			sourceTree = "<group>";
		};
		612B00DC2B02138100CB0C06 /* Extensions */ = {
			isa = PBXGroup;
			children = (
				612B00DD2B0213ED00CB0C06 /* UIImage+Extension.swift */,
			);
			path = Extensions;
			sourceTree = "<group>";
		};
		6169AC222A6E3E3A00F84AE5 /* Utility */ = {
			isa = PBXGroup;
			children = (
				612B00DC2B02138100CB0C06 /* Extensions */,
				61DC05962AD7C64700F4E3EF /* UI */,
			);
			path = Utility;
			sourceTree = "<group>";
		};
		6169AC232A6E3E4200F84AE5 /* Modules */ = {
			isa = PBXGroup;
			children = (
				61DC04742AD3CECF00F4E3EF /* Explore */,
				61C931572A7821EE00EA7BD8 /* Home */,
				61C54E342A13A2B700EF39C3 /* MainApp.swift */,
				615F957F2ADA96510093166B /* MainView.swift */,
			);
			path = Modules;
			sourceTree = "<group>";
		};
		6169AC242A6E3E4700F84AE5 /* Resources */ = {
			isa = PBXGroup;
			children = (
				61C54E422A13A2B700EF39C3 /* Info.plist */,
				61C54E382A13A2B700EF39C3 /* Assets.xcassets */,
			);
			path = Resources;
			sourceTree = "<group>";
		};
		6169AC252A6E3E5400F84AE5 /* Repository */ = {
			isa = PBXGroup;
			children = (
				61A95C192A77EFF1005BB895 /* Mapper */,
				61A95C1C2A77F04C005BB895 /* Model */,
				61A95C172A77EB18005BB895 /* ProductRepository.swift */,
				610901A42AE529F000FFE532 /* BoardRepository.swift */,
				612E6F482AE8E69E0038DCD7 /* ThemeRepository.swift */,
				612B00E32B02278C00CB0C06 /* DistributorRepository.swift */,
			);
			path = Repository;
			sourceTree = "<group>";
		};
		6169AC262A6E3E6300F84AE5 /* Coordinator */ = {
			isa = PBXGroup;
			children = (
				6109FF7E2AE2661D00FFE532 /* Entity */,
				6109FF7A2AE264C300FFE532 /* CoordinatorFacade.swift */,
				6109FF782AE2619F00FFE532 /* CoordinatorType.swift */,
				61C931582A78225A00EA7BD8 /* HomeCoordinator.swift */,
				61C9326A2A7825DD00EA7BD8 /* StartUpCoordinator.swift */,
				6109FF812AE2945E00FFE532 /* ExploreCoordinator.swift */,
			);
			path = Coordinator;
			sourceTree = "<group>";
		};
		6169AC272A6E429400F84AE5 /* Moya */ = {
			isa = PBXGroup;
			children = (
				6169AC2E2A6E444D00F84AE5 /* MoyaApiInterface */,
				6169AC2F2A6E45AA00F84AE5 /* MoyaNetworkService.swift */,
				61F5F1D82A77DA2600ACE03B /* MoyaNetworkFacade.swift */,
			);
			path = Moya;
			sourceTree = "<group>";
		};
		6169AC2E2A6E444D00F84AE5 /* MoyaApiInterface */ = {
			isa = PBXGroup;
			children = (
				61DC01352AC9AB8400F4E3EF /* Auth */,
				6169AE4F2A6E55C800F84AE5 /* Health */,
				6169AE4D2A6E558F00F84AE5 /* MoyaApiInterfaceType.swift */,
				6169AE522A6F8ECD00F84AE5 /* Product */,
			);
			path = MoyaApiInterface;
			sourceTree = "<group>";
		};
		6169AE4F2A6E55C800F84AE5 /* Health */ = {
			isa = PBXGroup;
			children = (
				6169AC2C2A6E440E00F84AE5 /* HealthApiInterface.swift */,
			);
			path = Health;
			sourceTree = "<group>";
		};
		6169AE522A6F8ECD00F84AE5 /* Product */ = {
			isa = PBXGroup;
			children = (
				6169AE532A6F8EDE00F84AE5 /* ProductApiInterface.swift */,
			);
			path = Product;
			sourceTree = "<group>";
		};
		6177F6AE2A91CBBB007CB220 /* Networking */ = {
			isa = PBXGroup;
			children = (
				6169AC282A6E435E00F84AE5 /* NetworkConstants.swift */,
				6169AC2A2A6E437600F84AE5 /* RemoteDataSourceType.swift */,
				6169AC272A6E429400F84AE5 /* Moya */,
				6177F6AF2A91CBBB007CB220 /* Networking.h */,
				6177F6B02A91CBBB007CB220 /* Networking.docc */,
			);
			path = Networking;
			sourceTree = "<group>";
		};
		6177F6BC2A91CBBB007CB220 /* NetworkingTests */ = {
			isa = PBXGroup;
			children = (
				61F5F0C52A77554100ACE03B /* Moya */,
			);
			path = NetworkingTests;
			sourceTree = "<group>";
		};
		61784D3F2A81EBCB00E0B96D /* Product */ = {
			isa = PBXGroup;
			children = (
				614E94432A80EAC30024A9AE /* ProductCoreDataService.swift */,
				61784D922A81FEC700E0B96D /* ProductCoreDataMapper.swift */,
			);
			path = Product;
			sourceTree = "<group>";
		};
		61784D8F2A81F86E00E0B96D /* CoreData */ = {
			isa = PBXGroup;
			children = (
				61784D3F2A81EBCB00E0B96D /* Product */,
				61C54E3D2A13A2B700EF39C3 /* CoreDataController.swift */,
				61C54E3F2A13A2B700EF39C3 /* CoreData.xcdatamodeld */,
			);
			path = CoreData;
			sourceTree = "<group>";
		};
		61784D902A81F87A00E0B96D /* CoreData */ = {
			isa = PBXGroup;
			children = (
				61784D912A81F90900E0B96D /* Product */,
			);
			path = CoreData;
			sourceTree = "<group>";
		};
		61784D912A81F90900E0B96D /* Product */ = {
			isa = PBXGroup;
			children = (
				614E94452A80EBB50024A9AE /* ProductCoreDataServiceTests.swift */,
			);
			path = Product;
			sourceTree = "<group>";
		};
		6190D9072AB6FB6B00276557 /* Ecosystem */ = {
			isa = PBXGroup;
			children = (
				6190D9082AB6FB7F00276557 /* Notification */,
			);
			path = Ecosystem;
			sourceTree = "<group>";
		};
		6190D9082AB6FB7F00276557 /* Notification */ = {
			isa = PBXGroup;
			children = (
				6190D9092AB6FBAE00276557 /* NotificationManagerTests.swift */,
			);
			path = Notification;
			sourceTree = "<group>";
		};
		61A95C192A77EFF1005BB895 /* Mapper */ = {
			isa = PBXGroup;
			children = (
				61A95C1A2A77F00B005BB895 /* ProductModelMapper.swift */,
			);
			path = Mapper;
			sourceTree = "<group>";
		};
		61A95C1C2A77F04C005BB895 /* Model */ = {
			isa = PBXGroup;
			children = (
				61A95C1D2A77F05A005BB895 /* Product.swift */,
				610901A82AE5381B00FFE532 /* ExploreBoard.swift */,
				612E6F4A2AE8E6CF0038DCD7 /* Theme.swift */,
				612B00E12B0226AA00CB0C06 /* Distributor.swift */,
			);
			path = Model;
			sourceTree = "<group>";
		};
		61A95C1F2A77F904005BB895 /* Repository */ = {
			isa = PBXGroup;
			children = (
				61A95C212A77F94C005BB895 /* ProductRepositoryTests.swift */,
			);
			path = Repository;
			sourceTree = "<group>";
		};
		61B1855A2A98B5520072F119 /* Ecosystem */ = {
			isa = PBXGroup;
			children = (
				61B1855B2A98B5700072F119 /* Notification */,
			);
			path = Ecosystem;
			sourceTree = "<group>";
		};
		61B1855B2A98B5700072F119 /* Notification */ = {
			isa = PBXGroup;
			children = (
				61B185582A971EE90072F119 /* NotificationManager.swift */,
				6190D9052AB6EF2A00276557 /* NotificationFactory.swift */,
				6190D90B2AB83F3B00276557 /* NotificationCenterProxyType.swift */,
			);
			path = Notification;
			sourceTree = "<group>";
		};
		61C54E282A13A2B700EF39C3 = {
			isa = PBXGroup;
			children = (
				61C54E332A13A2B700EF39C3 /* SCSH_3C_iOS */,
				61C54E4A2A13A2B800EF39C3 /* SCSH_3C_iOSTests */,
				61E930EC2A827BE5000D99AC /* Persistence */,
				61E930FA2A827BE5000D99AC /* PersistenceTests */,
				6177F6AE2A91CBBB007CB220 /* Networking */,
				6177F6BC2A91CBBB007CB220 /* NetworkingTests */,
				6190D7F12AB1DEDB00276557 /* SCSH_3C_iOS.app */,
				6190D7F22AB1DEDB00276557 /* Persistence.framework */,
				6190D7F32AB1DEDB00276557 /* Networking.framework */,
				6190D7F42AB1DEDB00276557 /* SCSH_3C_iOSTests.xctest */,
				6190D7F52AB1DEDB00276557 /* PersistenceTests.xctest */,
				6190D7F62AB1DEDB00276557 /* NetworkingTests.xctest */,
				6113505B2ADBBE1D00F65943 /* Frameworks */,
			);
			sourceTree = "<group>";
		};
		61C54E332A13A2B700EF39C3 /* SCSH_3C_iOS */ = {
			isa = PBXGroup;
			children = (
				6169AC262A6E3E6300F84AE5 /* Coordinator */,
				61B1855A2A98B5520072F119 /* Ecosystem */,
				6169AC232A6E3E4200F84AE5 /* Modules */,
				61C54E3A2A13A2B700EF39C3 /* Preview Content */,
				6169AC252A6E3E5400F84AE5 /* Repository */,
				6169AC242A6E3E4700F84AE5 /* Resources */,
				6169AC222A6E3E3A00F84AE5 /* Utility */,
			);
			path = SCSH_3C_iOS;
			sourceTree = "<group>";
		};
		61C54E3A2A13A2B700EF39C3 /* Preview Content */ = {
			isa = PBXGroup;
			children = (
				61C54E3B2A13A2B700EF39C3 /* Preview Assets.xcassets */,
			);
			path = "Preview Content";
			sourceTree = "<group>";
		};
		61C54E4A2A13A2B800EF39C3 /* SCSH_3C_iOSTests */ = {
			isa = PBXGroup;
			children = (
				6190D9072AB6FB6B00276557 /* Ecosystem */,
				61A95C1F2A77F904005BB895 /* Repository */,
			);
			path = SCSH_3C_iOSTests;
			sourceTree = "<group>";
		};
		61C931572A7821EE00EA7BD8 /* Home */ = {
			isa = PBXGroup;
			children = (
				61DC024F2AD04C9000F4E3EF /* View */,
				6169AE552A6F9E7F00F84AE5 /* HomeViewModel.swift */,
				61C9315A2A78226300EA7BD8 /* HomeCoordinatorType.swift */,
			);
			path = Home;
			sourceTree = "<group>";
		};
		61DC01352AC9AB8400F4E3EF /* Auth */ = {
			isa = PBXGroup;
			children = (
				61DC01362AC9AB9D00F4E3EF /* LoginApiInterface.swift */,
				61DC013B2AC9DA2B00F4E3EF /* TokenApiInterface.swift */,
			);
			path = Auth;
			sourceTree = "<group>";
		};
		61DC01382AC9D3A400F4E3EF /* Auth */ = {
			isa = PBXGroup;
			children = (
				61DC01392AC9D3CE00F4E3EF /* LoginApiInterface_MoyaNetworkServiceTests.swift */,
				61DC013D2AC9DF0D00F4E3EF /* TokenApiInterface_MoyaNetworkServiceTests.swift */,
			);
			path = Auth;
			sourceTree = "<group>";
		};
		61DC024F2AD04C9000F4E3EF /* View */ = {
			isa = PBXGroup;
			children = (
				611350642ADC520100F65943 /* HomeViewControllerAdapter.swift */,
				615F95842ADAA4680093166B /* HomeHeaderView.swift */,
				61C54E362A13A2B700EF39C3 /* HomeView.swift */,
				61DC013F2ACF618F00F4E3EF /* HomeViewController.swift */,
				61DC035E2AD269E900F4E3EF /* HeaderCollectionViewCell.swift */,
				61DC03642AD3C22600F4E3EF /* BodyCollectionViewCell.swift */,
			);
			path = View;
			sourceTree = "<group>";
		};
		61DC04742AD3CECF00F4E3EF /* Explore */ = {
			isa = PBXGroup;
			children = (
				610901A12AE522AD00FFE532 /* ViewObject */,
				61DC04752AD3CED600F4E3EF /* View */,
				61DC04782AD3F27400F4E3EF /* ExploreViewModel.swift */,
				6109FF7F2AE2942D00FFE532 /* ExploreCoordinatorType.swift */,
			);
			path = Explore;
			sourceTree = "<group>";
		};
		61DC04752AD3CED600F4E3EF /* View */ = {
			isa = PBXGroup;
			children = (
				61DC04762AD3CEE700F4E3EF /* ExploreViewController.swift */,
				610901A62AE5378A00FFE532 /* BoardCollectionViewCell.swift */,
				61DC047A2AD405DE00F4E3EF /* BoardSectionCollectionViewCell.swift */,
				61DC047C2AD4082B00F4E3EF /* RecentSectionCollectionViewCell.swift */,
				612B00DF2B02198A00CB0C06 /* DistributorCollectionViewCell.swift */,
				612B00E52B025BC100CB0C06 /* DistributorSectionHeaderView.swift */,
				61DC047E2AD4086A00F4E3EF /* DistributorSectionCollectionViewCell.swift */,
				61DC04802AD408CE00F4E3EF /* PopularSectionCollectionViewCell.swift */,
				61DC04842AD40F7800F4E3EF /* ExploreSectionCollectionViewCell.swift */,
			);
			path = View;
			sourceTree = "<group>";
		};
		61DC05962AD7C64700F4E3EF /* UI */ = {
			isa = PBXGroup;
			children = (
				61DC05942AD7C63A00F4E3EF /* RoundedButton.swift */,
				612B00E72B02772700CB0C06 /* CardBorderedView.swift */,
			);
			path = UI;
			sourceTree = "<group>";
		};
		61E930EC2A827BE5000D99AC /* Persistence */ = {
			isa = PBXGroup;
			children = (
				61784D8F2A81F86E00E0B96D /* CoreData */,
				61E930ED2A827BE5000D99AC /* Persistence.h */,
				61E930EE2A827BE5000D99AC /* Persistence.docc */,
			);
			path = Persistence;
			sourceTree = "<group>";
		};
		61E930FA2A827BE5000D99AC /* PersistenceTests */ = {
			isa = PBXGroup;
			children = (
				61784D902A81F87A00E0B96D /* CoreData */,
			);
			path = PersistenceTests;
			sourceTree = "<group>";
		};
		61F5F0C52A77554100ACE03B /* Moya */ = {
			isa = PBXGroup;
			children = (
				61DC01382AC9D3A400F4E3EF /* Auth */,
				61F5F0C62A77720E00ACE03B /* Health */,
				61F5F1D52A777B5E00ACE03B /* Product */,
			);
			path = Moya;
			sourceTree = "<group>";
		};
		61F5F0C62A77720E00ACE03B /* Health */ = {
			isa = PBXGroup;
			children = (
				61F5EFB52A70CB3300ACE03B /* HealthApiInterface_MoyaNetworkServiceTests.swift */,
			);
			path = Health;
			sourceTree = "<group>";
		};
		61F5F1D52A777B5E00ACE03B /* Product */ = {
			isa = PBXGroup;
			children = (
				61F5F1D62A777B7700ACE03B /* ProductInterface_MoyaNetworkServiceTests.swift */,
			);
			path = Product;
			sourceTree = "<group>";
		};
/* End PBXGroup section */

/* Begin PBXHeadersBuildPhase section */
		6177F6A82A91CBBB007CB220 /* Headers */ = {
			isa = PBXHeadersBuildPhase;
			buildActionMask = 2147483647;
			files = (
				6177F6BF2A91CBBB007CB220 /* Networking.h in Headers */,
			);
			runOnlyForDeploymentPostprocessing = 0;
		};
		61E930E62A827BE5000D99AC /* Headers */ = {
			isa = PBXHeadersBuildPhase;
			buildActionMask = 2147483647;
			files = (
				61E930FD2A827BE5000D99AC /* Persistence.h in Headers */,
			);
			runOnlyForDeploymentPostprocessing = 0;
		};
/* End PBXHeadersBuildPhase section */

/* Begin PBXNativeTarget section */
		6177F6AC2A91CBBB007CB220 /* Networking */ = {
			isa = PBXNativeTarget;
			buildConfigurationList = 6177F6C42A91CBBB007CB220 /* Build configuration list for PBXNativeTarget "Networking" */;
			buildPhases = (
				6177F6A82A91CBBB007CB220 /* Headers */,
				6177F6A92A91CBBB007CB220 /* Sources */,
				6177F6AA2A91CBBB007CB220 /* Frameworks */,
				6177F6AB2A91CBBB007CB220 /* Resources */,
			);
			buildRules = (
			);
			dependencies = (
			);
			name = Networking;
			packageProductDependencies = (
				6177F6D02A91CBFB007CB220 /* CombineMoya */,
				6177F6D22A91CBFB007CB220 /* Moya */,
			);
			productName = Networking;
			productReference = 6190D7F32AB1DEDB00276557 /* Networking.framework */;
			productType = "com.apple.product-type.framework";
		};
		6177F6B52A91CBBB007CB220 /* NetworkingTests */ = {
			isa = PBXNativeTarget;
			buildConfigurationList = 6177F6C72A91CBBB007CB220 /* Build configuration list for PBXNativeTarget "NetworkingTests" */;
			buildPhases = (
				6177F6B22A91CBBB007CB220 /* Sources */,
				6177F6B32A91CBBB007CB220 /* Frameworks */,
				6177F6B42A91CBBB007CB220 /* Resources */,
			);
			buildRules = (
			);
			dependencies = (
				6177F6B92A91CBBB007CB220 /* PBXTargetDependency */,
				6177F6BB2A91CBBB007CB220 /* PBXTargetDependency */,
			);
			name = NetworkingTests;
			productName = NetworkingTests;
			productReference = 6190D7F62AB1DEDB00276557 /* NetworkingTests.xctest */;
			productType = "com.apple.product-type.bundle.unit-test";
		};
		61C54E302A13A2B700EF39C3 /* SCSH_3C_iOS */ = {
			isa = PBXNativeTarget;
			buildConfigurationList = 61C54E5B2A13A2B800EF39C3 /* Build configuration list for PBXNativeTarget "SCSH_3C_iOS" */;
			buildPhases = (
				61C54E2D2A13A2B700EF39C3 /* Sources */,
				61C54E2E2A13A2B700EF39C3 /* Frameworks */,
				61C54E2F2A13A2B700EF39C3 /* Resources */,
				61784D602A81EE2500E0B96D /* Embed Frameworks */,
			);
			buildRules = (
			);
			dependencies = (
				6113505F2ADBBE1D00F65943 /* PBXTargetDependency */,
				611350632ADBBE1D00F65943 /* PBXTargetDependency */,
			);
			name = SCSH_3C_iOS;
			packageProductDependencies = (
				610901AB2AE8AFCE00FFE532 /* Kingfisher */,
			);
			productName = SCSH_3C_iOS;
			productReference = 6190D7F12AB1DEDB00276557 /* SCSH_3C_iOS.app */;
			productType = "com.apple.product-type.application";
		};
		61C54E462A13A2B800EF39C3 /* SCSH_3C_iOSTests */ = {
			isa = PBXNativeTarget;
			buildConfigurationList = 61C54E5E2A13A2B800EF39C3 /* Build configuration list for PBXNativeTarget "SCSH_3C_iOSTests" */;
			buildPhases = (
				61C54E432A13A2B800EF39C3 /* Sources */,
				61C54E442A13A2B800EF39C3 /* Frameworks */,
				61C54E452A13A2B800EF39C3 /* Resources */,
			);
			buildRules = (
			);
			dependencies = (
				61C54E492A13A2B800EF39C3 /* PBXTargetDependency */,
			);
			name = SCSH_3C_iOSTests;
			productName = SCSH_3C_iOSTests;
			productReference = 6190D7F42AB1DEDB00276557 /* SCSH_3C_iOSTests.xctest */;
			productType = "com.apple.product-type.bundle.unit-test";
		};
		61E930EA2A827BE5000D99AC /* Persistence */ = {
			isa = PBXNativeTarget;
			buildConfigurationList = 61E931062A827BE5000D99AC /* Build configuration list for PBXNativeTarget "Persistence" */;
			buildPhases = (
				61E930E62A827BE5000D99AC /* Headers */,
				61E930E72A827BE5000D99AC /* Sources */,
				61E930E82A827BE5000D99AC /* Frameworks */,
				61E930E92A827BE5000D99AC /* Resources */,
			);
			buildRules = (
			);
			dependencies = (
			);
			name = Persistence;
			productName = Persistence;
			productReference = 6190D7F22AB1DEDB00276557 /* Persistence.framework */;
			productType = "com.apple.product-type.framework";
		};
		61E930F32A827BE5000D99AC /* PersistenceTests */ = {
			isa = PBXNativeTarget;
			buildConfigurationList = 61E931072A827BE5000D99AC /* Build configuration list for PBXNativeTarget "PersistenceTests" */;
			buildPhases = (
				61E930F02A827BE5000D99AC /* Sources */,
				61E930F12A827BE5000D99AC /* Frameworks */,
				61E930F22A827BE5000D99AC /* Resources */,
			);
			buildRules = (
			);
			dependencies = (
				61E930F72A827BE5000D99AC /* PBXTargetDependency */,
				61E930F92A827BE5000D99AC /* PBXTargetDependency */,
			);
			name = PersistenceTests;
			productName = PersistenceTests;
			productReference = 6190D7F52AB1DEDB00276557 /* PersistenceTests.xctest */;
			productType = "com.apple.product-type.bundle.unit-test";
		};
/* End PBXNativeTarget section */

/* Begin PBXProject section */
		61C54E292A13A2B700EF39C3 /* Project object */ = {
			isa = PBXProject;
			attributes = {
				BuildIndependentTargetsInParallel = 1;
				LastSwiftUpdateCheck = 1420;
				LastUpgradeCheck = 1420;
				TargetAttributes = {
					6177F6AC2A91CBBB007CB220 = {
						CreatedOnToolsVersion = 14.2;
					};
					6177F6B52A91CBBB007CB220 = {
						CreatedOnToolsVersion = 14.2;
						TestTargetID = 61C54E302A13A2B700EF39C3;
					};
					61C54E302A13A2B700EF39C3 = {
						CreatedOnToolsVersion = 14.2;
					};
					61C54E462A13A2B800EF39C3 = {
						CreatedOnToolsVersion = 14.2;
						LastSwiftMigration = 1420;
						TestTargetID = 61C54E302A13A2B700EF39C3;
					};
					61E930EA2A827BE5000D99AC = {
						CreatedOnToolsVersion = 14.2;
					};
					61E930F32A827BE5000D99AC = {
						CreatedOnToolsVersion = 14.2;
						TestTargetID = 61C54E302A13A2B700EF39C3;
					};
				};
			};
			buildConfigurationList = 61C54E2C2A13A2B700EF39C3 /* Build configuration list for PBXProject "SCSH_3C_iOS" */;
			compatibilityVersion = "Xcode 14.0";
			developmentRegion = en;
			hasScannedForEncodings = 0;
			knownRegions = (
				en,
				Base,
			);
			mainGroup = 61C54E282A13A2B700EF39C3;
			packageReferences = (
				61A0D9182A1BA4BA00C18629 /* XCRemoteSwiftPackageReference "Moya" */,
				610901AA2AE8AFCE00FFE532 /* XCRemoteSwiftPackageReference "Kingfisher" */,
			);
			productRefGroup = 61C54E282A13A2B700EF39C3;
			projectDirPath = "";
			projectRoot = "";
			targets = (
				61C54E302A13A2B700EF39C3 /* SCSH_3C_iOS */,
				61C54E462A13A2B800EF39C3 /* SCSH_3C_iOSTests */,
				61E930EA2A827BE5000D99AC /* Persistence */,
				61E930F32A827BE5000D99AC /* PersistenceTests */,
				6177F6AC2A91CBBB007CB220 /* Networking */,
				6177F6B52A91CBBB007CB220 /* NetworkingTests */,
			);
		};
/* End PBXProject section */

/* Begin PBXResourcesBuildPhase section */
		6177F6AB2A91CBBB007CB220 /* Resources */ = {
			isa = PBXResourcesBuildPhase;
			buildActionMask = 2147483647;
			files = (
			);
			runOnlyForDeploymentPostprocessing = 0;
		};
		6177F6B42A91CBBB007CB220 /* Resources */ = {
			isa = PBXResourcesBuildPhase;
			buildActionMask = 2147483647;
			files = (
			);
			runOnlyForDeploymentPostprocessing = 0;
		};
		61C54E2F2A13A2B700EF39C3 /* Resources */ = {
			isa = PBXResourcesBuildPhase;
			buildActionMask = 2147483647;
			files = (
				61C54E3C2A13A2B700EF39C3 /* Preview Assets.xcassets in Resources */,
				61C54E392A13A2B700EF39C3 /* Assets.xcassets in Resources */,
			);
			runOnlyForDeploymentPostprocessing = 0;
		};
		61C54E452A13A2B800EF39C3 /* Resources */ = {
			isa = PBXResourcesBuildPhase;
			buildActionMask = 2147483647;
			files = (
			);
			runOnlyForDeploymentPostprocessing = 0;
		};
		61E930E92A827BE5000D99AC /* Resources */ = {
			isa = PBXResourcesBuildPhase;
			buildActionMask = 2147483647;
			files = (
			);
			runOnlyForDeploymentPostprocessing = 0;
		};
		61E930F22A827BE5000D99AC /* Resources */ = {
			isa = PBXResourcesBuildPhase;
			buildActionMask = 2147483647;
			files = (
			);
			runOnlyForDeploymentPostprocessing = 0;
		};
/* End PBXResourcesBuildPhase section */

/* Begin PBXSourcesBuildPhase section */
		6177F6A92A91CBBB007CB220 /* Sources */ = {
			isa = PBXSourcesBuildPhase;
			buildActionMask = 2147483647;
			files = (
				6177F6D72A91CCD9007CB220 /* MoyaApiInterfaceType.swift in Sources */,
				6177F6D62A91CCD1007CB220 /* HealthApiInterface.swift in Sources */,
				6177F6D92A91CD7F007CB220 /* MoyaNetworkService.swift in Sources */,
				6177F6D52A91CCAF007CB220 /* RemoteDataSourceType.swift in Sources */,
				61DC013C2AC9DA2B00F4E3EF /* TokenApiInterface.swift in Sources */,
				6177F6D42A91CCAF007CB220 /* NetworkConstants.swift in Sources */,
				6177F6D82A91CD73007CB220 /* ProductApiInterface.swift in Sources */,
				61DC01372AC9AB9D00F4E3EF /* LoginApiInterface.swift in Sources */,
				6177F6DA2A91CD84007CB220 /* MoyaNetworkFacade.swift in Sources */,
				6177F6B12A91CBBB007CB220 /* Networking.docc in Sources */,
			);
			runOnlyForDeploymentPostprocessing = 0;
		};
		6177F6B22A91CBBB007CB220 /* Sources */ = {
			isa = PBXSourcesBuildPhase;
			buildActionMask = 2147483647;
			files = (
				61DC013A2AC9D3CE00F4E3EF /* LoginApiInterface_MoyaNetworkServiceTests.swift in Sources */,
				61DC013E2AC9DF0D00F4E3EF /* TokenApiInterface_MoyaNetworkServiceTests.swift in Sources */,
				6177F6DB2A91CDE3007CB220 /* ProductInterface_MoyaNetworkServiceTests.swift in Sources */,
				6177F6DC2A91CDE7007CB220 /* HealthApiInterface_MoyaNetworkServiceTests.swift in Sources */,
			);
			runOnlyForDeploymentPostprocessing = 0;
		};
		61C54E2D2A13A2B700EF39C3 /* Sources */ = {
			isa = PBXSourcesBuildPhase;
			buildActionMask = 2147483647;
			files = (
				6109FF802AE2942D00FFE532 /* ExploreCoordinatorType.swift in Sources */,
				61C9326B2A7825DD00EA7BD8 /* StartUpCoordinator.swift in Sources */,
				61A95C1E2A77F05A005BB895 /* Product.swift in Sources */,
				6109FF822AE2945E00FFE532 /* ExploreCoordinator.swift in Sources */,
				6169AE562A6F9E7F00F84AE5 /* HomeViewModel.swift in Sources */,
				61A95C1B2A77F00B005BB895 /* ProductModelMapper.swift in Sources */,
				612B00E02B02198A00CB0C06 /* DistributorCollectionViewCell.swift in Sources */,
				6109FF7D2AE264F000FFE532 /* Route.swift in Sources */,
				61DC04812AD408CE00F4E3EF /* PopularSectionCollectionViewCell.swift in Sources */,
				6109FF792AE2619F00FFE532 /* CoordinatorType.swift in Sources */,
				61DC047B2AD405DE00F4E3EF /* BoardSectionCollectionViewCell.swift in Sources */,
				612B00E82B02772700CB0C06 /* CardBorderedView.swift in Sources */,
				610901A72AE5378A00FFE532 /* BoardCollectionViewCell.swift in Sources */,
				61DC04772AD3CEE700F4E3EF /* ExploreViewController.swift in Sources */,
				612E6F4B2AE8E6CF0038DCD7 /* Theme.swift in Sources */,
				612B00E22B0226AA00CB0C06 /* Distributor.swift in Sources */,
				61DC05952AD7C63A00F4E3EF /* RoundedButton.swift in Sources */,
				61A95C182A77EB18005BB895 /* ProductRepository.swift in Sources */,
				61C931592A78225A00EA7BD8 /* HomeCoordinator.swift in Sources */,
				61C54E372A13A2B700EF39C3 /* HomeView.swift in Sources */,
				612E6F492AE8E69E0038DCD7 /* ThemeRepository.swift in Sources */,
				61DC04852AD40F7800F4E3EF /* ExploreSectionCollectionViewCell.swift in Sources */,
				61C9315B2A78226300EA7BD8 /* HomeCoordinatorType.swift in Sources */,
				61DC047F2AD4086A00F4E3EF /* DistributorSectionCollectionViewCell.swift in Sources */,
				612B00E62B025BC100CB0C06 /* DistributorSectionHeaderView.swift in Sources */,
				61DC04792AD3F27400F4E3EF /* ExploreViewModel.swift in Sources */,
				615F95852ADAA4680093166B /* HomeHeaderView.swift in Sources */,
				612B00E42B02278C00CB0C06 /* DistributorRepository.swift in Sources */,
				6190D90C2AB83F3B00276557 /* NotificationCenterProxyType.swift in Sources */,
				611350652ADC520100F65943 /* HomeViewControllerAdapter.swift in Sources */,
				61DC035F2AD269E900F4E3EF /* HeaderCollectionViewCell.swift in Sources */,
				61B185592A971EE90072F119 /* NotificationManager.swift in Sources */,
				61C54E352A13A2B700EF39C3 /* MainApp.swift in Sources */,
				615F95802ADA96510093166B /* MainView.swift in Sources */,
				610901A52AE529F000FFE532 /* BoardRepository.swift in Sources */,
				61DC01402ACF618F00F4E3EF /* HomeViewController.swift in Sources */,
				6109FF7B2AE264C300FFE532 /* CoordinatorFacade.swift in Sources */,
				6190D9062AB6EF2A00276557 /* NotificationFactory.swift in Sources */,
				610901A92AE5381B00FFE532 /* ExploreBoard.swift in Sources */,
				612B00DE2B0213ED00CB0C06 /* UIImage+Extension.swift in Sources */,
				61DC047D2AD4082B00F4E3EF /* RecentSectionCollectionViewCell.swift in Sources */,
				61DC03652AD3C22600F4E3EF /* BodyCollectionViewCell.swift in Sources */,
			);
			runOnlyForDeploymentPostprocessing = 0;
		};
		61C54E432A13A2B800EF39C3 /* Sources */ = {
			isa = PBXSourcesBuildPhase;
			buildActionMask = 2147483647;
			files = (
				6190D90A2AB6FBAE00276557 /* NotificationManagerTests.swift in Sources */,
				61A95C222A77F94C005BB895 /* ProductRepositoryTests.swift in Sources */,
			);
			runOnlyForDeploymentPostprocessing = 0;
		};
		61E930E72A827BE5000D99AC /* Sources */ = {
			isa = PBXSourcesBuildPhase;
			buildActionMask = 2147483647;
			files = (
				61A5CAFB2A827CD10035950B /* ProductCoreDataService.swift in Sources */,
				61E931082A827C55000D99AC /* CoreData.xcdatamodeld in Sources */,
				61A5CAFD2A827CD80035950B /* CoreDataController.swift in Sources */,
				61E930EF2A827BE5000D99AC /* Persistence.docc in Sources */,
				61A5CAFC2A827CD50035950B /* ProductCoreDataMapper.swift in Sources */,
			);
			runOnlyForDeploymentPostprocessing = 0;
		};
		61E930F02A827BE5000D99AC /* Sources */ = {
			isa = PBXSourcesBuildPhase;
			buildActionMask = 2147483647;
			files = (
				61A5CAFE2A827CE40035950B /* ProductCoreDataServiceTests.swift in Sources */,
			);
			runOnlyForDeploymentPostprocessing = 0;
		};
/* End PBXSourcesBuildPhase section */

/* Begin PBXTargetDependency section */
		6113505F2ADBBE1D00F65943 /* PBXTargetDependency */ = {
			isa = PBXTargetDependency;
			target = 6177F6AC2A91CBBB007CB220 /* Networking */;
			targetProxy = 6113505E2ADBBE1D00F65943 /* PBXContainerItemProxy */;
		};
		611350632ADBBE1D00F65943 /* PBXTargetDependency */ = {
			isa = PBXTargetDependency;
			target = 61E930EA2A827BE5000D99AC /* Persistence */;
			targetProxy = 611350622ADBBE1D00F65943 /* PBXContainerItemProxy */;
		};
		6177F6B92A91CBBB007CB220 /* PBXTargetDependency */ = {
			isa = PBXTargetDependency;
			target = 6177F6AC2A91CBBB007CB220 /* Networking */;
			targetProxy = 6177F6B82A91CBBB007CB220 /* PBXContainerItemProxy */;
		};
		6177F6BB2A91CBBB007CB220 /* PBXTargetDependency */ = {
			isa = PBXTargetDependency;
			target = 61C54E302A13A2B700EF39C3 /* SCSH_3C_iOS */;
			targetProxy = 6177F6BA2A91CBBB007CB220 /* PBXContainerItemProxy */;
		};
		61C54E492A13A2B800EF39C3 /* PBXTargetDependency */ = {
			isa = PBXTargetDependency;
			target = 61C54E302A13A2B700EF39C3 /* SCSH_3C_iOS */;
			targetProxy = 61C54E482A13A2B800EF39C3 /* PBXContainerItemProxy */;
		};
		61E930F72A827BE5000D99AC /* PBXTargetDependency */ = {
			isa = PBXTargetDependency;
			target = 61E930EA2A827BE5000D99AC /* Persistence */;
			targetProxy = 61E930F62A827BE5000D99AC /* PBXContainerItemProxy */;
		};
		61E930F92A827BE5000D99AC /* PBXTargetDependency */ = {
			isa = PBXTargetDependency;
			target = 61C54E302A13A2B700EF39C3 /* SCSH_3C_iOS */;
			targetProxy = 61E930F82A827BE5000D99AC /* PBXContainerItemProxy */;
		};
/* End PBXTargetDependency section */

/* Begin XCBuildConfiguration section */
		6177F6C52A91CBBB007CB220 /* Debug */ = {
			isa = XCBuildConfiguration;
			buildSettings = {
				CODE_SIGN_STYLE = Automatic;
				CURRENT_PROJECT_VERSION = 1;
				DEFINES_MODULE = YES;
				DEVELOPMENT_TEAM = 25Q4Y7QB9R;
				DYLIB_COMPATIBILITY_VERSION = 1;
				DYLIB_CURRENT_VERSION = 1;
				DYLIB_INSTALL_NAME_BASE = "@rpath";
				GENERATE_INFOPLIST_FILE = YES;
				INFOPLIST_KEY_NSHumanReadableCopyright = "";
				INSTALL_PATH = "$(LOCAL_LIBRARY_DIR)/Frameworks";
				LD_RUNPATH_SEARCH_PATHS = (
					"$(inherited)",
					"@executable_path/Frameworks",
					"@loader_path/Frameworks",
				);
				MARKETING_VERSION = 1.0;
				PRODUCT_BUNDLE_IDENTIFIER = vince.Networking;
				PRODUCT_NAME = "$(TARGET_NAME:c99extidentifier)";
				SKIP_INSTALL = YES;
				SWIFT_EMIT_LOC_STRINGS = YES;
				SWIFT_VERSION = 5.0;
				TARGETED_DEVICE_FAMILY = "1,2";
				VERSIONING_SYSTEM = "apple-generic";
				VERSION_INFO_PREFIX = "";
			};
			name = Debug;
		};
		6177F6C62A91CBBB007CB220 /* Release */ = {
			isa = XCBuildConfiguration;
			buildSettings = {
				CODE_SIGN_STYLE = Automatic;
				CURRENT_PROJECT_VERSION = 1;
				DEFINES_MODULE = YES;
				DEVELOPMENT_TEAM = 25Q4Y7QB9R;
				DYLIB_COMPATIBILITY_VERSION = 1;
				DYLIB_CURRENT_VERSION = 1;
				DYLIB_INSTALL_NAME_BASE = "@rpath";
				GENERATE_INFOPLIST_FILE = YES;
				INFOPLIST_KEY_NSHumanReadableCopyright = "";
				INSTALL_PATH = "$(LOCAL_LIBRARY_DIR)/Frameworks";
				LD_RUNPATH_SEARCH_PATHS = (
					"$(inherited)",
					"@executable_path/Frameworks",
					"@loader_path/Frameworks",
				);
				MARKETING_VERSION = 1.0;
				PRODUCT_BUNDLE_IDENTIFIER = vince.Networking;
				PRODUCT_NAME = "$(TARGET_NAME:c99extidentifier)";
				SKIP_INSTALL = YES;
				SWIFT_EMIT_LOC_STRINGS = YES;
				SWIFT_VERSION = 5.0;
				TARGETED_DEVICE_FAMILY = "1,2";
				VERSIONING_SYSTEM = "apple-generic";
				VERSION_INFO_PREFIX = "";
			};
			name = Release;
		};
		6177F6C82A91CBBB007CB220 /* Debug */ = {
			isa = XCBuildConfiguration;
			buildSettings = {
				ALWAYS_EMBED_SWIFT_STANDARD_LIBRARIES = YES;
				CODE_SIGN_STYLE = Automatic;
				CURRENT_PROJECT_VERSION = 1;
				DEVELOPMENT_TEAM = 25Q4Y7QB9R;
				GENERATE_INFOPLIST_FILE = YES;
				MARKETING_VERSION = 1.0;
				PRODUCT_BUNDLE_IDENTIFIER = vince.NetworkingTests;
				PRODUCT_NAME = "$(TARGET_NAME)";
				SWIFT_EMIT_LOC_STRINGS = NO;
				SWIFT_VERSION = 5.0;
				TARGETED_DEVICE_FAMILY = "1,2";
				TEST_HOST = "$(BUILT_PRODUCTS_DIR)/SCSH_3C_iOS.app/$(BUNDLE_EXECUTABLE_FOLDER_PATH)/SCSH_3C_iOS";
			};
			name = Debug;
		};
		6177F6C92A91CBBB007CB220 /* Release */ = {
			isa = XCBuildConfiguration;
			buildSettings = {
				ALWAYS_EMBED_SWIFT_STANDARD_LIBRARIES = YES;
				CODE_SIGN_STYLE = Automatic;
				CURRENT_PROJECT_VERSION = 1;
				DEVELOPMENT_TEAM = 25Q4Y7QB9R;
				GENERATE_INFOPLIST_FILE = YES;
				MARKETING_VERSION = 1.0;
				PRODUCT_BUNDLE_IDENTIFIER = vince.NetworkingTests;
				PRODUCT_NAME = "$(TARGET_NAME)";
				SWIFT_EMIT_LOC_STRINGS = NO;
				SWIFT_VERSION = 5.0;
				TARGETED_DEVICE_FAMILY = "1,2";
				TEST_HOST = "$(BUILT_PRODUCTS_DIR)/SCSH_3C_iOS.app/$(BUNDLE_EXECUTABLE_FOLDER_PATH)/SCSH_3C_iOS";
			};
			name = Release;
		};
		61C54E592A13A2B800EF39C3 /* Debug */ = {
			isa = XCBuildConfiguration;
			buildSettings = {
				ALWAYS_SEARCH_USER_PATHS = NO;
				CLANG_ANALYZER_NONNULL = YES;
				CLANG_ANALYZER_NUMBER_OBJECT_CONVERSION = YES_AGGRESSIVE;
				CLANG_CXX_LANGUAGE_STANDARD = "gnu++20";
				CLANG_ENABLE_MODULES = YES;
				CLANG_ENABLE_OBJC_ARC = YES;
				CLANG_ENABLE_OBJC_WEAK = YES;
				CLANG_WARN_BLOCK_CAPTURE_AUTORELEASING = YES;
				CLANG_WARN_BOOL_CONVERSION = YES;
				CLANG_WARN_COMMA = YES;
				CLANG_WARN_CONSTANT_CONVERSION = YES;
				CLANG_WARN_DEPRECATED_OBJC_IMPLEMENTATIONS = YES;
				CLANG_WARN_DIRECT_OBJC_ISA_USAGE = YES_ERROR;
				CLANG_WARN_DOCUMENTATION_COMMENTS = YES;
				CLANG_WARN_EMPTY_BODY = YES;
				CLANG_WARN_ENUM_CONVERSION = YES;
				CLANG_WARN_INFINITE_RECURSION = YES;
				CLANG_WARN_INT_CONVERSION = YES;
				CLANG_WARN_NON_LITERAL_NULL_CONVERSION = YES;
				CLANG_WARN_OBJC_IMPLICIT_RETAIN_SELF = YES;
				CLANG_WARN_OBJC_LITERAL_CONVERSION = YES;
				CLANG_WARN_OBJC_ROOT_CLASS = YES_ERROR;
				CLANG_WARN_QUOTED_INCLUDE_IN_FRAMEWORK_HEADER = YES;
				CLANG_WARN_RANGE_LOOP_ANALYSIS = YES;
				CLANG_WARN_STRICT_PROTOTYPES = YES;
				CLANG_WARN_SUSPICIOUS_MOVE = YES;
				CLANG_WARN_UNGUARDED_AVAILABILITY = YES_AGGRESSIVE;
				CLANG_WARN_UNREACHABLE_CODE = YES;
				CLANG_WARN__DUPLICATE_METHOD_MATCH = YES;
				COPY_PHASE_STRIP = NO;
				DEBUG_INFORMATION_FORMAT = dwarf;
				ENABLE_STRICT_OBJC_MSGSEND = YES;
				ENABLE_TESTABILITY = YES;
				GCC_C_LANGUAGE_STANDARD = gnu11;
				GCC_DYNAMIC_NO_PIC = NO;
				GCC_NO_COMMON_BLOCKS = YES;
				GCC_OPTIMIZATION_LEVEL = 0;
				GCC_PREPROCESSOR_DEFINITIONS = (
					"DEBUG=1",
					"$(inherited)",
				);
				GCC_WARN_64_TO_32_BIT_CONVERSION = YES;
				GCC_WARN_ABOUT_RETURN_TYPE = YES_ERROR;
				GCC_WARN_UNDECLARED_SELECTOR = YES;
				GCC_WARN_UNINITIALIZED_AUTOS = YES_AGGRESSIVE;
				GCC_WARN_UNUSED_FUNCTION = YES;
				GCC_WARN_UNUSED_VARIABLE = YES;
				IPHONEOS_DEPLOYMENT_TARGET = 16.2;
				MTL_ENABLE_DEBUG_INFO = INCLUDE_SOURCE;
				MTL_FAST_MATH = YES;
				ONLY_ACTIVE_ARCH = YES;
				SDKROOT = iphoneos;
				SWIFT_ACTIVE_COMPILATION_CONDITIONS = DEBUG;
				SWIFT_OPTIMIZATION_LEVEL = "-Onone";
			};
			name = Debug;
		};
		61C54E5A2A13A2B800EF39C3 /* Release */ = {
			isa = XCBuildConfiguration;
			buildSettings = {
				ALWAYS_SEARCH_USER_PATHS = NO;
				CLANG_ANALYZER_NONNULL = YES;
				CLANG_ANALYZER_NUMBER_OBJECT_CONVERSION = YES_AGGRESSIVE;
				CLANG_CXX_LANGUAGE_STANDARD = "gnu++20";
				CLANG_ENABLE_MODULES = YES;
				CLANG_ENABLE_OBJC_ARC = YES;
				CLANG_ENABLE_OBJC_WEAK = YES;
				CLANG_WARN_BLOCK_CAPTURE_AUTORELEASING = YES;
				CLANG_WARN_BOOL_CONVERSION = YES;
				CLANG_WARN_COMMA = YES;
				CLANG_WARN_CONSTANT_CONVERSION = YES;
				CLANG_WARN_DEPRECATED_OBJC_IMPLEMENTATIONS = YES;
				CLANG_WARN_DIRECT_OBJC_ISA_USAGE = YES_ERROR;
				CLANG_WARN_DOCUMENTATION_COMMENTS = YES;
				CLANG_WARN_EMPTY_BODY = YES;
				CLANG_WARN_ENUM_CONVERSION = YES;
				CLANG_WARN_INFINITE_RECURSION = YES;
				CLANG_WARN_INT_CONVERSION = YES;
				CLANG_WARN_NON_LITERAL_NULL_CONVERSION = YES;
				CLANG_WARN_OBJC_IMPLICIT_RETAIN_SELF = YES;
				CLANG_WARN_OBJC_LITERAL_CONVERSION = YES;
				CLANG_WARN_OBJC_ROOT_CLASS = YES_ERROR;
				CLANG_WARN_QUOTED_INCLUDE_IN_FRAMEWORK_HEADER = YES;
				CLANG_WARN_RANGE_LOOP_ANALYSIS = YES;
				CLANG_WARN_STRICT_PROTOTYPES = YES;
				CLANG_WARN_SUSPICIOUS_MOVE = YES;
				CLANG_WARN_UNGUARDED_AVAILABILITY = YES_AGGRESSIVE;
				CLANG_WARN_UNREACHABLE_CODE = YES;
				CLANG_WARN__DUPLICATE_METHOD_MATCH = YES;
				COPY_PHASE_STRIP = NO;
				DEBUG_INFORMATION_FORMAT = "dwarf-with-dsym";
				ENABLE_NS_ASSERTIONS = NO;
				ENABLE_STRICT_OBJC_MSGSEND = YES;
				GCC_C_LANGUAGE_STANDARD = gnu11;
				GCC_NO_COMMON_BLOCKS = YES;
				GCC_WARN_64_TO_32_BIT_CONVERSION = YES;
				GCC_WARN_ABOUT_RETURN_TYPE = YES_ERROR;
				GCC_WARN_UNDECLARED_SELECTOR = YES;
				GCC_WARN_UNINITIALIZED_AUTOS = YES_AGGRESSIVE;
				GCC_WARN_UNUSED_FUNCTION = YES;
				GCC_WARN_UNUSED_VARIABLE = YES;
				IPHONEOS_DEPLOYMENT_TARGET = 16.2;
				MTL_ENABLE_DEBUG_INFO = NO;
				MTL_FAST_MATH = YES;
				SDKROOT = iphoneos;
				SWIFT_COMPILATION_MODE = wholemodule;
				SWIFT_OPTIMIZATION_LEVEL = "-O";
				VALIDATE_PRODUCT = YES;
			};
			name = Release;
		};
		61C54E5C2A13A2B800EF39C3 /* Debug */ = {
			isa = XCBuildConfiguration;
			buildSettings = {
				ALWAYS_EMBED_SWIFT_STANDARD_LIBRARIES = YES;
				ASSETCATALOG_COMPILER_APPICON_NAME = AppIcon;
				ASSETCATALOG_COMPILER_GLOBAL_ACCENT_COLOR_NAME = AccentColor;
				CODE_SIGN_STYLE = Automatic;
				CURRENT_PROJECT_VERSION = 1;
				DEVELOPMENT_ASSET_PATHS = "\"SCSH_3C_iOS/Preview Content\"";
				DEVELOPMENT_TEAM = 25Q4Y7QB9R;
				ENABLE_PREVIEWS = YES;
				GENERATE_INFOPLIST_FILE = YES;
				INFOPLIST_KEY_UIApplicationSceneManifest_Generation = YES;
				INFOPLIST_KEY_UIApplicationSupportsIndirectInputEvents = YES;
				INFOPLIST_KEY_UILaunchScreen_Generation = YES;
				INFOPLIST_KEY_UISupportedInterfaceOrientations_iPad = "UIInterfaceOrientationPortrait UIInterfaceOrientationPortraitUpsideDown UIInterfaceOrientationLandscapeLeft UIInterfaceOrientationLandscapeRight";
				INFOPLIST_KEY_UISupportedInterfaceOrientations_iPhone = "UIInterfaceOrientationPortrait UIInterfaceOrientationLandscapeLeft UIInterfaceOrientationLandscapeRight";
				LD_RUNPATH_SEARCH_PATHS = (
					"$(inherited)",
					"@executable_path/Frameworks",
				);
				MARKETING_VERSION = 1.0;
				PRODUCT_BUNDLE_IDENTIFIER = "vince.SCSH-3C-iOS";
				PRODUCT_NAME = "$(TARGET_NAME)";
				SWIFT_EMIT_LOC_STRINGS = YES;
				SWIFT_VERSION = 5.0;
				TARGETED_DEVICE_FAMILY = "1,2";
			};
			name = Debug;
		};
		61C54E5D2A13A2B800EF39C3 /* Release */ = {
			isa = XCBuildConfiguration;
			buildSettings = {
				ALWAYS_EMBED_SWIFT_STANDARD_LIBRARIES = YES;
				ASSETCATALOG_COMPILER_APPICON_NAME = AppIcon;
				ASSETCATALOG_COMPILER_GLOBAL_ACCENT_COLOR_NAME = AccentColor;
				CODE_SIGN_STYLE = Automatic;
				CURRENT_PROJECT_VERSION = 1;
				DEVELOPMENT_ASSET_PATHS = "\"SCSH_3C_iOS/Preview Content\"";
				DEVELOPMENT_TEAM = 25Q4Y7QB9R;
				ENABLE_PREVIEWS = YES;
				GENERATE_INFOPLIST_FILE = YES;
				INFOPLIST_KEY_UIApplicationSceneManifest_Generation = YES;
				INFOPLIST_KEY_UIApplicationSupportsIndirectInputEvents = YES;
				INFOPLIST_KEY_UILaunchScreen_Generation = YES;
				INFOPLIST_KEY_UISupportedInterfaceOrientations_iPad = "UIInterfaceOrientationPortrait UIInterfaceOrientationPortraitUpsideDown UIInterfaceOrientationLandscapeLeft UIInterfaceOrientationLandscapeRight";
				INFOPLIST_KEY_UISupportedInterfaceOrientations_iPhone = "UIInterfaceOrientationPortrait UIInterfaceOrientationLandscapeLeft UIInterfaceOrientationLandscapeRight";
				LD_RUNPATH_SEARCH_PATHS = (
					"$(inherited)",
					"@executable_path/Frameworks",
				);
				MARKETING_VERSION = 1.0;
				PRODUCT_BUNDLE_IDENTIFIER = "vince.SCSH-3C-iOS";
				PRODUCT_NAME = "$(TARGET_NAME)";
				SWIFT_EMIT_LOC_STRINGS = YES;
				SWIFT_VERSION = 5.0;
				TARGETED_DEVICE_FAMILY = "1,2";
			};
			name = Release;
		};
		61C54E5F2A13A2B800EF39C3 /* Debug */ = {
			isa = XCBuildConfiguration;
			buildSettings = {
				ALWAYS_EMBED_SWIFT_STANDARD_LIBRARIES = YES;
				BUNDLE_LOADER = "$(TEST_HOST)";
				CLANG_ENABLE_MODULES = YES;
				CODE_SIGN_STYLE = Automatic;
				CURRENT_PROJECT_VERSION = 1;
				DEVELOPMENT_TEAM = GX7LBJ8752;
				GENERATE_INFOPLIST_FILE = YES;
				IPHONEOS_DEPLOYMENT_TARGET = 16.2;
				LD_RUNPATH_SEARCH_PATHS = (
					"$(inherited)",
					"@executable_path/Frameworks",
					"@loader_path/Frameworks",
				);
				MARKETING_VERSION = 1.0;
				PRODUCT_BUNDLE_IDENTIFIER = "vince.SCSH-3C-iOSTests";
				PRODUCT_NAME = "$(TARGET_NAME)";
				SWIFT_EMIT_LOC_STRINGS = NO;
				SWIFT_OPTIMIZATION_LEVEL = "-Onone";
				SWIFT_VERSION = 5.0;
				TARGETED_DEVICE_FAMILY = "1,2";
				TEST_HOST = "$(BUILT_PRODUCTS_DIR)/SCSH_3C_iOS.app/$(BUNDLE_EXECUTABLE_FOLDER_PATH)/SCSH_3C_iOS";
			};
			name = Debug;
		};
		61C54E602A13A2B800EF39C3 /* Release */ = {
			isa = XCBuildConfiguration;
			buildSettings = {
				ALWAYS_EMBED_SWIFT_STANDARD_LIBRARIES = YES;
				BUNDLE_LOADER = "$(TEST_HOST)";
				CLANG_ENABLE_MODULES = YES;
				CODE_SIGN_STYLE = Automatic;
				CURRENT_PROJECT_VERSION = 1;
				DEVELOPMENT_TEAM = GX7LBJ8752;
				GENERATE_INFOPLIST_FILE = YES;
				IPHONEOS_DEPLOYMENT_TARGET = 16.2;
				LD_RUNPATH_SEARCH_PATHS = (
					"$(inherited)",
					"@executable_path/Frameworks",
					"@loader_path/Frameworks",
				);
				MARKETING_VERSION = 1.0;
				PRODUCT_BUNDLE_IDENTIFIER = "vince.SCSH-3C-iOSTests";
				PRODUCT_NAME = "$(TARGET_NAME)";
				SWIFT_EMIT_LOC_STRINGS = NO;
				SWIFT_VERSION = 5.0;
				TARGETED_DEVICE_FAMILY = "1,2";
				TEST_HOST = "$(BUILT_PRODUCTS_DIR)/SCSH_3C_iOS.app/$(BUNDLE_EXECUTABLE_FOLDER_PATH)/SCSH_3C_iOS";
			};
			name = Release;
		};
		61E931022A827BE5000D99AC /* Debug */ = {
			isa = XCBuildConfiguration;
			buildSettings = {
				CODE_SIGN_STYLE = Automatic;
				CURRENT_PROJECT_VERSION = 1;
				DEFINES_MODULE = YES;
				DEVELOPMENT_TEAM = 25Q4Y7QB9R;
				DYLIB_COMPATIBILITY_VERSION = 1;
				DYLIB_CURRENT_VERSION = 1;
				DYLIB_INSTALL_NAME_BASE = "@rpath";
				GENERATE_INFOPLIST_FILE = YES;
				INFOPLIST_KEY_NSHumanReadableCopyright = "";
				INSTALL_PATH = "$(LOCAL_LIBRARY_DIR)/Frameworks";
				LD_RUNPATH_SEARCH_PATHS = (
					"$(inherited)",
					"@executable_path/Frameworks",
					"@loader_path/Frameworks",
				);
				MARKETING_VERSION = 1.0;
				PRODUCT_BUNDLE_IDENTIFIER = vince.Persistence;
				PRODUCT_NAME = "$(TARGET_NAME:c99extidentifier)";
				SKIP_INSTALL = YES;
				SWIFT_EMIT_LOC_STRINGS = YES;
				SWIFT_VERSION = 5.0;
				TARGETED_DEVICE_FAMILY = "1,2";
				VERSIONING_SYSTEM = "apple-generic";
				VERSION_INFO_PREFIX = "";
			};
			name = Debug;
		};
		61E931032A827BE5000D99AC /* Release */ = {
			isa = XCBuildConfiguration;
			buildSettings = {
				CODE_SIGN_STYLE = Automatic;
				CURRENT_PROJECT_VERSION = 1;
				DEFINES_MODULE = YES;
				DEVELOPMENT_TEAM = 25Q4Y7QB9R;
				DYLIB_COMPATIBILITY_VERSION = 1;
				DYLIB_CURRENT_VERSION = 1;
				DYLIB_INSTALL_NAME_BASE = "@rpath";
				GENERATE_INFOPLIST_FILE = YES;
				INFOPLIST_KEY_NSHumanReadableCopyright = "";
				INSTALL_PATH = "$(LOCAL_LIBRARY_DIR)/Frameworks";
				LD_RUNPATH_SEARCH_PATHS = (
					"$(inherited)",
					"@executable_path/Frameworks",
					"@loader_path/Frameworks",
				);
				MARKETING_VERSION = 1.0;
				PRODUCT_BUNDLE_IDENTIFIER = vince.Persistence;
				PRODUCT_NAME = "$(TARGET_NAME:c99extidentifier)";
				SKIP_INSTALL = YES;
				SWIFT_EMIT_LOC_STRINGS = YES;
				SWIFT_VERSION = 5.0;
				TARGETED_DEVICE_FAMILY = "1,2";
				VERSIONING_SYSTEM = "apple-generic";
				VERSION_INFO_PREFIX = "";
			};
			name = Release;
		};
		61E931042A827BE5000D99AC /* Debug */ = {
			isa = XCBuildConfiguration;
			buildSettings = {
				ALWAYS_EMBED_SWIFT_STANDARD_LIBRARIES = YES;
				CODE_SIGN_STYLE = Automatic;
				CURRENT_PROJECT_VERSION = 1;
				DEVELOPMENT_TEAM = 25Q4Y7QB9R;
				GENERATE_INFOPLIST_FILE = YES;
				MARKETING_VERSION = 1.0;
				PRODUCT_BUNDLE_IDENTIFIER = vince.PersistenceTests;
				PRODUCT_NAME = "$(TARGET_NAME)";
				SWIFT_EMIT_LOC_STRINGS = NO;
				SWIFT_VERSION = 5.0;
				TARGETED_DEVICE_FAMILY = "1,2";
				TEST_HOST = "$(BUILT_PRODUCTS_DIR)/SCSH_3C_iOS.app/$(BUNDLE_EXECUTABLE_FOLDER_PATH)/SCSH_3C_iOS";
			};
			name = Debug;
		};
		61E931052A827BE5000D99AC /* Release */ = {
			isa = XCBuildConfiguration;
			buildSettings = {
				ALWAYS_EMBED_SWIFT_STANDARD_LIBRARIES = YES;
				CODE_SIGN_STYLE = Automatic;
				CURRENT_PROJECT_VERSION = 1;
				DEVELOPMENT_TEAM = 25Q4Y7QB9R;
				GENERATE_INFOPLIST_FILE = YES;
				MARKETING_VERSION = 1.0;
				PRODUCT_BUNDLE_IDENTIFIER = vince.PersistenceTests;
				PRODUCT_NAME = "$(TARGET_NAME)";
				SWIFT_EMIT_LOC_STRINGS = NO;
				SWIFT_VERSION = 5.0;
				TARGETED_DEVICE_FAMILY = "1,2";
				TEST_HOST = "$(BUILT_PRODUCTS_DIR)/SCSH_3C_iOS.app/$(BUNDLE_EXECUTABLE_FOLDER_PATH)/SCSH_3C_iOS";
			};
			name = Release;
		};
/* End XCBuildConfiguration section */

/* Begin XCConfigurationList section */
		6177F6C42A91CBBB007CB220 /* Build configuration list for PBXNativeTarget "Networking" */ = {
			isa = XCConfigurationList;
			buildConfigurations = (
				6177F6C52A91CBBB007CB220 /* Debug */,
				6177F6C62A91CBBB007CB220 /* Release */,
			);
			defaultConfigurationIsVisible = 0;
			defaultConfigurationName = Release;
		};
		6177F6C72A91CBBB007CB220 /* Build configuration list for PBXNativeTarget "NetworkingTests" */ = {
			isa = XCConfigurationList;
			buildConfigurations = (
				6177F6C82A91CBBB007CB220 /* Debug */,
				6177F6C92A91CBBB007CB220 /* Release */,
			);
			defaultConfigurationIsVisible = 0;
			defaultConfigurationName = Release;
		};
		61C54E2C2A13A2B700EF39C3 /* Build configuration list for PBXProject "SCSH_3C_iOS" */ = {
			isa = XCConfigurationList;
			buildConfigurations = (
				61C54E592A13A2B800EF39C3 /* Debug */,
				61C54E5A2A13A2B800EF39C3 /* Release */,
			);
			defaultConfigurationIsVisible = 0;
			defaultConfigurationName = Release;
		};
		61C54E5B2A13A2B800EF39C3 /* Build configuration list for PBXNativeTarget "SCSH_3C_iOS" */ = {
			isa = XCConfigurationList;
			buildConfigurations = (
				61C54E5C2A13A2B800EF39C3 /* Debug */,
				61C54E5D2A13A2B800EF39C3 /* Release */,
			);
			defaultConfigurationIsVisible = 0;
			defaultConfigurationName = Release;
		};
		61C54E5E2A13A2B800EF39C3 /* Build configuration list for PBXNativeTarget "SCSH_3C_iOSTests" */ = {
			isa = XCConfigurationList;
			buildConfigurations = (
				61C54E5F2A13A2B800EF39C3 /* Debug */,
				61C54E602A13A2B800EF39C3 /* Release */,
			);
			defaultConfigurationIsVisible = 0;
			defaultConfigurationName = Release;
		};
		61E931062A827BE5000D99AC /* Build configuration list for PBXNativeTarget "Persistence" */ = {
			isa = XCConfigurationList;
			buildConfigurations = (
				61E931022A827BE5000D99AC /* Debug */,
				61E931032A827BE5000D99AC /* Release */,
			);
			defaultConfigurationIsVisible = 0;
			defaultConfigurationName = Release;
		};
		61E931072A827BE5000D99AC /* Build configuration list for PBXNativeTarget "PersistenceTests" */ = {
			isa = XCConfigurationList;
			buildConfigurations = (
				61E931042A827BE5000D99AC /* Debug */,
				61E931052A827BE5000D99AC /* Release */,
			);
			defaultConfigurationIsVisible = 0;
			defaultConfigurationName = Release;
		};
/* End XCConfigurationList section */

/* Begin XCRemoteSwiftPackageReference section */
		610901AA2AE8AFCE00FFE532 /* XCRemoteSwiftPackageReference "Kingfisher" */ = {
			isa = XCRemoteSwiftPackageReference;
			repositoryURL = "https://github.com/onevcat/Kingfisher";
			requirement = {
				kind = upToNextMajorVersion;
				minimumVersion = 7.0.0;
			};
		};
		61A0D9182A1BA4BA00C18629 /* XCRemoteSwiftPackageReference "Moya" */ = {
			isa = XCRemoteSwiftPackageReference;
			repositoryURL = "https://github.com/Moya/Moya";
			requirement = {
				branch = master;
				kind = branch;
			};
		};
/* End XCRemoteSwiftPackageReference section */

/* Begin XCSwiftPackageProductDependency section */
		610901AB2AE8AFCE00FFE532 /* Kingfisher */ = {
			isa = XCSwiftPackageProductDependency;
			package = 610901AA2AE8AFCE00FFE532 /* XCRemoteSwiftPackageReference "Kingfisher" */;
			productName = Kingfisher;
		};
		6177F6D02A91CBFB007CB220 /* CombineMoya */ = {
			isa = XCSwiftPackageProductDependency;
			package = 61A0D9182A1BA4BA00C18629 /* XCRemoteSwiftPackageReference "Moya" */;
			productName = CombineMoya;
		};
		6177F6D22A91CBFB007CB220 /* Moya */ = {
			isa = XCSwiftPackageProductDependency;
			package = 61A0D9182A1BA4BA00C18629 /* XCRemoteSwiftPackageReference "Moya" */;
			productName = Moya;
		};
/* End XCSwiftPackageProductDependency section */

/* Begin XCVersionGroup section */
		61C54E3F2A13A2B700EF39C3 /* CoreData.xcdatamodeld */ = {
			isa = XCVersionGroup;
			children = (
				61C54E402A13A2B700EF39C3 /* SCSH_3C_iOS.xcdatamodel */,
			);
			currentVersion = 61C54E402A13A2B700EF39C3 /* SCSH_3C_iOS.xcdatamodel */;
			path = CoreData.xcdatamodeld;
			sourceTree = "<group>";
			versionGroupType = wrapper.xcdatamodel;
		};
/* End XCVersionGroup section */
	};
	rootObject = 61C54E292A13A2B700EF39C3 /* Project object */;
}
