// !$*UTF8*$!
{
	archiveVersion = 1;
	classes = {
	};
	objectVersion = 56;
	objects = {

/* Begin PBXBuildFile section */
		6169AC292A6E435E00F84AE5 /* NetworkConstants.swift in Sources */ = {isa = PBXBuildFile; fileRef = 6169AC282A6E435E00F84AE5 /* NetworkConstants.swift */; };
		6169AC2B2A6E437600F84AE5 /* RemoteDataSourceType.swift in Sources */ = {isa = PBXBuildFile; fileRef = 6169AC2A2A6E437600F84AE5 /* RemoteDataSourceType.swift */; };
		6169AC2D2A6E440E00F84AE5 /* HealthApiInterface.swift in Sources */ = {isa = PBXBuildFile; fileRef = 6169AC2C2A6E440E00F84AE5 /* HealthApiInterface.swift */; };
		6169AC302A6E45AA00F84AE5 /* MoyaNetworkService.swift in Sources */ = {isa = PBXBuildFile; fileRef = 6169AC2F2A6E45AA00F84AE5 /* MoyaNetworkService.swift */; };
		6169AE4E2A6E558F00F84AE5 /* MoyaApiInterfaceType.swift in Sources */ = {isa = PBXBuildFile; fileRef = 6169AE4D2A6E558F00F84AE5 /* MoyaApiInterfaceType.swift */; };
		6169AE542A6F8EDE00F84AE5 /* ProductApiInterface.swift in Sources */ = {isa = PBXBuildFile; fileRef = 6169AE532A6F8EDE00F84AE5 /* ProductApiInterface.swift */; };
		6169AE562A6F9E7F00F84AE5 /* HomeViewModel.swift in Sources */ = {isa = PBXBuildFile; fileRef = 6169AE552A6F9E7F00F84AE5 /* HomeViewModel.swift */; };
		61784D722A81F76600E0B96D /* Presistence.docc in Sources */ = {isa = PBXBuildFile; fileRef = 61784D712A81F76600E0B96D /* Presistence.docc */; };
		61784D782A81F76600E0B96D /* Presistence.framework in Frameworks */ = {isa = PBXBuildFile; fileRef = 61784D6E2A81F76600E0B96D /* Presistence.framework */; };
		61784D802A81F76600E0B96D /* Presistence.h in Headers */ = {isa = PBXBuildFile; fileRef = 61784D702A81F76600E0B96D /* Presistence.h */; settings = {ATTRIBUTES = (Public, ); }; };
		61784D832A81F76600E0B96D /* Presistence.framework in Frameworks */ = {isa = PBXBuildFile; fileRef = 61784D6E2A81F76600E0B96D /* Presistence.framework */; };
		61784D842A81F76600E0B96D /* Presistence.framework in Embed Frameworks */ = {isa = PBXBuildFile; fileRef = 61784D6E2A81F76600E0B96D /* Presistence.framework */; settings = {ATTRIBUTES = (CodeSignOnCopy, RemoveHeadersOnCopy, ); }; };
		61784D8B2A81F77300E0B96D /* CoreDataController.swift in Sources */ = {isa = PBXBuildFile; fileRef = 61C54E3D2A13A2B700EF39C3 /* CoreDataController.swift */; };
		61784D8C2A81F77300E0B96D /* ProductCoreDataService.swift in Sources */ = {isa = PBXBuildFile; fileRef = 614E94432A80EAC30024A9AE /* ProductCoreDataService.swift */; };
		61784D8D2A81F77900E0B96D /* ProductCoreDataServiceTests.swift in Sources */ = {isa = PBXBuildFile; fileRef = 614E94452A80EBB50024A9AE /* ProductCoreDataServiceTests.swift */; };
		61784D8E2A81F7AB00E0B96D /* CoreData.xcdatamodeld in Sources */ = {isa = PBXBuildFile; fileRef = 61C54E3F2A13A2B700EF39C3 /* CoreData.xcdatamodeld */; };
		61784D932A81FEC700E0B96D /* ProductCoreDataMapper.swift in Sources */ = {isa = PBXBuildFile; fileRef = 61784D922A81FEC700E0B96D /* ProductCoreDataMapper.swift */; };
		61A0D91A2A1BA4BA00C18629 /* CombineMoya in Frameworks */ = {isa = PBXBuildFile; productRef = 61A0D9192A1BA4BA00C18629 /* CombineMoya */; };
		61A0D91C2A1BA4BA00C18629 /* Moya in Frameworks */ = {isa = PBXBuildFile; productRef = 61A0D91B2A1BA4BA00C18629 /* Moya */; };
		61A95C182A77EB18005BB895 /* ProductRepository.swift in Sources */ = {isa = PBXBuildFile; fileRef = 61A95C172A77EB18005BB895 /* ProductRepository.swift */; };
		61A95C1B2A77F00B005BB895 /* ProductModelMapper.swift in Sources */ = {isa = PBXBuildFile; fileRef = 61A95C1A2A77F00B005BB895 /* ProductModelMapper.swift */; };
		61A95C1E2A77F05A005BB895 /* Product.swift in Sources */ = {isa = PBXBuildFile; fileRef = 61A95C1D2A77F05A005BB895 /* Product.swift */; };
		61A95C222A77F94C005BB895 /* ProductRepositoryTests.swift in Sources */ = {isa = PBXBuildFile; fileRef = 61A95C212A77F94C005BB895 /* ProductRepositoryTests.swift */; };
		61C54E352A13A2B700EF39C3 /* MainApp.swift in Sources */ = {isa = PBXBuildFile; fileRef = 61C54E342A13A2B700EF39C3 /* MainApp.swift */; };
		61C54E372A13A2B700EF39C3 /* HomeView.swift in Sources */ = {isa = PBXBuildFile; fileRef = 61C54E362A13A2B700EF39C3 /* HomeView.swift */; };
		61C54E392A13A2B700EF39C3 /* Assets.xcassets in Resources */ = {isa = PBXBuildFile; fileRef = 61C54E382A13A2B700EF39C3 /* Assets.xcassets */; };
		61C54E3C2A13A2B700EF39C3 /* Preview Assets.xcassets in Resources */ = {isa = PBXBuildFile; fileRef = 61C54E3B2A13A2B700EF39C3 /* Preview Assets.xcassets */; };
		61C931592A78225A00EA7BD8 /* HomeCoordinator.swift in Sources */ = {isa = PBXBuildFile; fileRef = 61C931582A78225A00EA7BD8 /* HomeCoordinator.swift */; };
		61C9315B2A78226300EA7BD8 /* HomeCoordinatorType.swift in Sources */ = {isa = PBXBuildFile; fileRef = 61C9315A2A78226300EA7BD8 /* HomeCoordinatorType.swift */; };
		61C9326B2A7825DD00EA7BD8 /* StartUpCoordinator.swift in Sources */ = {isa = PBXBuildFile; fileRef = 61C9326A2A7825DD00EA7BD8 /* StartUpCoordinator.swift */; };
		61F5EFB62A70CB3300ACE03B /* HealthApiInterface_MoyaNetworkServiceTests.swift in Sources */ = {isa = PBXBuildFile; fileRef = 61F5EFB52A70CB3300ACE03B /* HealthApiInterface_MoyaNetworkServiceTests.swift */; };
		61F5F1D72A777B7700ACE03B /* ProductInterface_MoyaNetworkServiceTests.swift in Sources */ = {isa = PBXBuildFile; fileRef = 61F5F1D62A777B7700ACE03B /* ProductInterface_MoyaNetworkServiceTests.swift */; };
		61F5F1D92A77DA2600ACE03B /* MoyaNetworkFacade.swift in Sources */ = {isa = PBXBuildFile; fileRef = 61F5F1D82A77DA2600ACE03B /* MoyaNetworkFacade.swift */; };
/* End PBXBuildFile section */

/* Begin PBXContainerItemProxy section */
		61784D792A81F76600E0B96D /* PBXContainerItemProxy */ = {
			isa = PBXContainerItemProxy;
			containerPortal = 61C54E292A13A2B700EF39C3 /* Project object */;
			proxyType = 1;
			remoteGlobalIDString = 61784D6D2A81F76600E0B96D;
			remoteInfo = Presistence;
		};
		61784D7B2A81F76600E0B96D /* PBXContainerItemProxy */ = {
			isa = PBXContainerItemProxy;
			containerPortal = 61C54E292A13A2B700EF39C3 /* Project object */;
			proxyType = 1;
			remoteGlobalIDString = 61C54E302A13A2B700EF39C3;
			remoteInfo = SCSH_3C_iOS;
		};
		61784D812A81F76600E0B96D /* PBXContainerItemProxy */ = {
			isa = PBXContainerItemProxy;
			containerPortal = 61C54E292A13A2B700EF39C3 /* Project object */;
			proxyType = 1;
			remoteGlobalIDString = 61784D6D2A81F76600E0B96D;
			remoteInfo = Presistence;
		};
		61C54E482A13A2B800EF39C3 /* PBXContainerItemProxy */ = {
			isa = PBXContainerItemProxy;
			containerPortal = 61C54E292A13A2B700EF39C3 /* Project object */;
			proxyType = 1;
			remoteGlobalIDString = 61C54E302A13A2B700EF39C3;
			remoteInfo = SCSH_3C_iOS;
		};
/* End PBXContainerItemProxy section */

/* Begin PBXCopyFilesBuildPhase section */
		61784D602A81EE2500E0B96D /* Embed Frameworks */ = {
			isa = PBXCopyFilesBuildPhase;
			buildActionMask = 2147483647;
			dstPath = "";
			dstSubfolderSpec = 10;
			files = (
				61784D842A81F76600E0B96D /* Presistence.framework in Embed Frameworks */,
			);
			name = "Embed Frameworks";
			runOnlyForDeploymentPostprocessing = 0;
		};
/* End PBXCopyFilesBuildPhase section */

/* Begin PBXFileReference section */
		614E94432A80EAC30024A9AE /* ProductCoreDataService.swift */ = {isa = PBXFileReference; lastKnownFileType = sourcecode.swift; path = ProductCoreDataService.swift; sourceTree = "<group>"; };
		614E94452A80EBB50024A9AE /* ProductCoreDataServiceTests.swift */ = {isa = PBXFileReference; lastKnownFileType = sourcecode.swift; path = ProductCoreDataServiceTests.swift; sourceTree = "<group>"; };
		6169AC282A6E435E00F84AE5 /* NetworkConstants.swift */ = {isa = PBXFileReference; lastKnownFileType = sourcecode.swift; path = NetworkConstants.swift; sourceTree = "<group>"; };
		6169AC2A2A6E437600F84AE5 /* RemoteDataSourceType.swift */ = {isa = PBXFileReference; lastKnownFileType = sourcecode.swift; path = RemoteDataSourceType.swift; sourceTree = "<group>"; };
		6169AC2C2A6E440E00F84AE5 /* HealthApiInterface.swift */ = {isa = PBXFileReference; lastKnownFileType = sourcecode.swift; path = HealthApiInterface.swift; sourceTree = "<group>"; };
		6169AC2F2A6E45AA00F84AE5 /* MoyaNetworkService.swift */ = {isa = PBXFileReference; lastKnownFileType = sourcecode.swift; path = MoyaNetworkService.swift; sourceTree = "<group>"; };
		6169AE4D2A6E558F00F84AE5 /* MoyaApiInterfaceType.swift */ = {isa = PBXFileReference; lastKnownFileType = sourcecode.swift; path = MoyaApiInterfaceType.swift; sourceTree = "<group>"; };
		6169AE532A6F8EDE00F84AE5 /* ProductApiInterface.swift */ = {isa = PBXFileReference; lastKnownFileType = sourcecode.swift; path = ProductApiInterface.swift; sourceTree = "<group>"; };
		6169AE552A6F9E7F00F84AE5 /* HomeViewModel.swift */ = {isa = PBXFileReference; lastKnownFileType = sourcecode.swift; path = HomeViewModel.swift; sourceTree = "<group>"; };
		61784D6E2A81F76600E0B96D /* Presistence.framework */ = {isa = PBXFileReference; explicitFileType = wrapper.framework; includeInIndex = 0; path = Presistence.framework; sourceTree = BUILT_PRODUCTS_DIR; };
		61784D702A81F76600E0B96D /* Presistence.h */ = {isa = PBXFileReference; lastKnownFileType = sourcecode.c.h; path = Presistence.h; sourceTree = "<group>"; };
		61784D712A81F76600E0B96D /* Presistence.docc */ = {isa = PBXFileReference; lastKnownFileType = folder.documentationcatalog; path = Presistence.docc; sourceTree = "<group>"; };
		61784D772A81F76600E0B96D /* PresistenceTests.xctest */ = {isa = PBXFileReference; explicitFileType = wrapper.cfbundle; includeInIndex = 0; path = PresistenceTests.xctest; sourceTree = BUILT_PRODUCTS_DIR; };
		61784D922A81FEC700E0B96D /* ProductCoreDataMapper.swift */ = {isa = PBXFileReference; lastKnownFileType = sourcecode.swift; path = ProductCoreDataMapper.swift; sourceTree = "<group>"; };
		61A95C172A77EB18005BB895 /* ProductRepository.swift */ = {isa = PBXFileReference; lastKnownFileType = sourcecode.swift; path = ProductRepository.swift; sourceTree = "<group>"; };
		61A95C1A2A77F00B005BB895 /* ProductModelMapper.swift */ = {isa = PBXFileReference; lastKnownFileType = sourcecode.swift; path = ProductModelMapper.swift; sourceTree = "<group>"; };
		61A95C1D2A77F05A005BB895 /* Product.swift */ = {isa = PBXFileReference; lastKnownFileType = sourcecode.swift; path = Product.swift; sourceTree = "<group>"; };
		61A95C212A77F94C005BB895 /* ProductRepositoryTests.swift */ = {isa = PBXFileReference; lastKnownFileType = sourcecode.swift; path = ProductRepositoryTests.swift; sourceTree = "<group>"; };
		61C54E312A13A2B700EF39C3 /* SCSH_3C_iOS.app */ = {isa = PBXFileReference; explicitFileType = wrapper.application; includeInIndex = 0; path = SCSH_3C_iOS.app; sourceTree = BUILT_PRODUCTS_DIR; };
		61C54E342A13A2B700EF39C3 /* MainApp.swift */ = {isa = PBXFileReference; lastKnownFileType = sourcecode.swift; path = MainApp.swift; sourceTree = "<group>"; };
		61C54E362A13A2B700EF39C3 /* HomeView.swift */ = {isa = PBXFileReference; lastKnownFileType = sourcecode.swift; path = HomeView.swift; sourceTree = "<group>"; };
		61C54E382A13A2B700EF39C3 /* Assets.xcassets */ = {isa = PBXFileReference; lastKnownFileType = folder.assetcatalog; path = Assets.xcassets; sourceTree = "<group>"; };
		61C54E3B2A13A2B700EF39C3 /* Preview Assets.xcassets */ = {isa = PBXFileReference; lastKnownFileType = folder.assetcatalog; path = "Preview Assets.xcassets"; sourceTree = "<group>"; };
		61C54E3D2A13A2B700EF39C3 /* CoreDataController.swift */ = {isa = PBXFileReference; lastKnownFileType = sourcecode.swift; path = CoreDataController.swift; sourceTree = "<group>"; };
		61C54E402A13A2B700EF39C3 /* SCSH_3C_iOS.xcdatamodel */ = {isa = PBXFileReference; lastKnownFileType = wrapper.xcdatamodel; path = SCSH_3C_iOS.xcdatamodel; sourceTree = "<group>"; };
		61C54E422A13A2B700EF39C3 /* Info.plist */ = {isa = PBXFileReference; lastKnownFileType = text.plist.xml; path = Info.plist; sourceTree = "<group>"; };
		61C54E472A13A2B800EF39C3 /* SCSH_3C_iOSTests.xctest */ = {isa = PBXFileReference; explicitFileType = wrapper.cfbundle; includeInIndex = 0; path = SCSH_3C_iOSTests.xctest; sourceTree = BUILT_PRODUCTS_DIR; };
		61C931582A78225A00EA7BD8 /* HomeCoordinator.swift */ = {isa = PBXFileReference; lastKnownFileType = sourcecode.swift; path = HomeCoordinator.swift; sourceTree = "<group>"; };
		61C9315A2A78226300EA7BD8 /* HomeCoordinatorType.swift */ = {isa = PBXFileReference; lastKnownFileType = sourcecode.swift; path = HomeCoordinatorType.swift; sourceTree = "<group>"; };
		61C9326A2A7825DD00EA7BD8 /* StartUpCoordinator.swift */ = {isa = PBXFileReference; lastKnownFileType = sourcecode.swift; path = StartUpCoordinator.swift; sourceTree = "<group>"; };
		61F5EFB52A70CB3300ACE03B /* HealthApiInterface_MoyaNetworkServiceTests.swift */ = {isa = PBXFileReference; lastKnownFileType = sourcecode.swift; path = HealthApiInterface_MoyaNetworkServiceTests.swift; sourceTree = "<group>"; };
		61F5F1D62A777B7700ACE03B /* ProductInterface_MoyaNetworkServiceTests.swift */ = {isa = PBXFileReference; lastKnownFileType = sourcecode.swift; path = ProductInterface_MoyaNetworkServiceTests.swift; sourceTree = "<group>"; };
		61F5F1D82A77DA2600ACE03B /* MoyaNetworkFacade.swift */ = {isa = PBXFileReference; lastKnownFileType = sourcecode.swift; path = MoyaNetworkFacade.swift; sourceTree = "<group>"; };
/* End PBXFileReference section */

/* Begin PBXFrameworksBuildPhase section */
		61784D6B2A81F76600E0B96D /* Frameworks */ = {
			isa = PBXFrameworksBuildPhase;
			buildActionMask = 2147483647;
			files = (
			);
			runOnlyForDeploymentPostprocessing = 0;
		};
		61784D742A81F76600E0B96D /* Frameworks */ = {
			isa = PBXFrameworksBuildPhase;
			buildActionMask = 2147483647;
			files = (
				61784D782A81F76600E0B96D /* Presistence.framework in Frameworks */,
			);
			runOnlyForDeploymentPostprocessing = 0;
		};
		61C54E2E2A13A2B700EF39C3 /* Frameworks */ = {
			isa = PBXFrameworksBuildPhase;
			buildActionMask = 2147483647;
			files = (
				61A0D91C2A1BA4BA00C18629 /* Moya in Frameworks */,
				61A0D91A2A1BA4BA00C18629 /* CombineMoya in Frameworks */,
				61784D832A81F76600E0B96D /* Presistence.framework in Frameworks */,
			);
			runOnlyForDeploymentPostprocessing = 0;
		};
		61C54E442A13A2B800EF39C3 /* Frameworks */ = {
			isa = PBXFrameworksBuildPhase;
			buildActionMask = 2147483647;
			files = (
			);
			runOnlyForDeploymentPostprocessing = 0;
		};
/* End PBXFrameworksBuildPhase section */

/* Begin PBXGroup section */
		6169AC212A6E3E3400F84AE5 /* Network */ = {
			isa = PBXGroup;
			children = (
				6169AC272A6E429400F84AE5 /* Moya */,
				6169AC282A6E435E00F84AE5 /* NetworkConstants.swift */,
				6169AC2A2A6E437600F84AE5 /* RemoteDataSourceType.swift */,
			);
			path = Network;
			sourceTree = "<group>";
		};
		6169AC222A6E3E3A00F84AE5 /* Utility */ = {
			isa = PBXGroup;
			children = (
			);
			path = Utility;
			sourceTree = "<group>";
		};
		6169AC232A6E3E4200F84AE5 /* Modules */ = {
			isa = PBXGroup;
			children = (
				61C931572A7821EE00EA7BD8 /* Home */,
				61C54E342A13A2B700EF39C3 /* MainApp.swift */,
			);
			path = Modules;
			sourceTree = "<group>";
		};
		6169AC242A6E3E4700F84AE5 /* Resources */ = {
			isa = PBXGroup;
			children = (
				61C54E422A13A2B700EF39C3 /* Info.plist */,
				61C54E382A13A2B700EF39C3 /* Assets.xcassets */,
			);
			path = Resources;
			sourceTree = "<group>";
		};
		6169AC252A6E3E5400F84AE5 /* Repository */ = {
			isa = PBXGroup;
			children = (
				61A95C192A77EFF1005BB895 /* Mapper */,
				61A95C1C2A77F04C005BB895 /* Model */,
				61A95C172A77EB18005BB895 /* ProductRepository.swift */,
			);
			path = Repository;
			sourceTree = "<group>";
		};
		6169AC262A6E3E6300F84AE5 /* Coordinator */ = {
			isa = PBXGroup;
			children = (
				61C931582A78225A00EA7BD8 /* HomeCoordinator.swift */,
				61C9326A2A7825DD00EA7BD8 /* StartUpCoordinator.swift */,
			);
			path = Coordinator;
			sourceTree = "<group>";
		};
		6169AC272A6E429400F84AE5 /* Moya */ = {
			isa = PBXGroup;
			children = (
				6169AC2E2A6E444D00F84AE5 /* MoyaApiInterface */,
				6169AC2F2A6E45AA00F84AE5 /* MoyaNetworkService.swift */,
				61F5F1D82A77DA2600ACE03B /* MoyaNetworkFacade.swift */,
			);
			path = Moya;
			sourceTree = "<group>";
		};
		6169AC2E2A6E444D00F84AE5 /* MoyaApiInterface */ = {
			isa = PBXGroup;
			children = (
				6169AE4F2A6E55C800F84AE5 /* Health */,
				6169AE4D2A6E558F00F84AE5 /* MoyaApiInterfaceType.swift */,
				6169AE522A6F8ECD00F84AE5 /* Product */,
			);
			path = MoyaApiInterface;
			sourceTree = "<group>";
		};
		6169AE4F2A6E55C800F84AE5 /* Health */ = {
			isa = PBXGroup;
			children = (
				6169AC2C2A6E440E00F84AE5 /* HealthApiInterface.swift */,
			);
			path = Health;
			sourceTree = "<group>";
		};
		6169AE522A6F8ECD00F84AE5 /* Product */ = {
			isa = PBXGroup;
			children = (
				6169AE532A6F8EDE00F84AE5 /* ProductApiInterface.swift */,
			);
			path = Product;
			sourceTree = "<group>";
		};
		6169AE572A702AFC00F84AE5 /* Network */ = {
			isa = PBXGroup;
			children = (
				61F5F0C52A77554100ACE03B /* Moya */,
			);
			path = Network;
			sourceTree = "<group>";
		};
		61784D3F2A81EBCB00E0B96D /* Product */ = {
			isa = PBXGroup;
			children = (
				614E94432A80EAC30024A9AE /* ProductCoreDataService.swift */,
				61784D922A81FEC700E0B96D /* ProductCoreDataMapper.swift */,
			);
			path = Product;
			sourceTree = "<group>";
		};
		61784D6F2A81F76600E0B96D /* Presistence */ = {
			isa = PBXGroup;
			children = (
				61784D8F2A81F86E00E0B96D /* CoreData */,
				61784D702A81F76600E0B96D /* Presistence.h */,
				61784D712A81F76600E0B96D /* Presistence.docc */,
			);
			path = Presistence;
			sourceTree = "<group>";
		};
		61784D7D2A81F76600E0B96D /* PresistenceTests */ = {
			isa = PBXGroup;
			children = (
				61784D902A81F87A00E0B96D /* CoreData */,
			);
			path = PresistenceTests;
			sourceTree = "<group>";
		};
		61784D8F2A81F86E00E0B96D /* CoreData */ = {
			isa = PBXGroup;
			children = (
				61784D3F2A81EBCB00E0B96D /* Product */,
				61C54E3D2A13A2B700EF39C3 /* CoreDataController.swift */,
				61C54E3F2A13A2B700EF39C3 /* CoreData.xcdatamodeld */,
			);
			path = CoreData;
			sourceTree = "<group>";
		};
		61784D902A81F87A00E0B96D /* CoreData */ = {
			isa = PBXGroup;
			children = (
				61784D912A81F90900E0B96D /* Product */,
			);
			path = CoreData;
			sourceTree = "<group>";
		};
		61784D912A81F90900E0B96D /* Product */ = {
			isa = PBXGroup;
			children = (
				614E94452A80EBB50024A9AE /* ProductCoreDataServiceTests.swift */,
			);
			path = Product;
			sourceTree = "<group>";
		};
		61A95C192A77EFF1005BB895 /* Mapper */ = {
			isa = PBXGroup;
			children = (
				61A95C1A2A77F00B005BB895 /* ProductModelMapper.swift */,
			);
			path = Mapper;
			sourceTree = "<group>";
		};
		61A95C1C2A77F04C005BB895 /* Model */ = {
			isa = PBXGroup;
			children = (
				61A95C1D2A77F05A005BB895 /* Product.swift */,
			);
			path = Model;
			sourceTree = "<group>";
		};
		61A95C1F2A77F904005BB895 /* Repository */ = {
			isa = PBXGroup;
			children = (
				61A95C212A77F94C005BB895 /* ProductRepositoryTests.swift */,
			);
			path = Repository;
			sourceTree = "<group>";
		};
		61C54E282A13A2B700EF39C3 = {
			isa = PBXGroup;
			children = (
				61C54E332A13A2B700EF39C3 /* SCSH_3C_iOS */,
				61C54E4A2A13A2B800EF39C3 /* SCSH_3C_iOSTests */,
				61784D6F2A81F76600E0B96D /* Presistence */,
				61784D7D2A81F76600E0B96D /* PresistenceTests */,
				61C54E322A13A2B700EF39C3 /* Products */,
			);
			sourceTree = "<group>";
		};
		61C54E322A13A2B700EF39C3 /* Products */ = {
			isa = PBXGroup;
			children = (
				61C54E312A13A2B700EF39C3 /* SCSH_3C_iOS.app */,
				61C54E472A13A2B800EF39C3 /* SCSH_3C_iOSTests.xctest */,
				61784D6E2A81F76600E0B96D /* Presistence.framework */,
				61784D772A81F76600E0B96D /* PresistenceTests.xctest */,
			);
			name = Products;
			sourceTree = "<group>";
		};
		61C54E332A13A2B700EF39C3 /* SCSH_3C_iOS */ = {
			isa = PBXGroup;
			children = (
				6169AC262A6E3E6300F84AE5 /* Coordinator */,
				6169AC232A6E3E4200F84AE5 /* Modules */,
				6169AC212A6E3E3400F84AE5 /* Network */,
				61C54E3A2A13A2B700EF39C3 /* Preview Content */,
				6169AC252A6E3E5400F84AE5 /* Repository */,
				6169AC242A6E3E4700F84AE5 /* Resources */,
				6169AC222A6E3E3A00F84AE5 /* Utility */,
			);
			path = SCSH_3C_iOS;
			sourceTree = "<group>";
		};
		61C54E3A2A13A2B700EF39C3 /* Preview Content */ = {
			isa = PBXGroup;
			children = (
				61C54E3B2A13A2B700EF39C3 /* Preview Assets.xcassets */,
			);
			path = "Preview Content";
			sourceTree = "<group>";
		};
		61C54E4A2A13A2B800EF39C3 /* SCSH_3C_iOSTests */ = {
			isa = PBXGroup;
			children = (
				61A95C1F2A77F904005BB895 /* Repository */,
				6169AE572A702AFC00F84AE5 /* Network */,
			);
			path = SCSH_3C_iOSTests;
			sourceTree = "<group>";
		};
		61C931572A7821EE00EA7BD8 /* Home */ = {
			isa = PBXGroup;
			children = (
				61C54E362A13A2B700EF39C3 /* HomeView.swift */,
				6169AE552A6F9E7F00F84AE5 /* HomeViewModel.swift */,
				61C9315A2A78226300EA7BD8 /* HomeCoordinatorType.swift */,
			);
			path = Home;
			sourceTree = "<group>";
		};
		61F5F0C52A77554100ACE03B /* Moya */ = {
			isa = PBXGroup;
			children = (
				61F5F0C62A77720E00ACE03B /* Health */,
				61F5F1D52A777B5E00ACE03B /* Product */,
			);
			path = Moya;
			sourceTree = "<group>";
		};
		61F5F0C62A77720E00ACE03B /* Health */ = {
			isa = PBXGroup;
			children = (
				61F5EFB52A70CB3300ACE03B /* HealthApiInterface_MoyaNetworkServiceTests.swift */,
			);
			path = Health;
			sourceTree = "<group>";
		};
		61F5F1D52A777B5E00ACE03B /* Product */ = {
			isa = PBXGroup;
			children = (
				61F5F1D62A777B7700ACE03B /* ProductInterface_MoyaNetworkServiceTests.swift */,
			);
			path = Product;
			sourceTree = "<group>";
		};
/* End PBXGroup section */

/* Begin PBXHeadersBuildPhase section */
		61784D692A81F76600E0B96D /* Headers */ = {
			isa = PBXHeadersBuildPhase;
			buildActionMask = 2147483647;
			files = (
				61784D802A81F76600E0B96D /* Presistence.h in Headers */,
			);
			runOnlyForDeploymentPostprocessing = 0;
		};
/* End PBXHeadersBuildPhase section */

/* Begin PBXNativeTarget section */
		61784D6D2A81F76600E0B96D /* Presistence */ = {
			isa = PBXNativeTarget;
			buildConfigurationList = 61784D852A81F76600E0B96D /* Build configuration list for PBXNativeTarget "Presistence" */;
			buildPhases = (
				61784D692A81F76600E0B96D /* Headers */,
				61784D6A2A81F76600E0B96D /* Sources */,
				61784D6B2A81F76600E0B96D /* Frameworks */,
				61784D6C2A81F76600E0B96D /* Resources */,
			);
			buildRules = (
			);
			dependencies = (
			);
			name = Presistence;
			productName = Presistence;
			productReference = 61784D6E2A81F76600E0B96D /* Presistence.framework */;
			productType = "com.apple.product-type.framework";
		};
		61784D762A81F76600E0B96D /* PresistenceTests */ = {
			isa = PBXNativeTarget;
			buildConfigurationList = 61784D882A81F76600E0B96D /* Build configuration list for PBXNativeTarget "PresistenceTests" */;
			buildPhases = (
				61784D732A81F76600E0B96D /* Sources */,
				61784D742A81F76600E0B96D /* Frameworks */,
				61784D752A81F76600E0B96D /* Resources */,
			);
			buildRules = (
			);
			dependencies = (
				61784D7A2A81F76600E0B96D /* PBXTargetDependency */,
				61784D7C2A81F76600E0B96D /* PBXTargetDependency */,
			);
			name = PresistenceTests;
			productName = PresistenceTests;
			productReference = 61784D772A81F76600E0B96D /* PresistenceTests.xctest */;
			productType = "com.apple.product-type.bundle.unit-test";
		};
		61C54E302A13A2B700EF39C3 /* SCSH_3C_iOS */ = {
			isa = PBXNativeTarget;
			buildConfigurationList = 61C54E5B2A13A2B800EF39C3 /* Build configuration list for PBXNativeTarget "SCSH_3C_iOS" */;
			buildPhases = (
				61C54E2D2A13A2B700EF39C3 /* Sources */,
				61C54E2E2A13A2B700EF39C3 /* Frameworks */,
				61C54E2F2A13A2B700EF39C3 /* Resources */,
				61784D602A81EE2500E0B96D /* Embed Frameworks */,
			);
			buildRules = (
			);
			dependencies = (
				61784D822A81F76600E0B96D /* PBXTargetDependency */,
			);
			name = SCSH_3C_iOS;
			packageProductDependencies = (
				61A0D9192A1BA4BA00C18629 /* CombineMoya */,
				61A0D91B2A1BA4BA00C18629 /* Moya */,
			);
			productName = SCSH_3C_iOS;
			productReference = 61C54E312A13A2B700EF39C3 /* SCSH_3C_iOS.app */;
			productType = "com.apple.product-type.application";
		};
		61C54E462A13A2B800EF39C3 /* SCSH_3C_iOSTests */ = {
			isa = PBXNativeTarget;
			buildConfigurationList = 61C54E5E2A13A2B800EF39C3 /* Build configuration list for PBXNativeTarget "SCSH_3C_iOSTests" */;
			buildPhases = (
				61C54E432A13A2B800EF39C3 /* Sources */,
				61C54E442A13A2B800EF39C3 /* Frameworks */,
				61C54E452A13A2B800EF39C3 /* Resources */,
			);
			buildRules = (
			);
			dependencies = (
				61C54E492A13A2B800EF39C3 /* PBXTargetDependency */,
			);
			name = SCSH_3C_iOSTests;
			productName = SCSH_3C_iOSTests;
			productReference = 61C54E472A13A2B800EF39C3 /* SCSH_3C_iOSTests.xctest */;
			productType = "com.apple.product-type.bundle.unit-test";
		};
/* End PBXNativeTarget section */

/* Begin PBXProject section */
		61C54E292A13A2B700EF39C3 /* Project object */ = {
			isa = PBXProject;
			attributes = {
				BuildIndependentTargetsInParallel = 1;
				LastSwiftUpdateCheck = 1420;
				LastUpgradeCheck = 1420;
				TargetAttributes = {
					61784D6D2A81F76600E0B96D = {
						CreatedOnToolsVersion = 14.2;
					};
					61784D762A81F76600E0B96D = {
						CreatedOnToolsVersion = 14.2;
						TestTargetID = 61C54E302A13A2B700EF39C3;
					};
					61C54E302A13A2B700EF39C3 = {
						CreatedOnToolsVersion = 14.2;
					};
					61C54E462A13A2B800EF39C3 = {
						CreatedOnToolsVersion = 14.2;
						LastSwiftMigration = 1420;
						TestTargetID = 61C54E302A13A2B700EF39C3;
					};
				};
			};
			buildConfigurationList = 61C54E2C2A13A2B700EF39C3 /* Build configuration list for PBXProject "SCSH_3C_iOS" */;
			compatibilityVersion = "Xcode 14.0";
			developmentRegion = en;
			hasScannedForEncodings = 0;
			knownRegions = (
				en,
				Base,
			);
			mainGroup = 61C54E282A13A2B700EF39C3;
			packageReferences = (
				61A0D9182A1BA4BA00C18629 /* XCRemoteSwiftPackageReference "Moya" */,
			);
			productRefGroup = 61C54E322A13A2B700EF39C3 /* Products */;
			projectDirPath = "";
			projectRoot = "";
			targets = (
				61C54E302A13A2B700EF39C3 /* SCSH_3C_iOS */,
				61C54E462A13A2B800EF39C3 /* SCSH_3C_iOSTests */,
				61784D6D2A81F76600E0B96D /* Presistence */,
				61784D762A81F76600E0B96D /* PresistenceTests */,
			);
		};
/* End PBXProject section */

/* Begin PBXResourcesBuildPhase section */
		61784D6C2A81F76600E0B96D /* Resources */ = {
			isa = PBXResourcesBuildPhase;
			buildActionMask = 2147483647;
			files = (
			);
			runOnlyForDeploymentPostprocessing = 0;
		};
		61784D752A81F76600E0B96D /* Resources */ = {
			isa = PBXResourcesBuildPhase;
			buildActionMask = 2147483647;
			files = (
			);
			runOnlyForDeploymentPostprocessing = 0;
		};
		61C54E2F2A13A2B700EF39C3 /* Resources */ = {
			isa = PBXResourcesBuildPhase;
			buildActionMask = 2147483647;
			files = (
				61C54E3C2A13A2B700EF39C3 /* Preview Assets.xcassets in Resources */,
				61C54E392A13A2B700EF39C3 /* Assets.xcassets in Resources */,
			);
			runOnlyForDeploymentPostprocessing = 0;
		};
		61C54E452A13A2B800EF39C3 /* Resources */ = {
			isa = PBXResourcesBuildPhase;
			buildActionMask = 2147483647;
			files = (
			);
			runOnlyForDeploymentPostprocessing = 0;
		};
/* End PBXResourcesBuildPhase section */

/* Begin PBXSourcesBuildPhase section */
		61784D6A2A81F76600E0B96D /* Sources */ = {
			isa = PBXSourcesBuildPhase;
			buildActionMask = 2147483647;
			files = (
				61784D8E2A81F7AB00E0B96D /* CoreData.xcdatamodeld in Sources */,
				61784D8C2A81F77300E0B96D /* ProductCoreDataService.swift in Sources */,
				61784D722A81F76600E0B96D /* Presistence.docc in Sources */,
				61784D932A81FEC700E0B96D /* ProductCoreDataMapper.swift in Sources */,
				61784D8B2A81F77300E0B96D /* CoreDataController.swift in Sources */,
			);
			runOnlyForDeploymentPostprocessing = 0;
		};
		61784D732A81F76600E0B96D /* Sources */ = {
			isa = PBXSourcesBuildPhase;
			buildActionMask = 2147483647;
			files = (
				61784D8D2A81F77900E0B96D /* ProductCoreDataServiceTests.swift in Sources */,
			);
			runOnlyForDeploymentPostprocessing = 0;
		};
		61C54E2D2A13A2B700EF39C3 /* Sources */ = {
			isa = PBXSourcesBuildPhase;
			buildActionMask = 2147483647;
			files = (
				6169AC2B2A6E437600F84AE5 /* RemoteDataSourceType.swift in Sources */,
				61C9326B2A7825DD00EA7BD8 /* StartUpCoordinator.swift in Sources */,
				6169AE542A6F8EDE00F84AE5 /* ProductApiInterface.swift in Sources */,
				6169AC2D2A6E440E00F84AE5 /* HealthApiInterface.swift in Sources */,
				6169AE4E2A6E558F00F84AE5 /* MoyaApiInterfaceType.swift in Sources */,
				61F5F1D92A77DA2600ACE03B /* MoyaNetworkFacade.swift in Sources */,
				6169AC302A6E45AA00F84AE5 /* MoyaNetworkService.swift in Sources */,
				61A95C1E2A77F05A005BB895 /* Product.swift in Sources */,
				6169AE562A6F9E7F00F84AE5 /* HomeViewModel.swift in Sources */,
				6169AC292A6E435E00F84AE5 /* NetworkConstants.swift in Sources */,
				61A95C1B2A77F00B005BB895 /* ProductModelMapper.swift in Sources */,
				61A95C182A77EB18005BB895 /* ProductRepository.swift in Sources */,
				61C931592A78225A00EA7BD8 /* HomeCoordinator.swift in Sources */,
				61C54E372A13A2B700EF39C3 /* HomeView.swift in Sources */,
				61C9315B2A78226300EA7BD8 /* HomeCoordinatorType.swift in Sources */,
				61C54E352A13A2B700EF39C3 /* MainApp.swift in Sources */,
			);
			runOnlyForDeploymentPostprocessing = 0;
		};
		61C54E432A13A2B800EF39C3 /* Sources */ = {
			isa = PBXSourcesBuildPhase;
			buildActionMask = 2147483647;
			files = (
				61A95C222A77F94C005BB895 /* ProductRepositoryTests.swift in Sources */,
				61F5F1D72A777B7700ACE03B /* ProductInterface_MoyaNetworkServiceTests.swift in Sources */,
				61F5EFB62A70CB3300ACE03B /* HealthApiInterface_MoyaNetworkServiceTests.swift in Sources */,
			);
			runOnlyForDeploymentPostprocessing = 0;
		};
/* End PBXSourcesBuildPhase section */

/* Begin PBXTargetDependency section */
		61784D7A2A81F76600E0B96D /* PBXTargetDependency */ = {
			isa = PBXTargetDependency;
			target = 61784D6D2A81F76600E0B96D /* Presistence */;
			targetProxy = 61784D792A81F76600E0B96D /* PBXContainerItemProxy */;
		};
		61784D7C2A81F76600E0B96D /* PBXTargetDependency */ = {
			isa = PBXTargetDependency;
			target = 61C54E302A13A2B700EF39C3 /* SCSH_3C_iOS */;
			targetProxy = 61784D7B2A81F76600E0B96D /* PBXContainerItemProxy */;
		};
		61784D822A81F76600E0B96D /* PBXTargetDependency */ = {
			isa = PBXTargetDependency;
			target = 61784D6D2A81F76600E0B96D /* Presistence */;
			targetProxy = 61784D812A81F76600E0B96D /* PBXContainerItemProxy */;
		};
		61C54E492A13A2B800EF39C3 /* PBXTargetDependency */ = {
			isa = PBXTargetDependency;
			target = 61C54E302A13A2B700EF39C3 /* SCSH_3C_iOS */;
			targetProxy = 61C54E482A13A2B800EF39C3 /* PBXContainerItemProxy */;
		};
/* End PBXTargetDependency section */

/* Begin XCBuildConfiguration section */
		61784D862A81F76600E0B96D /* Debug */ = {
			isa = XCBuildConfiguration;
			buildSettings = {
				CODE_SIGN_STYLE = Automatic;
				CURRENT_PROJECT_VERSION = 1;
				DEFINES_MODULE = YES;
				DEVELOPMENT_TEAM = 25Q4Y7QB9R;
				DYLIB_COMPATIBILITY_VERSION = 1;
				DYLIB_CURRENT_VERSION = 1;
				DYLIB_INSTALL_NAME_BASE = "@rpath";
				GENERATE_INFOPLIST_FILE = YES;
				INFOPLIST_KEY_NSHumanReadableCopyright = "";
				INSTALL_PATH = "$(LOCAL_LIBRARY_DIR)/Frameworks";
				LD_RUNPATH_SEARCH_PATHS = (
					"$(inherited)",
					"@executable_path/Frameworks",
					"@loader_path/Frameworks",
				);
				MARKETING_VERSION = 1.0;
				PRODUCT_BUNDLE_IDENTIFIER = vince.Presistence;
				PRODUCT_NAME = "$(TARGET_NAME:c99extidentifier)";
				SKIP_INSTALL = YES;
				SWIFT_EMIT_LOC_STRINGS = YES;
				SWIFT_VERSION = 5.0;
				TARGETED_DEVICE_FAMILY = "1,2";
				VERSIONING_SYSTEM = "apple-generic";
				VERSION_INFO_PREFIX = "";
			};
			name = Debug;
		};
		61784D872A81F76600E0B96D /* Release */ = {
			isa = XCBuildConfiguration;
			buildSettings = {
				CODE_SIGN_STYLE = Automatic;
				CURRENT_PROJECT_VERSION = 1;
				DEFINES_MODULE = YES;
				DEVELOPMENT_TEAM = 25Q4Y7QB9R;
				DYLIB_COMPATIBILITY_VERSION = 1;
				DYLIB_CURRENT_VERSION = 1;
				DYLIB_INSTALL_NAME_BASE = "@rpath";
				GENERATE_INFOPLIST_FILE = YES;
				INFOPLIST_KEY_NSHumanReadableCopyright = "";
				INSTALL_PATH = "$(LOCAL_LIBRARY_DIR)/Frameworks";
				LD_RUNPATH_SEARCH_PATHS = (
					"$(inherited)",
					"@executable_path/Frameworks",
					"@loader_path/Frameworks",
				);
				MARKETING_VERSION = 1.0;
				PRODUCT_BUNDLE_IDENTIFIER = vince.Presistence;
				PRODUCT_NAME = "$(TARGET_NAME:c99extidentifier)";
				SKIP_INSTALL = YES;
				SWIFT_EMIT_LOC_STRINGS = YES;
				SWIFT_VERSION = 5.0;
				TARGETED_DEVICE_FAMILY = "1,2";
				VERSIONING_SYSTEM = "apple-generic";
				VERSION_INFO_PREFIX = "";
			};
			name = Release;
		};
		61784D892A81F76600E0B96D /* Debug */ = {
			isa = XCBuildConfiguration;
			buildSettings = {
				ALWAYS_EMBED_SWIFT_STANDARD_LIBRARIES = YES;
				CODE_SIGN_STYLE = Automatic;
				CURRENT_PROJECT_VERSION = 1;
				DEVELOPMENT_TEAM = 25Q4Y7QB9R;
				GENERATE_INFOPLIST_FILE = YES;
				MARKETING_VERSION = 1.0;
				PRODUCT_BUNDLE_IDENTIFIER = vince.PresistenceTests;
				PRODUCT_NAME = "$(TARGET_NAME)";
				SWIFT_EMIT_LOC_STRINGS = NO;
				SWIFT_VERSION = 5.0;
				TARGETED_DEVICE_FAMILY = "1,2";
				TEST_HOST = "$(BUILT_PRODUCTS_DIR)/SCSH_3C_iOS.app/$(BUNDLE_EXECUTABLE_FOLDER_PATH)/SCSH_3C_iOS";
			};
			name = Debug;
		};
		61784D8A2A81F76600E0B96D /* Release */ = {
			isa = XCBuildConfiguration;
			buildSettings = {
				ALWAYS_EMBED_SWIFT_STANDARD_LIBRARIES = YES;
				CODE_SIGN_STYLE = Automatic;
				CURRENT_PROJECT_VERSION = 1;
				DEVELOPMENT_TEAM = 25Q4Y7QB9R;
				GENERATE_INFOPLIST_FILE = YES;
				MARKETING_VERSION = 1.0;
				PRODUCT_BUNDLE_IDENTIFIER = vince.PresistenceTests;
				PRODUCT_NAME = "$(TARGET_NAME)";
				SWIFT_EMIT_LOC_STRINGS = NO;
				SWIFT_VERSION = 5.0;
				TARGETED_DEVICE_FAMILY = "1,2";
				TEST_HOST = "$(BUILT_PRODUCTS_DIR)/SCSH_3C_iOS.app/$(BUNDLE_EXECUTABLE_FOLDER_PATH)/SCSH_3C_iOS";
			};
			name = Release;
		};
		61C54E592A13A2B800EF39C3 /* Debug */ = {
			isa = XCBuildConfiguration;
			buildSettings = {
				ALWAYS_SEARCH_USER_PATHS = NO;
				CLANG_ANALYZER_NONNULL = YES;
				CLANG_ANALYZER_NUMBER_OBJECT_CONVERSION = YES_AGGRESSIVE;
				CLANG_CXX_LANGUAGE_STANDARD = "gnu++20";
				CLANG_ENABLE_MODULES = YES;
				CLANG_ENABLE_OBJC_ARC = YES;
				CLANG_ENABLE_OBJC_WEAK = YES;
				CLANG_WARN_BLOCK_CAPTURE_AUTORELEASING = YES;
				CLANG_WARN_BOOL_CONVERSION = YES;
				CLANG_WARN_COMMA = YES;
				CLANG_WARN_CONSTANT_CONVERSION = YES;
				CLANG_WARN_DEPRECATED_OBJC_IMPLEMENTATIONS = YES;
				CLANG_WARN_DIRECT_OBJC_ISA_USAGE = YES_ERROR;
				CLANG_WARN_DOCUMENTATION_COMMENTS = YES;
				CLANG_WARN_EMPTY_BODY = YES;
				CLANG_WARN_ENUM_CONVERSION = YES;
				CLANG_WARN_INFINITE_RECURSION = YES;
				CLANG_WARN_INT_CONVERSION = YES;
				CLANG_WARN_NON_LITERAL_NULL_CONVERSION = YES;
				CLANG_WARN_OBJC_IMPLICIT_RETAIN_SELF = YES;
				CLANG_WARN_OBJC_LITERAL_CONVERSION = YES;
				CLANG_WARN_OBJC_ROOT_CLASS = YES_ERROR;
				CLANG_WARN_QUOTED_INCLUDE_IN_FRAMEWORK_HEADER = YES;
				CLANG_WARN_RANGE_LOOP_ANALYSIS = YES;
				CLANG_WARN_STRICT_PROTOTYPES = YES;
				CLANG_WARN_SUSPICIOUS_MOVE = YES;
				CLANG_WARN_UNGUARDED_AVAILABILITY = YES_AGGRESSIVE;
				CLANG_WARN_UNREACHABLE_CODE = YES;
				CLANG_WARN__DUPLICATE_METHOD_MATCH = YES;
				COPY_PHASE_STRIP = NO;
				DEBUG_INFORMATION_FORMAT = dwarf;
				ENABLE_STRICT_OBJC_MSGSEND = YES;
				ENABLE_TESTABILITY = YES;
				GCC_C_LANGUAGE_STANDARD = gnu11;
				GCC_DYNAMIC_NO_PIC = NO;
				GCC_NO_COMMON_BLOCKS = YES;
				GCC_OPTIMIZATION_LEVEL = 0;
				GCC_PREPROCESSOR_DEFINITIONS = (
					"DEBUG=1",
					"$(inherited)",
				);
				GCC_WARN_64_TO_32_BIT_CONVERSION = YES;
				GCC_WARN_ABOUT_RETURN_TYPE = YES_ERROR;
				GCC_WARN_UNDECLARED_SELECTOR = YES;
				GCC_WARN_UNINITIALIZED_AUTOS = YES_AGGRESSIVE;
				GCC_WARN_UNUSED_FUNCTION = YES;
				GCC_WARN_UNUSED_VARIABLE = YES;
				IPHONEOS_DEPLOYMENT_TARGET = 16.2;
				MTL_ENABLE_DEBUG_INFO = INCLUDE_SOURCE;
				MTL_FAST_MATH = YES;
				ONLY_ACTIVE_ARCH = YES;
				SDKROOT = iphoneos;
				SWIFT_ACTIVE_COMPILATION_CONDITIONS = DEBUG;
				SWIFT_OPTIMIZATION_LEVEL = "-Onone";
			};
			name = Debug;
		};
		61C54E5A2A13A2B800EF39C3 /* Release */ = {
			isa = XCBuildConfiguration;
			buildSettings = {
				ALWAYS_SEARCH_USER_PATHS = NO;
				CLANG_ANALYZER_NONNULL = YES;
				CLANG_ANALYZER_NUMBER_OBJECT_CONVERSION = YES_AGGRESSIVE;
				CLANG_CXX_LANGUAGE_STANDARD = "gnu++20";
				CLANG_ENABLE_MODULES = YES;
				CLANG_ENABLE_OBJC_ARC = YES;
				CLANG_ENABLE_OBJC_WEAK = YES;
				CLANG_WARN_BLOCK_CAPTURE_AUTORELEASING = YES;
				CLANG_WARN_BOOL_CONVERSION = YES;
				CLANG_WARN_COMMA = YES;
				CLANG_WARN_CONSTANT_CONVERSION = YES;
				CLANG_WARN_DEPRECATED_OBJC_IMPLEMENTATIONS = YES;
				CLANG_WARN_DIRECT_OBJC_ISA_USAGE = YES_ERROR;
				CLANG_WARN_DOCUMENTATION_COMMENTS = YES;
				CLANG_WARN_EMPTY_BODY = YES;
				CLANG_WARN_ENUM_CONVERSION = YES;
				CLANG_WARN_INFINITE_RECURSION = YES;
				CLANG_WARN_INT_CONVERSION = YES;
				CLANG_WARN_NON_LITERAL_NULL_CONVERSION = YES;
				CLANG_WARN_OBJC_IMPLICIT_RETAIN_SELF = YES;
				CLANG_WARN_OBJC_LITERAL_CONVERSION = YES;
				CLANG_WARN_OBJC_ROOT_CLASS = YES_ERROR;
				CLANG_WARN_QUOTED_INCLUDE_IN_FRAMEWORK_HEADER = YES;
				CLANG_WARN_RANGE_LOOP_ANALYSIS = YES;
				CLANG_WARN_STRICT_PROTOTYPES = YES;
				CLANG_WARN_SUSPICIOUS_MOVE = YES;
				CLANG_WARN_UNGUARDED_AVAILABILITY = YES_AGGRESSIVE;
				CLANG_WARN_UNREACHABLE_CODE = YES;
				CLANG_WARN__DUPLICATE_METHOD_MATCH = YES;
				COPY_PHASE_STRIP = NO;
				DEBUG_INFORMATION_FORMAT = "dwarf-with-dsym";
				ENABLE_NS_ASSERTIONS = NO;
				ENABLE_STRICT_OBJC_MSGSEND = YES;
				GCC_C_LANGUAGE_STANDARD = gnu11;
				GCC_NO_COMMON_BLOCKS = YES;
				GCC_WARN_64_TO_32_BIT_CONVERSION = YES;
				GCC_WARN_ABOUT_RETURN_TYPE = YES_ERROR;
				GCC_WARN_UNDECLARED_SELECTOR = YES;
				GCC_WARN_UNINITIALIZED_AUTOS = YES_AGGRESSIVE;
				GCC_WARN_UNUSED_FUNCTION = YES;
				GCC_WARN_UNUSED_VARIABLE = YES;
				IPHONEOS_DEPLOYMENT_TARGET = 16.2;
				MTL_ENABLE_DEBUG_INFO = NO;
				MTL_FAST_MATH = YES;
				SDKROOT = iphoneos;
				SWIFT_COMPILATION_MODE = wholemodule;
				SWIFT_OPTIMIZATION_LEVEL = "-O";
				VALIDATE_PRODUCT = YES;
			};
			name = Release;
		};
		61C54E5C2A13A2B800EF39C3 /* Debug */ = {
			isa = XCBuildConfiguration;
			buildSettings = {
				ALWAYS_EMBED_SWIFT_STANDARD_LIBRARIES = YES;
				ASSETCATALOG_COMPILER_APPICON_NAME = AppIcon;
				ASSETCATALOG_COMPILER_GLOBAL_ACCENT_COLOR_NAME = AccentColor;
				CODE_SIGN_STYLE = Automatic;
				CURRENT_PROJECT_VERSION = 1;
				DEVELOPMENT_ASSET_PATHS = "\"SCSH_3C_iOS/Preview Content\"";
				DEVELOPMENT_TEAM = 25Q4Y7QB9R;
				ENABLE_PREVIEWS = YES;
				GENERATE_INFOPLIST_FILE = YES;
				INFOPLIST_KEY_UIApplicationSceneManifest_Generation = YES;
				INFOPLIST_KEY_UIApplicationSupportsIndirectInputEvents = YES;
				INFOPLIST_KEY_UILaunchScreen_Generation = YES;
				INFOPLIST_KEY_UISupportedInterfaceOrientations_iPad = "UIInterfaceOrientationPortrait UIInterfaceOrientationPortraitUpsideDown UIInterfaceOrientationLandscapeLeft UIInterfaceOrientationLandscapeRight";
				INFOPLIST_KEY_UISupportedInterfaceOrientations_iPhone = "UIInterfaceOrientationPortrait UIInterfaceOrientationLandscapeLeft UIInterfaceOrientationLandscapeRight";
				LD_RUNPATH_SEARCH_PATHS = (
					"$(inherited)",
					"@executable_path/Frameworks",
				);
				MARKETING_VERSION = 1.0;
				PRODUCT_BUNDLE_IDENTIFIER = "vince.SCSH-3C-iOS";
				PRODUCT_NAME = "$(TARGET_NAME)";
				SWIFT_EMIT_LOC_STRINGS = YES;
				SWIFT_VERSION = 5.0;
				TARGETED_DEVICE_FAMILY = "1,2";
			};
			name = Debug;
		};
		61C54E5D2A13A2B800EF39C3 /* Release */ = {
			isa = XCBuildConfiguration;
			buildSettings = {
				ALWAYS_EMBED_SWIFT_STANDARD_LIBRARIES = YES;
				ASSETCATALOG_COMPILER_APPICON_NAME = AppIcon;
				ASSETCATALOG_COMPILER_GLOBAL_ACCENT_COLOR_NAME = AccentColor;
				CODE_SIGN_STYLE = Automatic;
				CURRENT_PROJECT_VERSION = 1;
				DEVELOPMENT_ASSET_PATHS = "\"SCSH_3C_iOS/Preview Content\"";
				DEVELOPMENT_TEAM = 25Q4Y7QB9R;
				ENABLE_PREVIEWS = YES;
				GENERATE_INFOPLIST_FILE = YES;
				INFOPLIST_KEY_UIApplicationSceneManifest_Generation = YES;
				INFOPLIST_KEY_UIApplicationSupportsIndirectInputEvents = YES;
				INFOPLIST_KEY_UILaunchScreen_Generation = YES;
				INFOPLIST_KEY_UISupportedInterfaceOrientations_iPad = "UIInterfaceOrientationPortrait UIInterfaceOrientationPortraitUpsideDown UIInterfaceOrientationLandscapeLeft UIInterfaceOrientationLandscapeRight";
				INFOPLIST_KEY_UISupportedInterfaceOrientations_iPhone = "UIInterfaceOrientationPortrait UIInterfaceOrientationLandscapeLeft UIInterfaceOrientationLandscapeRight";
				LD_RUNPATH_SEARCH_PATHS = (
					"$(inherited)",
					"@executable_path/Frameworks",
				);
				MARKETING_VERSION = 1.0;
				PRODUCT_BUNDLE_IDENTIFIER = "vince.SCSH-3C-iOS";
				PRODUCT_NAME = "$(TARGET_NAME)";
				SWIFT_EMIT_LOC_STRINGS = YES;
				SWIFT_VERSION = 5.0;
				TARGETED_DEVICE_FAMILY = "1,2";
			};
			name = Release;
		};
		61C54E5F2A13A2B800EF39C3 /* Debug */ = {
			isa = XCBuildConfiguration;
			buildSettings = {
				ALWAYS_EMBED_SWIFT_STANDARD_LIBRARIES = YES;
				BUNDLE_LOADER = "$(TEST_HOST)";
				CLANG_ENABLE_MODULES = YES;
				CODE_SIGN_STYLE = Automatic;
				CURRENT_PROJECT_VERSION = 1;
				DEVELOPMENT_TEAM = GX7LBJ8752;
				GENERATE_INFOPLIST_FILE = YES;
				IPHONEOS_DEPLOYMENT_TARGET = 16.2;
				LD_RUNPATH_SEARCH_PATHS = (
					"$(inherited)",
					"@executable_path/Frameworks",
					"@loader_path/Frameworks",
				);
				MARKETING_VERSION = 1.0;
				PRODUCT_BUNDLE_IDENTIFIER = "vince.SCSH-3C-iOSTests";
				PRODUCT_NAME = "$(TARGET_NAME)";
				SWIFT_EMIT_LOC_STRINGS = NO;
				SWIFT_OPTIMIZATION_LEVEL = "-Onone";
				SWIFT_VERSION = 5.0;
				TARGETED_DEVICE_FAMILY = "1,2";
				TEST_HOST = "$(BUILT_PRODUCTS_DIR)/SCSH_3C_iOS.app/$(BUNDLE_EXECUTABLE_FOLDER_PATH)/SCSH_3C_iOS";
			};
			name = Debug;
		};
		61C54E602A13A2B800EF39C3 /* Release */ = {
			isa = XCBuildConfiguration;
			buildSettings = {
				ALWAYS_EMBED_SWIFT_STANDARD_LIBRARIES = YES;
				BUNDLE_LOADER = "$(TEST_HOST)";
				CLANG_ENABLE_MODULES = YES;
				CODE_SIGN_STYLE = Automatic;
				CURRENT_PROJECT_VERSION = 1;
				DEVELOPMENT_TEAM = GX7LBJ8752;
				GENERATE_INFOPLIST_FILE = YES;
				IPHONEOS_DEPLOYMENT_TARGET = 16.2;
				LD_RUNPATH_SEARCH_PATHS = (
					"$(inherited)",
					"@executable_path/Frameworks",
					"@loader_path/Frameworks",
				);
				MARKETING_VERSION = 1.0;
				PRODUCT_BUNDLE_IDENTIFIER = "vince.SCSH-3C-iOSTests";
				PRODUCT_NAME = "$(TARGET_NAME)";
				SWIFT_EMIT_LOC_STRINGS = NO;
				SWIFT_VERSION = 5.0;
				TARGETED_DEVICE_FAMILY = "1,2";
				TEST_HOST = "$(BUILT_PRODUCTS_DIR)/SCSH_3C_iOS.app/$(BUNDLE_EXECUTABLE_FOLDER_PATH)/SCSH_3C_iOS";
			};
			name = Release;
		};
/* End XCBuildConfiguration section */

/* Begin XCConfigurationList section */
		61784D852A81F76600E0B96D /* Build configuration list for PBXNativeTarget "Presistence" */ = {
			isa = XCConfigurationList;
			buildConfigurations = (
				61784D862A81F76600E0B96D /* Debug */,
				61784D872A81F76600E0B96D /* Release */,
			);
			defaultConfigurationIsVisible = 0;
			defaultConfigurationName = Release;
		};
		61784D882A81F76600E0B96D /* Build configuration list for PBXNativeTarget "PresistenceTests" */ = {
			isa = XCConfigurationList;
			buildConfigurations = (
				61784D892A81F76600E0B96D /* Debug */,
				61784D8A2A81F76600E0B96D /* Release */,
			);
			defaultConfigurationIsVisible = 0;
			defaultConfigurationName = Release;
		};
		61C54E2C2A13A2B700EF39C3 /* Build configuration list for PBXProject "SCSH_3C_iOS" */ = {
			isa = XCConfigurationList;
			buildConfigurations = (
				61C54E592A13A2B800EF39C3 /* Debug */,
				61C54E5A2A13A2B800EF39C3 /* Release */,
			);
			defaultConfigurationIsVisible = 0;
			defaultConfigurationName = Release;
		};
		61C54E5B2A13A2B800EF39C3 /* Build configuration list for PBXNativeTarget "SCSH_3C_iOS" */ = {
			isa = XCConfigurationList;
			buildConfigurations = (
				61C54E5C2A13A2B800EF39C3 /* Debug */,
				61C54E5D2A13A2B800EF39C3 /* Release */,
			);
			defaultConfigurationIsVisible = 0;
			defaultConfigurationName = Release;
		};
		61C54E5E2A13A2B800EF39C3 /* Build configuration list for PBXNativeTarget "SCSH_3C_iOSTests" */ = {
			isa = XCConfigurationList;
			buildConfigurations = (
				61C54E5F2A13A2B800EF39C3 /* Debug */,
				61C54E602A13A2B800EF39C3 /* Release */,
			);
			defaultConfigurationIsVisible = 0;
			defaultConfigurationName = Release;
		};
/* End XCConfigurationList section */

/* Begin XCRemoteSwiftPackageReference section */
		61A0D9182A1BA4BA00C18629 /* XCRemoteSwiftPackageReference "Moya" */ = {
			isa = XCRemoteSwiftPackageReference;
			repositoryURL = "https://github.com/Moya/Moya";
			requirement = {
				branch = master;
				kind = branch;
			};
		};
/* End XCRemoteSwiftPackageReference section */

/* Begin XCSwiftPackageProductDependency section */
		61A0D9192A1BA4BA00C18629 /* CombineMoya */ = {
			isa = XCSwiftPackageProductDependency;
			package = 61A0D9182A1BA4BA00C18629 /* XCRemoteSwiftPackageReference "Moya" */;
			productName = CombineMoya;
		};
		61A0D91B2A1BA4BA00C18629 /* Moya */ = {
			isa = XCSwiftPackageProductDependency;
			package = 61A0D9182A1BA4BA00C18629 /* XCRemoteSwiftPackageReference "Moya" */;
			productName = Moya;
		};
/* End XCSwiftPackageProductDependency section */

/* Begin XCVersionGroup section */
		61C54E3F2A13A2B700EF39C3 /* CoreData.xcdatamodeld */ = {
			isa = XCVersionGroup;
			children = (
				61C54E402A13A2B700EF39C3 /* SCSH_3C_iOS.xcdatamodel */,
			);
			currentVersion = 61C54E402A13A2B700EF39C3 /* SCSH_3C_iOS.xcdatamodel */;
			path = CoreData.xcdatamodeld;
			sourceTree = "<group>";
			versionGroupType = wrapper.xcdatamodel;
		};
/* End XCVersionGroup section */
	};
	rootObject = 61C54E292A13A2B700EF39C3 /* Project object */;
}
